// !$*UTF8*$!
{
	archiveVersion = 1;
	classes = {
	};
	objectVersion = 46;
	objects = {

/* Begin PBXBuildFile section */
		6C0A91501A0CDF5A006F2F87 /* TrivitCollectionViewCell.m in Sources */ = {isa = PBXBuildFile; fileRef = 6C0A914F1A0CDF5A006F2F87 /* TrivitCollectionViewCell.m */; };
		6C1C91B519FEF2DF00447874 /* TutChildViewController.m in Sources */ = {isa = PBXBuildFile; fileRef = 6C1C91B419FEF2DF00447874 /* TutChildViewController.m */; };
		6C1C91B819FEF2FF00447874 /* TutMasterViewController.m in Sources */ = {isa = PBXBuildFile; fileRef = 6C1C91B719FEF2FF00447874 /* TutMasterViewController.m */; };
		6C69C09F195B6F4E002A3F53 /* main.m in Sources */ = {isa = PBXBuildFile; fileRef = 6C69C09E195B6F4E002A3F53 /* main.m */; };
		6C69C0A2195B6F4E002A3F53 /* AppDelegate.m in Sources */ = {isa = PBXBuildFile; fileRef = 6C69C0A1195B6F4E002A3F53 /* AppDelegate.m */; };
		6C69C0A8195B6F4E002A3F53 /* Main.storyboard in Resources */ = {isa = PBXBuildFile; fileRef = 6C69C0A6195B6F4E002A3F53 /* Main.storyboard */; };
		6C69C0AA195B6F4E002A3F53 /* Images.xcassets in Resources */ = {isa = PBXBuildFile; fileRef = 6C69C0A9195B6F4E002A3F53 /* Images.xcassets */; };
		6C69C0B6195B6F4E002A3F53 /* trivitTests.m in Sources */ = {isa = PBXBuildFile; fileRef = 6C69C0B5195B6F4E002A3F53 /* trivitTests.m */; };
		6C8FBB501978610400C1D381 /* MainListViewController.m in Sources */ = {isa = PBXBuildFile; fileRef = 6C8FBB4F1978610400C1D381 /* MainListViewController.m */; };
		6C8FBB531978627F00C1D381 /* TrivitTableViewCell.m in Sources */ = {isa = PBXBuildFile; fileRef = 6C8FBB521978627F00C1D381 /* TrivitTableViewCell.m */; };
		6C9025BC1984588300BB11FC /* Settings.m in Sources */ = {isa = PBXBuildFile; fileRef = 6C9025BB1984588300BB11FC /* Settings.m */; };
		6C9025BF198458A500BB11FC /* settingsViewController.m in Sources */ = {isa = PBXBuildFile; fileRef = 6C9025BE198458A500BB11FC /* settingsViewController.m */; };
		6C923EB5198C645D00833188 /* trivits.xcdatamodeld in Sources */ = {isa = PBXBuildFile; fileRef = 6C923EB3198C645D00833188 /* trivits.xcdatamodeld */; };
		6C92EC0C1A07629E00D2A8DC /* Localizable.strings in Resources */ = {isa = PBXBuildFile; fileRef = 6C92EC0E1A07629E00D2A8DC /* Localizable.strings */; };
		6C92EC111A07629F00D2A8DC /* InfoPlist.strings in Resources */ = {isa = PBXBuildFile; fileRef = 6C92EC131A07629F00D2A8DC /* InfoPlist.strings */; };
		6C92EC171A07629F00D2A8DC /* InfoPlist.strings in Resources */ = {isa = PBXBuildFile; fileRef = 6C92EC191A07629F00D2A8DC /* InfoPlist.strings */; };
		6CA4493B1980D8E00049F34D /* Colors.m in Sources */ = {isa = PBXBuildFile; fileRef = 6CA4493A1980D8E00049F34D /* Colors.m */; };
		6CF1A23E195B762D00B83A6F /* Tally.m in Sources */ = {isa = PBXBuildFile; fileRef = 6CF1A23D195B762D00B83A6F /* Tally.m */; };
		EC37AD8A198D10A000C37610 /* PaddingUITextField.m in Sources */ = {isa = PBXBuildFile; fileRef = EC37AD89198D10A000C37610 /* PaddingUITextField.m */; };
/* End PBXBuildFile section */

/* Begin PBXContainerItemProxy section */
		6C69C0B0195B6F4E002A3F53 /* PBXContainerItemProxy */ = {
			isa = PBXContainerItemProxy;
			containerPortal = 6C69C091195B6F4E002A3F53 /* Project object */;
			proxyType = 1;
			remoteGlobalIDString = 6C69C098195B6F4E002A3F53;
			remoteInfo = trivit;
		};
/* End PBXContainerItemProxy section */

/* Begin PBXFileReference section */
		6C0A914E1A0CDF5A006F2F87 /* TrivitCollectionViewCell.h */ = {isa = PBXFileReference; fileEncoding = 4; lastKnownFileType = sourcecode.c.h; path = TrivitCollectionViewCell.h; sourceTree = "<group>"; };
		6C0A914F1A0CDF5A006F2F87 /* TrivitCollectionViewCell.m */ = {isa = PBXFileReference; fileEncoding = 4; lastKnownFileType = sourcecode.c.objc; path = TrivitCollectionViewCell.m; sourceTree = "<group>"; };
		6C0A91511A0CE92E006F2F87 /* zh-CN */ = {isa = PBXFileReference; lastKnownFileType = text.plist.strings; name = "zh-CN"; path = "zh-CN.lproj/Localizable.strings"; sourceTree = "<group>"; };
		6C0A91521A0CE92F006F2F87 /* zh-CN */ = {isa = PBXFileReference; lastKnownFileType = text.plist.strings; name = "zh-CN"; path = "zh-CN.lproj/InfoPlist.strings"; sourceTree = "<group>"; };
		6C0A91531A0CE92F006F2F87 /* zh-CN */ = {isa = PBXFileReference; lastKnownFileType = text.plist.strings; name = "zh-CN"; path = "zh-CN.lproj/Main.strings"; sourceTree = "<group>"; };
		6C0A91541A0CE92F006F2F87 /* zh-CN */ = {isa = PBXFileReference; lastKnownFileType = text.plist.strings; name = "zh-CN"; path = "zh-CN.lproj/InfoPlist.strings"; sourceTree = "<group>"; };
		6C1C91B319FEF2DF00447874 /* TutChildViewController.h */ = {isa = PBXFileReference; fileEncoding = 4; lastKnownFileType = sourcecode.c.h; path = TutChildViewController.h; sourceTree = "<group>"; };
		6C1C91B419FEF2DF00447874 /* TutChildViewController.m */ = {isa = PBXFileReference; fileEncoding = 4; lastKnownFileType = sourcecode.c.objc; path = TutChildViewController.m; sourceTree = "<group>"; };
		6C1C91B619FEF2FF00447874 /* TutMasterViewController.h */ = {isa = PBXFileReference; fileEncoding = 4; lastKnownFileType = sourcecode.c.h; path = TutMasterViewController.h; sourceTree = "<group>"; };
		6C1C91B719FEF2FF00447874 /* TutMasterViewController.m */ = {isa = PBXFileReference; fileEncoding = 4; lastKnownFileType = sourcecode.c.objc; path = TutMasterViewController.m; sourceTree = "<group>"; };
		6C69C099195B6F4E002A3F53 /* trivit.app */ = {isa = PBXFileReference; explicitFileType = wrapper.application; includeInIndex = 0; path = trivit.app; sourceTree = BUILT_PRODUCTS_DIR; };
		6C69C09D195B6F4E002A3F53 /* Info.plist */ = {isa = PBXFileReference; lastKnownFileType = text.plist.xml; path = Info.plist; sourceTree = "<group>"; };
		6C69C09E195B6F4E002A3F53 /* main.m */ = {isa = PBXFileReference; lastKnownFileType = sourcecode.c.objc; path = main.m; sourceTree = "<group>"; };
		6C69C0A0195B6F4E002A3F53 /* AppDelegate.h */ = {isa = PBXFileReference; lastKnownFileType = sourcecode.c.h; path = AppDelegate.h; sourceTree = "<group>"; };
		6C69C0A1195B6F4E002A3F53 /* AppDelegate.m */ = {isa = PBXFileReference; lastKnownFileType = sourcecode.c.objc; path = AppDelegate.m; sourceTree = "<group>"; };
		6C69C0A7195B6F4E002A3F53 /* Base */ = {isa = PBXFileReference; lastKnownFileType = file.storyboard; name = Base; path = Base.lproj/Main.storyboard; sourceTree = "<group>"; };
		6C69C0A9195B6F4E002A3F53 /* Images.xcassets */ = {isa = PBXFileReference; lastKnownFileType = folder.assetcatalog; path = Images.xcassets; sourceTree = "<group>"; };
		6C69C0AF195B6F4E002A3F53 /* trivitTests.xctest */ = {isa = PBXFileReference; explicitFileType = wrapper.cfbundle; includeInIndex = 0; path = trivitTests.xctest; sourceTree = BUILT_PRODUCTS_DIR; };
		6C69C0B4195B6F4E002A3F53 /* Info.plist */ = {isa = PBXFileReference; lastKnownFileType = text.plist.xml; path = Info.plist; sourceTree = "<group>"; };
		6C69C0B5195B6F4E002A3F53 /* trivitTests.m */ = {isa = PBXFileReference; lastKnownFileType = sourcecode.c.objc; path = trivitTests.m; sourceTree = "<group>"; };
		6C89B0D21A0ABD7E00CCE22C /* ru */ = {isa = PBXFileReference; lastKnownFileType = text.plist.strings; name = ru; path = ru.lproj/Localizable.strings; sourceTree = "<group>"; };
		6C89B0D31A0ABD7F00CCE22C /* ru */ = {isa = PBXFileReference; lastKnownFileType = text.plist.strings; name = ru; path = ru.lproj/InfoPlist.strings; sourceTree = "<group>"; };
		6C89B0D41A0ABD7F00CCE22C /* ru */ = {isa = PBXFileReference; lastKnownFileType = text.plist.strings; name = ru; path = ru.lproj/Main.strings; sourceTree = "<group>"; };
		6C89B0D51A0ABD7F00CCE22C /* ru */ = {isa = PBXFileReference; lastKnownFileType = text.plist.strings; name = ru; path = ru.lproj/InfoPlist.strings; sourceTree = "<group>"; };
		6C8FBB4E1978610400C1D381 /* MainListViewController.h */ = {isa = PBXFileReference; fileEncoding = 4; lastKnownFileType = sourcecode.c.h; path = MainListViewController.h; sourceTree = "<group>"; };
		6C8FBB4F1978610400C1D381 /* MainListViewController.m */ = {isa = PBXFileReference; fileEncoding = 4; lastKnownFileType = sourcecode.c.objc; path = MainListViewController.m; sourceTree = "<group>"; };
		6C8FBB511978627F00C1D381 /* TrivitTableViewCell.h */ = {isa = PBXFileReference; fileEncoding = 4; lastKnownFileType = sourcecode.c.h; path = TrivitTableViewCell.h; sourceTree = "<group>"; };
		6C8FBB521978627F00C1D381 /* TrivitTableViewCell.m */ = {isa = PBXFileReference; fileEncoding = 4; lastKnownFileType = sourcecode.c.objc; path = TrivitTableViewCell.m; sourceTree = "<group>"; };
		6C9025BA1984588300BB11FC /* Settings.h */ = {isa = PBXFileReference; fileEncoding = 4; lastKnownFileType = sourcecode.c.h; path = Settings.h; sourceTree = "<group>"; };
		6C9025BB1984588300BB11FC /* Settings.m */ = {isa = PBXFileReference; fileEncoding = 4; lastKnownFileType = sourcecode.c.objc; path = Settings.m; sourceTree = "<group>"; };
		6C9025BD198458A500BB11FC /* settingsViewController.h */ = {isa = PBXFileReference; fileEncoding = 4; lastKnownFileType = sourcecode.c.h; path = settingsViewController.h; sourceTree = "<group>"; };
		6C9025BE198458A500BB11FC /* settingsViewController.m */ = {isa = PBXFileReference; fileEncoding = 4; lastKnownFileType = sourcecode.c.objc; path = settingsViewController.m; sourceTree = "<group>"; };
		6C923EB4198C645D00833188 /* trivits.xcdatamodel */ = {isa = PBXFileReference; lastKnownFileType = wrapper.xcdatamodel; path = trivits.xcdatamodel; sourceTree = "<group>"; };
		6C92EC0D1A07629E00D2A8DC /* fr */ = {isa = PBXFileReference; fileEncoding = 10; lastKnownFileType = text.plist.strings; name = fr; path = fr.lproj/Localizable.strings; sourceTree = "<group>"; };
		6C92EC121A07629F00D2A8DC /* fr */ = {isa = PBXFileReference; lastKnownFileType = text.plist.strings; name = fr; path = fr.lproj/InfoPlist.strings; sourceTree = "<group>"; };
		6C92EC141A07629F00D2A8DC /* fr */ = {isa = PBXFileReference; fileEncoding = 10; lastKnownFileType = text.plist.strings; name = fr; path = fr.lproj/Main.strings; sourceTree = "<group>"; };
		6C92EC181A07629F00D2A8DC /* fr */ = {isa = PBXFileReference; lastKnownFileType = text.plist.strings; name = fr; path = fr.lproj/InfoPlist.strings; sourceTree = "<group>"; };
		6C92EC201A09A50500D2A8DC /* nl */ = {isa = PBXFileReference; lastKnownFileType = text.plist.strings; name = nl; path = nl.lproj/Localizable.strings; sourceTree = "<group>"; };
		6C92EC211A09A50500D2A8DC /* nl */ = {isa = PBXFileReference; lastKnownFileType = text.plist.strings; name = nl; path = nl.lproj/InfoPlist.strings; sourceTree = "<group>"; };
		6C92EC221A09A50500D2A8DC /* nl */ = {isa = PBXFileReference; lastKnownFileType = text.plist.strings; name = nl; path = nl.lproj/Main.strings; sourceTree = "<group>"; };
		6C92EC231A09A50600D2A8DC /* nl */ = {isa = PBXFileReference; lastKnownFileType = text.plist.strings; name = nl; path = nl.lproj/InfoPlist.strings; sourceTree = "<group>"; };
		6CA449391980D8E00049F34D /* Colors.h */ = {isa = PBXFileReference; fileEncoding = 4; lastKnownFileType = sourcecode.c.h; path = Colors.h; sourceTree = "<group>"; };
		6CA4493A1980D8E00049F34D /* Colors.m */ = {isa = PBXFileReference; fileEncoding = 4; lastKnownFileType = sourcecode.c.objc; path = Colors.m; sourceTree = "<group>"; };
		6CF1A23C195B762D00B83A6F /* Tally.h */ = {isa = PBXFileReference; fileEncoding = 4; lastKnownFileType = sourcecode.c.h; path = Tally.h; sourceTree = "<group>"; };
		6CF1A23D195B762D00B83A6F /* Tally.m */ = {isa = PBXFileReference; fileEncoding = 4; lastKnownFileType = sourcecode.c.objc; path = Tally.m; sourceTree = "<group>"; };
		EC37AD88198D10A000C37610 /* PaddingUITextField.h */ = {isa = PBXFileReference; fileEncoding = 4; lastKnownFileType = sourcecode.c.h; path = PaddingUITextField.h; sourceTree = "<group>"; };
		EC37AD89198D10A000C37610 /* PaddingUITextField.m */ = {isa = PBXFileReference; fileEncoding = 4; lastKnownFileType = sourcecode.c.objc; path = PaddingUITextField.m; sourceTree = "<group>"; };
/* End PBXFileReference section */

/* Begin PBXFrameworksBuildPhase section */
		6C69C096195B6F4E002A3F53 /* Frameworks */ = {
			isa = PBXFrameworksBuildPhase;
			buildActionMask = 2147483647;
			files = (
			);
			runOnlyForDeploymentPostprocessing = 0;
		};
		6C69C0AC195B6F4E002A3F53 /* Frameworks */ = {
			isa = PBXFrameworksBuildPhase;
			buildActionMask = 2147483647;
			files = (
			);
			runOnlyForDeploymentPostprocessing = 0;
		};
/* End PBXFrameworksBuildPhase section */

/* Begin PBXGroup section */
		6C1C91B219FEF2A700447874 /* tutorial */ = {
			isa = PBXGroup;
			children = (
				6C1C91B319FEF2DF00447874 /* TutChildViewController.h */,
				6C1C91B419FEF2DF00447874 /* TutChildViewController.m */,
				6C1C91B619FEF2FF00447874 /* TutMasterViewController.h */,
				6C1C91B719FEF2FF00447874 /* TutMasterViewController.m */,
			);
			name = tutorial;
			sourceTree = "<group>";
		};
		6C69C090195B6F4E002A3F53 = {
			isa = PBXGroup;
			children = (
				6C69C09B195B6F4E002A3F53 /* trivit */,
				6C69C0B2195B6F4E002A3F53 /* trivitTests */,
				6C69C09A195B6F4E002A3F53 /* Products */,
			);
			sourceTree = "<group>";
		};
		6C69C09A195B6F4E002A3F53 /* Products */ = {
			isa = PBXGroup;
			children = (
				6C69C099195B6F4E002A3F53 /* trivit.app */,
				6C69C0AF195B6F4E002A3F53 /* trivitTests.xctest */,
			);
			name = Products;
			sourceTree = "<group>";
		};
		6C69C09B195B6F4E002A3F53 /* trivit */ = {
			isa = PBXGroup;
			children = (
				6CF1A23F195B765600B83A6F /* Model */,
				6C1C91B219FEF2A700447874 /* tutorial */,
				6C92EC051A06D3A800D2A8DC /* Overloaded views */,
				6C8E3C231A01AE5E0001616E /* Cells: TableView/CollectionView */,
				6C92EC061A06D3E100D2A8DC /* Main */,
				6C8E3C211A01AE0B0001616E /* Settings view */,
				6C69C0A9195B6F4E002A3F53 /* Images.xcassets */,
				6C8E3C221A01AE2C0001616E /* AppDelegate */,
				6C69C09C195B6F4E002A3F53 /* Supporting Files */,
			);
			path = trivit;
			sourceTree = "<group>";
		};
		6C69C09C195B6F4E002A3F53 /* Supporting Files */ = {
			isa = PBXGroup;
			children = (
				6C92EC131A07629F00D2A8DC /* InfoPlist.strings */,
				6C92EC0E1A07629E00D2A8DC /* Localizable.strings */,
				6C69C09D195B6F4E002A3F53 /* Info.plist */,
				6C69C09E195B6F4E002A3F53 /* main.m */,
			);
			name = "Supporting Files";
			sourceTree = "<group>";
		};
		6C69C0B2195B6F4E002A3F53 /* trivitTests */ = {
			isa = PBXGroup;
			children = (
				6C69C0B5195B6F4E002A3F53 /* trivitTests.m */,
				6C69C0B3195B6F4E002A3F53 /* Supporting Files */,
			);
			path = trivitTests;
			sourceTree = "<group>";
		};
		6C69C0B3195B6F4E002A3F53 /* Supporting Files */ = {
			isa = PBXGroup;
			children = (
				6C92EC191A07629F00D2A8DC /* InfoPlist.strings */,
				6C69C0B4195B6F4E002A3F53 /* Info.plist */,
			);
			name = "Supporting Files";
			sourceTree = "<group>";
		};
		6C8E3C211A01AE0B0001616E /* Settings view */ = {
			isa = PBXGroup;
			children = (
				6C9025BD198458A500BB11FC /* settingsViewController.h */,
				6C9025BE198458A500BB11FC /* settingsViewController.m */,
			);
			name = "Settings view";
			sourceTree = "<group>";
		};
		6C8E3C221A01AE2C0001616E /* AppDelegate */ = {
			isa = PBXGroup;
			children = (
				6C69C0A0195B6F4E002A3F53 /* AppDelegate.h */,
				6C69C0A1195B6F4E002A3F53 /* AppDelegate.m */,
			);
			name = AppDelegate;
			sourceTree = "<group>";
		};
		6C8E3C231A01AE5E0001616E /* Cells: TableView/CollectionView */ = {
			isa = PBXGroup;
			children = (
				6C8FBB511978627F00C1D381 /* TrivitTableViewCell.h */,
				6C8FBB521978627F00C1D381 /* TrivitTableViewCell.m */,
				6C0A914E1A0CDF5A006F2F87 /* TrivitCollectionViewCell.h */,
				6C0A914F1A0CDF5A006F2F87 /* TrivitCollectionViewCell.m */,
			);
			name = "Cells: TableView/CollectionView";
			sourceTree = "<group>";
		};
		6C92EC051A06D3A800D2A8DC /* Overloaded views */ = {
			isa = PBXGroup;
			children = (
				EC37AD88198D10A000C37610 /* PaddingUITextField.h */,
				EC37AD89198D10A000C37610 /* PaddingUITextField.m */,
			);
			name = "Overloaded views";
			sourceTree = "<group>";
		};
		6C92EC061A06D3E100D2A8DC /* Main */ = {
			isa = PBXGroup;
			children = (
				6C69C0A6195B6F4E002A3F53 /* Main.storyboard */,
				6C8FBB4E1978610400C1D381 /* MainListViewController.h */,
				6C8FBB4F1978610400C1D381 /* MainListViewController.m */,
			);
			name = Main;
			sourceTree = "<group>";
		};
		6CF1A23F195B765600B83A6F /* Model */ = {
			isa = PBXGroup;
			children = (
				6CF1A23C195B762D00B83A6F /* Tally.h */,
				6CF1A23D195B762D00B83A6F /* Tally.m */,
				6CA449391980D8E00049F34D /* Colors.h */,
				6CA4493A1980D8E00049F34D /* Colors.m */,
				6C9025BA1984588300BB11FC /* Settings.h */,
				6C9025BB1984588300BB11FC /* Settings.m */,
				6C923EB3198C645D00833188 /* trivits.xcdatamodeld */,
			);
			name = Model;
			sourceTree = "<group>";
		};
/* End PBXGroup section */

/* Begin PBXNativeTarget section */
		6C69C098195B6F4E002A3F53 /* trivit */ = {
			isa = PBXNativeTarget;
			buildConfigurationList = 6C69C0B9195B6F4E002A3F53 /* Build configuration list for PBXNativeTarget "trivit" */;
			buildPhases = (
				6C69C095195B6F4E002A3F53 /* Sources */,
				6C69C096195B6F4E002A3F53 /* Frameworks */,
				6C69C097195B6F4E002A3F53 /* Resources */,
			);
			buildRules = (
			);
			dependencies = (
			);
			name = trivit;
			productName = trivit;
			productReference = 6C69C099195B6F4E002A3F53 /* trivit.app */;
			productType = "com.apple.product-type.application";
		};
		6C69C0AE195B6F4E002A3F53 /* trivitTests */ = {
			isa = PBXNativeTarget;
			buildConfigurationList = 6C69C0BC195B6F4E002A3F53 /* Build configuration list for PBXNativeTarget "trivitTests" */;
			buildPhases = (
				6C69C0AB195B6F4E002A3F53 /* Sources */,
				6C69C0AC195B6F4E002A3F53 /* Frameworks */,
				6C69C0AD195B6F4E002A3F53 /* Resources */,
			);
			buildRules = (
			);
			dependencies = (
				6C69C0B1195B6F4E002A3F53 /* PBXTargetDependency */,
			);
			name = trivitTests;
			productName = trivitTests;
			productReference = 6C69C0AF195B6F4E002A3F53 /* trivitTests.xctest */;
			productType = "com.apple.product-type.bundle.unit-test";
		};
/* End PBXNativeTarget section */

/* Begin PBXProject section */
		6C69C091195B6F4E002A3F53 /* Project object */ = {
			isa = PBXProject;
			attributes = {
				LastUpgradeCheck = 0600;
				ORGANIZATIONNAME = "Balloon Inc.";
				TargetAttributes = {
					6C69C098195B6F4E002A3F53 = {
						CreatedOnToolsVersion = 6.0;
					};
					6C69C0AE195B6F4E002A3F53 = {
						CreatedOnToolsVersion = 6.0;
						TestTargetID = 6C69C098195B6F4E002A3F53;
					};
				};
			};
			buildConfigurationList = 6C69C094195B6F4E002A3F53 /* Build configuration list for PBXProject "trivit" */;
			compatibilityVersion = "Xcode 3.2";
			developmentRegion = English;
			hasScannedForEncodings = 0;
			knownRegions = (
				en,
				Base,
			);
			mainGroup = 6C69C090195B6F4E002A3F53;
			productRefGroup = 6C69C09A195B6F4E002A3F53 /* Products */;
			projectDirPath = "";
			projectRoot = "";
			targets = (
				6C69C098195B6F4E002A3F53 /* trivit */,
				6C69C0AE195B6F4E002A3F53 /* trivitTests */,
			);
		};
/* End PBXProject section */

/* Begin PBXResourcesBuildPhase section */
		6C69C097195B6F4E002A3F53 /* Resources */ = {
			isa = PBXResourcesBuildPhase;
			buildActionMask = 2147483647;
			files = (
				6C69C0A8195B6F4E002A3F53 /* Main.storyboard in Resources */,
				6C92EC111A07629F00D2A8DC /* InfoPlist.strings in Resources */,
				6C92EC0C1A07629E00D2A8DC /* Localizable.strings in Resources */,
				6C69C0AA195B6F4E002A3F53 /* Images.xcassets in Resources */,
			);
			runOnlyForDeploymentPostprocessing = 0;
		};
		6C69C0AD195B6F4E002A3F53 /* Resources */ = {
			isa = PBXResourcesBuildPhase;
			buildActionMask = 2147483647;
			files = (
				6C92EC171A07629F00D2A8DC /* InfoPlist.strings in Resources */,
			);
			runOnlyForDeploymentPostprocessing = 0;
		};
/* End PBXResourcesBuildPhase section */

/* Begin PBXSourcesBuildPhase section */
		6C69C095195B6F4E002A3F53 /* Sources */ = {
			isa = PBXSourcesBuildPhase;
			buildActionMask = 2147483647;
			files = (
				6C0A91501A0CDF5A006F2F87 /* TrivitCollectionViewCell.m in Sources */,
				6C1C91B519FEF2DF00447874 /* TutChildViewController.m in Sources */,
				6CF1A23E195B762D00B83A6F /* Tally.m in Sources */,
				6C923EB5198C645D00833188 /* trivits.xcdatamodeld in Sources */,
				6C8FBB501978610400C1D381 /* MainListViewController.m in Sources */,
				6CA4493B1980D8E00049F34D /* Colors.m in Sources */,
				6C9025BF198458A500BB11FC /* settingsViewController.m in Sources */,
				6C69C0A2195B6F4E002A3F53 /* AppDelegate.m in Sources */,
				EC37AD8A198D10A000C37610 /* PaddingUITextField.m in Sources */,
				6C8FBB531978627F00C1D381 /* TrivitTableViewCell.m in Sources */,
				6C1C91B819FEF2FF00447874 /* TutMasterViewController.m in Sources */,
				6C69C09F195B6F4E002A3F53 /* main.m in Sources */,
				6C9025BC1984588300BB11FC /* Settings.m in Sources */,
			);
			runOnlyForDeploymentPostprocessing = 0;
		};
		6C69C0AB195B6F4E002A3F53 /* Sources */ = {
			isa = PBXSourcesBuildPhase;
			buildActionMask = 2147483647;
			files = (
				6C69C0B6195B6F4E002A3F53 /* trivitTests.m in Sources */,
			);
			runOnlyForDeploymentPostprocessing = 0;
		};
/* End PBXSourcesBuildPhase section */

/* Begin PBXTargetDependency section */
		6C69C0B1195B6F4E002A3F53 /* PBXTargetDependency */ = {
			isa = PBXTargetDependency;
			target = 6C69C098195B6F4E002A3F53 /* trivit */;
			targetProxy = 6C69C0B0195B6F4E002A3F53 /* PBXContainerItemProxy */;
		};
/* End PBXTargetDependency section */

/* Begin PBXVariantGroup section */
		6C69C0A6195B6F4E002A3F53 /* Main.storyboard */ = {
			isa = PBXVariantGroup;
			children = (
				6C69C0A7195B6F4E002A3F53 /* Base */,
				6C92EC141A07629F00D2A8DC /* fr */,
				6C92EC221A09A50500D2A8DC /* nl */,
				6C89B0D41A0ABD7F00CCE22C /* ru */,
				6C0A91531A0CE92F006F2F87 /* zh-CN */,
			);
			name = Main.storyboard;
			sourceTree = "<group>";
		};
		6C92EC0E1A07629E00D2A8DC /* Localizable.strings */ = {
			isa = PBXVariantGroup;
			children = (
				6C92EC0D1A07629E00D2A8DC /* fr */,
				6C92EC201A09A50500D2A8DC /* nl */,
				6C89B0D21A0ABD7E00CCE22C /* ru */,
				6C0A91511A0CE92E006F2F87 /* zh-CN */,
			);
			name = Localizable.strings;
			sourceTree = "<group>";
		};
		6C92EC131A07629F00D2A8DC /* InfoPlist.strings */ = {
			isa = PBXVariantGroup;
			children = (
				6C92EC121A07629F00D2A8DC /* fr */,
				6C92EC211A09A50500D2A8DC /* nl */,
				6C89B0D31A0ABD7F00CCE22C /* ru */,
				6C0A91521A0CE92F006F2F87 /* zh-CN */,
			);
			name = InfoPlist.strings;
			sourceTree = "<group>";
		};
		6C92EC191A07629F00D2A8DC /* InfoPlist.strings */ = {
			isa = PBXVariantGroup;
			children = (
				6C92EC181A07629F00D2A8DC /* fr */,
				6C92EC231A09A50600D2A8DC /* nl */,
				6C89B0D51A0ABD7F00CCE22C /* ru */,
				6C0A91541A0CE92F006F2F87 /* zh-CN */,
			);
			name = InfoPlist.strings;
			sourceTree = "<group>";
		};
/* End PBXVariantGroup section */

/* Begin XCBuildConfiguration section */
		6C69C0B7195B6F4E002A3F53 /* Debug */ = {
			isa = XCBuildConfiguration;
			buildSettings = {
				ALWAYS_SEARCH_USER_PATHS = NO;
				CLANG_CXX_LANGUAGE_STANDARD = "gnu++0x";
				CLANG_CXX_LIBRARY = "libc++";
				CLANG_ENABLE_MODULES = YES;
				CLANG_ENABLE_OBJC_ARC = YES;
				CLANG_WARN_BOOL_CONVERSION = YES;
				CLANG_WARN_CONSTANT_CONVERSION = YES;
				CLANG_WARN_DIRECT_OBJC_ISA_USAGE = YES_ERROR;
				CLANG_WARN_EMPTY_BODY = YES;
				CLANG_WARN_ENUM_CONVERSION = YES;
				CLANG_WARN_INT_CONVERSION = YES;
				CLANG_WARN_OBJC_ROOT_CLASS = YES_ERROR;
				CLANG_WARN_UNREACHABLE_CODE = YES;
				CLANG_WARN__DUPLICATE_METHOD_MATCH = YES;
				"CODE_SIGN_IDENTITY[sdk=iphoneos*]" = "iPhone Developer";
				COPY_PHASE_STRIP = NO;
				ENABLE_STRICT_OBJC_MSGSEND = YES;
				GCC_C_LANGUAGE_STANDARD = gnu99;
				GCC_DYNAMIC_NO_PIC = NO;
				GCC_OPTIMIZATION_LEVEL = 0;
				GCC_PREPROCESSOR_DEFINITIONS = (
					"DEBUG=1",
					"$(inherited)",
				);
				GCC_SYMBOLS_PRIVATE_EXTERN = NO;
				GCC_WARN_64_TO_32_BIT_CONVERSION = YES;
				GCC_WARN_ABOUT_RETURN_TYPE = YES_ERROR;
				GCC_WARN_UNDECLARED_SELECTOR = YES;
				GCC_WARN_UNINITIALIZED_AUTOS = YES_AGGRESSIVE;
				GCC_WARN_UNUSED_FUNCTION = YES;
				GCC_WARN_UNUSED_VARIABLE = YES;
				IPHONEOS_DEPLOYMENT_TARGET = 8.0;
				METAL_ENABLE_DEBUG_INFO = YES;
				ONLY_ACTIVE_ARCH = YES;
				SDKROOT = iphoneos;
			};
			name = Debug;
		};
		6C69C0B8195B6F4E002A3F53 /* Release */ = {
			isa = XCBuildConfiguration;
			buildSettings = {
				ALWAYS_SEARCH_USER_PATHS = NO;
				CLANG_CXX_LANGUAGE_STANDARD = "gnu++0x";
				CLANG_CXX_LIBRARY = "libc++";
				CLANG_ENABLE_MODULES = YES;
				CLANG_ENABLE_OBJC_ARC = YES;
				CLANG_WARN_BOOL_CONVERSION = YES;
				CLANG_WARN_CONSTANT_CONVERSION = YES;
				CLANG_WARN_DIRECT_OBJC_ISA_USAGE = YES_ERROR;
				CLANG_WARN_EMPTY_BODY = YES;
				CLANG_WARN_ENUM_CONVERSION = YES;
				CLANG_WARN_INT_CONVERSION = YES;
				CLANG_WARN_OBJC_ROOT_CLASS = YES_ERROR;
				CLANG_WARN_UNREACHABLE_CODE = YES;
				CLANG_WARN__DUPLICATE_METHOD_MATCH = YES;
				"CODE_SIGN_IDENTITY[sdk=iphoneos*]" = "iPhone Developer";
				COPY_PHASE_STRIP = YES;
				ENABLE_NS_ASSERTIONS = NO;
				ENABLE_STRICT_OBJC_MSGSEND = YES;
				GCC_C_LANGUAGE_STANDARD = gnu99;
				GCC_WARN_64_TO_32_BIT_CONVERSION = YES;
				GCC_WARN_ABOUT_RETURN_TYPE = YES_ERROR;
				GCC_WARN_UNDECLARED_SELECTOR = YES;
				GCC_WARN_UNINITIALIZED_AUTOS = YES_AGGRESSIVE;
				GCC_WARN_UNUSED_FUNCTION = YES;
				GCC_WARN_UNUSED_VARIABLE = YES;
				IPHONEOS_DEPLOYMENT_TARGET = 8.0;
				METAL_ENABLE_DEBUG_INFO = NO;
				SDKROOT = iphoneos;
				VALIDATE_PRODUCT = YES;
			};
			name = Release;
		};
		6C69C0BA195B6F4E002A3F53 /* Debug */ = {
			isa = XCBuildConfiguration;
			buildSettings = {
				ASSETCATALOG_COMPILER_APPICON_NAME = AppIcon;
				ASSETCATALOG_COMPILER_LAUNCHIMAGE_NAME = LaunchImage;
				CODE_SIGN_IDENTITY = "iPhone Developer";
				"CODE_SIGN_IDENTITY[sdk=iphoneos*]" = "iPhone Developer";
				INFOPLIST_FILE = trivit/Info.plist;
				IPHONEOS_DEPLOYMENT_TARGET = 8.0;
				LD_RUNPATH_SEARCH_PATHS = "$(inherited) @executable_path/Frameworks";
				PRODUCT_NAME = "$(TARGET_NAME)";
				PROVISIONING_PROFILE = "";
				TARGETED_DEVICE_FAMILY = "1,2";
			};
			name = Debug;
		};
		6C69C0BB195B6F4E002A3F53 /* Release */ = {
			isa = XCBuildConfiguration;
			buildSettings = {
				ASSETCATALOG_COMPILER_APPICON_NAME = AppIcon;
				ASSETCATALOG_COMPILER_LAUNCHIMAGE_NAME = LaunchImage;
				CODE_SIGN_IDENTITY = "iPhone Developer";
				"CODE_SIGN_IDENTITY[sdk=iphoneos*]" = "iPhone Developer";
				INFOPLIST_FILE = trivit/Info.plist;
				IPHONEOS_DEPLOYMENT_TARGET = 8.0;
				LD_RUNPATH_SEARCH_PATHS = "$(inherited) @executable_path/Frameworks";
				PRODUCT_NAME = "$(TARGET_NAME)";
				PROVISIONING_PROFILE = "";
				TARGETED_DEVICE_FAMILY = "1,2";
			};
			name = Release;
		};
		6C69C0BD195B6F4E002A3F53 /* Debug */ = {
			isa = XCBuildConfiguration;
			buildSettings = {
				BUNDLE_LOADER = "$(BUILT_PRODUCTS_DIR)/trivit.app/trivit";
				FRAMEWORK_SEARCH_PATHS = (
					"$(SDKROOT)/Developer/Library/Frameworks",
					"$(inherited)",
				);
				GCC_PREPROCESSOR_DEFINITIONS = (
					"DEBUG=1",
					"$(inherited)",
				);
				INFOPLIST_FILE = trivitTests/Info.plist;
				LD_RUNPATH_SEARCH_PATHS = "$(inherited) @executable_path/Frameworks @loader_path/Frameworks";
				METAL_ENABLE_DEBUG_INFO = YES;
				PRODUCT_NAME = "$(TARGET_NAME)";
				TEST_HOST = "$(BUNDLE_LOADER)";
			};
			name = Debug;
		};
		6C69C0BE195B6F4E002A3F53 /* Release */ = {
			isa = XCBuildConfiguration;
			buildSettings = {
				BUNDLE_LOADER = "$(BUILT_PRODUCTS_DIR)/trivit.app/trivit";
				FRAMEWORK_SEARCH_PATHS = (
					"$(SDKROOT)/Developer/Library/Frameworks",
					"$(inherited)",
				);
				INFOPLIST_FILE = trivitTests/Info.plist;
				LD_RUNPATH_SEARCH_PATHS = "$(inherited) @executable_path/Frameworks @loader_path/Frameworks";
				METAL_ENABLE_DEBUG_INFO = NO;
				PRODUCT_NAME = "$(TARGET_NAME)";
				TEST_HOST = "$(BUNDLE_LOADER)";
			};
			name = Release;
		};
/* End XCBuildConfiguration section */

/* Begin XCConfigurationList section */
		6C69C094195B6F4E002A3F53 /* Build configuration list for PBXProject "trivit" */ = {
			isa = XCConfigurationList;
			buildConfigurations = (
				6C69C0B7195B6F4E002A3F53 /* Debug */,
				6C69C0B8195B6F4E002A3F53 /* Release */,
			);
			defaultConfigurationIsVisible = 0;
			defaultConfigurationName = Release;
		};
		6C69C0B9195B6F4E002A3F53 /* Build configuration list for PBXNativeTarget "trivit" */ = {
			isa = XCConfigurationList;
			buildConfigurations = (
				6C69C0BA195B6F4E002A3F53 /* Debug */,
				6C69C0BB195B6F4E002A3F53 /* Release */,
			);
			defaultConfigurationIsVisible = 0;
			defaultConfigurationName = Release;
		};
		6C69C0BC195B6F4E002A3F53 /* Build configuration list for PBXNativeTarget "trivitTests" */ = {
			isa = XCConfigurationList;
			buildConfigurations = (
				6C69C0BD195B6F4E002A3F53 /* Debug */,
				6C69C0BE195B6F4E002A3F53 /* Release */,
			);
			defaultConfigurationIsVisible = 0;
			defaultConfigurationName = Release;
		};
/* End XCConfigurationList section */

/* Begin XCVersionGroup section */
		6C923EB3198C645D00833188 /* trivits.xcdatamodeld */ = {
			isa = XCVersionGroup;
			children = (
				6C923EB4198C645D00833188 /* trivits.xcdatamodel */,
			);
			currentVersion = 6C923EB4198C645D00833188 /* trivits.xcdatamodel */;
			path = trivits.xcdatamodeld;
			sourceTree = "<group>";
			versionGroupType = wrapper.xcdatamodel;
		};
/* End XCVersionGroup section */
	};
	rootObject = 6C69C091195B6F4E002A3F53 /* Project object */;
}
