// !$*UTF8*$!
{
	archiveVersion = 1;
	classes = {
	};
	objectVersion = 46;
	objects = {

/* Begin PBXBuildFile section */
		2BF55E58102048ADB6F20C2A /* TrivitRepository.swift in Sources */ = {isa = PBXBuildFile; fileRef = 100D3E60F3724B27BF178183 /* TrivitRepository.swift */; };
		2F31C97537394F14B657E399 /* TrivitListView.swift in Sources */ = {isa = PBXBuildFile; fileRef = 02F0F18442924A47886B0E41 /* TrivitListView.swift */; };
		6C09B8EA1BD8212700CA3D7E /* trivit.entitlements in Resources */ = {isa = PBXBuildFile; fileRef = 6C17594E1AA3BA5100A0CE0D /* trivit.entitlements */; };
		WATCH001001 /* TrivitWatchApp.swift in Sources */ = {isa = PBXBuildFile; fileRef = WATCH002001 /* TrivitWatchApp.swift */; };
		WATCH001002 /* ContentView.swift in Sources */ = {isa = PBXBuildFile; fileRef = WATCH002002 /* ContentView.swift */; };
		WATCH001003 /* TrivitRowView.swift in Sources */ = {isa = PBXBuildFile; fileRef = WATCH002003 /* TrivitRowView.swift */; };
		WATCH001004 /* TrivitDetailView.swift in Sources */ = {isa = PBXBuildFile; fileRef = WATCH002004 /* TrivitDetailView.swift */; };
		WATCH001005 /* SyncService.swift in Sources */ = {isa = PBXBuildFile; fileRef = WATCH002005 /* SyncService.swift */; };
		WATCH001006 /* TrivitColors.swift in Sources */ = {isa = PBXBuildFile; fileRef = WATCH002006 /* TrivitColors.swift */; };
		WATCH001009 /* Trivit.swift in Sources */ = {isa = PBXBuildFile; fileRef = WATCH002007 /* Trivit.swift */; };
		WATCH001007 /* Images.xcassets in Resources */ = {isa = PBXBuildFile; fileRef = 6CE4BBEB1A1D609D005E9BCD /* Images.xcassets */; };
		WATCH001008 /* trivit Watch App.app in Embed Watch Content */ = {isa = PBXBuildFile; fileRef = 6CE4BBE21A1D609D005E9BCD /* trivit Watch App.app */; settings = {ATTRIBUTES = (RemoveHeadersOnCopy, ); }; };
		6C0A91591A0D10B4006F2F87 /* CoreTelephony.framework in Frameworks */ = {isa = PBXBuildFile; fileRef = 6C0A91581A0D10B4006F2F87 /* CoreTelephony.framework */; };
		6C0A915D1A0D10CF006F2F87 /* SystemConfiguration.framework in Frameworks */ = {isa = PBXBuildFile; fileRef = 6C0A915C1A0D10CF006F2F87 /* SystemConfiguration.framework */; };
		6C0A915F1A0D10DD006F2F87 /* libc++.dylib in Frameworks */ = {isa = PBXBuildFile; fileRef = 6C0A915E1A0D10DD006F2F87 /* libc++.dylib */; };
		6C0A91611A0D10EA006F2F87 /* libz.dylib in Frameworks */ = {isa = PBXBuildFile; fileRef = 6C0A91601A0D10EA006F2F87 /* libz.dylib */; };
		6C5C4B961A61579300C87401 /* Localizable.strings in Resources */ = {isa = PBXBuildFile; fileRef = 6C5C4B981A61579300C87401 /* Localizable.strings */; };
		6C5C4B9C1A61579400C87401 /* InfoPlist.strings in Resources */ = {isa = PBXBuildFile; fileRef = 6C5C4B9E1A61579400C87401 /* InfoPlist.strings */; };
		6C69C0A8195B6F4E002A3F53 /* Main.storyboard in Resources */ = {isa = PBXBuildFile; fileRef = 6C69C0A6195B6F4E002A3F53 /* Main.storyboard */; };
		6C69C0AA195B6F4E002A3F53 /* Images.xcassets in Resources */ = {isa = PBXBuildFile; fileRef = 6C69C0A9195B6F4E002A3F53 /* Images.xcassets */; };
		6C79EB0A1E1B13B0008350FD /* GoogleService-Info.plist in Resources */ = {isa = PBXBuildFile; fileRef = 6C79EB091E1B13B0008350FD /* GoogleService-Info.plist */; };
		6C79EB0D1E1B13B0008350FD /* GoogleService-Info.plist in Resources */ = {isa = PBXBuildFile; fileRef = 6C79EB091E1B13B0008350FD /* GoogleService-Info.plist */; };
		6CBD73631FB0ECD700E31454 /* Launch Screen.storyboard in Resources */ = {isa = PBXBuildFile; fileRef = 6CBD73621FB0ECD700E31454 /* Launch Screen.storyboard */; };
		84E9DC656D014E6E9D28840C /* TrivitApp.swift in Sources */ = {isa = PBXBuildFile; fileRef = D6734FAFC868495CB79E2C28 /* TrivitApp.swift */; };
		A37CBBE5467442D99DC8ECDF /* EasterEggs.swift in Sources */ = {isa = PBXBuildFile; fileRef = C1257B60204E4CF2966F2FCD /* EasterEggs.swift */; };
		D7517A2AB6FD446184FF17B6 /* Trivit.swift in Sources */ = {isa = PBXBuildFile; fileRef = E80AFB5A5D0E40089867C69A /* Trivit.swift */; };
		DDEB85484EFB49B2A88EDEB5 /* TrivitRowView.swift in Sources */ = {isa = PBXBuildFile; fileRef = 960178E687454B60B630FE7F /* TrivitRowView.swift */; };
		EB362C3CD06A446AAC4FFBDE /* SettingsView.swift in Sources */ = {isa = PBXBuildFile; fileRef = FEEC6BA344F84757A2FE226B /* SettingsView.swift */; };
		EB3D4B137D954426A8474080 /* HapticsService.swift in Sources */ = {isa = PBXBuildFile; fileRef = 6D12F4D9B5384B66BEE67F05 /* HapticsService.swift */; };
		F00D2A9FF0BB41EEAEDE4341 /* TrivitColors.swift in Sources */ = {isa = PBXBuildFile; fileRef = 6653E9E2B68144D9809E8CCC /* TrivitColors.swift */; };
/* End PBXBuildFile section */

/* Begin PBXContainerItemProxy section */
		6C69C0B0195B6F4E002A3F53 /* PBXContainerItemProxy */ = {
			isa = PBXContainerItemProxy;
			containerPortal = 6C69C091195B6F4E002A3F53 /* Project object */;
			proxyType = 1;
			remoteGlobalIDString = 6C69C098195B6F4E002A3F53;
			remoteInfo = trivit;
		};
		WATCH003001 /* PBXContainerItemProxy */ = {
			isa = PBXContainerItemProxy;
			containerPortal = 6C69C091195B6F4E002A3F53 /* Project object */;
			proxyType = 1;
			remoteGlobalIDString = WATCH004001;
			remoteInfo = "trivit Watch App";
		};
/* End PBXContainerItemProxy section */

/* Begin PBXCopyFilesBuildPhase section */
		WATCH005001 /* Embed Watch Content */ = {
			isa = PBXCopyFilesBuildPhase;
			buildActionMask = 2147483647;
			dstPath = "$(CONTENTS_FOLDER_PATH)/Watch";
			dstSubfolderSpec = 16;
			files = (
				WATCH001008 /* trivit Watch App.app in Embed Watch Content */,
			);
			name = "Embed Watch Content";
			runOnlyForDeploymentPostprocessing = 0;
		};
/* End PBXCopyFilesBuildPhase section */

/* Begin PBXFileReference section */
		02F0F18442924A47886B0E41 /* TrivitListView.swift */ = {isa = PBXFileReference; lastKnownFileType = sourcecode.swift; name = TrivitListView.swift; path = Views/TrivitListView.swift; sourceTree = "<group>"; };
		100D3E60F3724B27BF178183 /* TrivitRepository.swift */ = {isa = PBXFileReference; lastKnownFileType = sourcecode.swift; name = TrivitRepository.swift; path = Repositories/TrivitRepository.swift; sourceTree = "<group>"; };
		WATCH002001 /* TrivitWatchApp.swift */ = {isa = PBXFileReference; lastKnownFileType = sourcecode.swift; path = TrivitWatchApp.swift; sourceTree = "<group>"; };
		WATCH002002 /* ContentView.swift */ = {isa = PBXFileReference; lastKnownFileType = sourcecode.swift; path = ContentView.swift; sourceTree = "<group>"; };
		WATCH002003 /* TrivitRowView.swift */ = {isa = PBXFileReference; lastKnownFileType = sourcecode.swift; path = TrivitRowView.swift; sourceTree = "<group>"; };
		WATCH002004 /* TrivitDetailView.swift */ = {isa = PBXFileReference; lastKnownFileType = sourcecode.swift; path = TrivitDetailView.swift; sourceTree = "<group>"; };
		WATCH002005 /* SyncService.swift */ = {isa = PBXFileReference; lastKnownFileType = sourcecode.swift; path = SyncService.swift; sourceTree = "<group>"; };
		WATCH002006 /* TrivitColors.swift */ = {isa = PBXFileReference; lastKnownFileType = sourcecode.swift; path = TrivitColors.swift; sourceTree = "<group>"; };
		WATCH002007 /* Trivit.swift */ = {isa = PBXFileReference; lastKnownFileType = sourcecode.swift; path = Trivit.swift; sourceTree = "<group>"; };
		6653E9E2B68144D9809E8CCC /* TrivitColors.swift */ = {isa = PBXFileReference; lastKnownFileType = sourcecode.swift; name = TrivitColors.swift; path = Theme/TrivitColors.swift; sourceTree = "<group>"; };
		6C02C88D1A616DBE00547584 /* TutContainerViewController.h */ = {isa = PBXFileReference; fileEncoding = 4; lastKnownFileType = sourcecode.c.h; path = TutContainerViewController.h; sourceTree = "<group>"; };
		6C02C88E1A616DBE00547584 /* TutContainerViewController.m */ = {isa = PBXFileReference; fileEncoding = 4; lastKnownFileType = sourcecode.c.objc; path = TutContainerViewController.m; sourceTree = "<group>"; };
		6C0908E51ACCAEE500F01033 /* trivits2.xcdatamodel */ = {isa = PBXFileReference; lastKnownFileType = wrapper.xcdatamodel; path = trivits2.xcdatamodel; sourceTree = "<group>"; };
		6C0A91581A0D10B4006F2F87 /* CoreTelephony.framework */ = {isa = PBXFileReference; lastKnownFileType = wrapper.framework; name = CoreTelephony.framework; path = System/Library/Frameworks/CoreTelephony.framework; sourceTree = SDKROOT; };
		6C0A915A1A0D10BD006F2F87 /* UIKit.framework */ = {isa = PBXFileReference; lastKnownFileType = wrapper.framework; name = UIKit.framework; path = System/Library/Frameworks/UIKit.framework; sourceTree = SDKROOT; };
		6C0A915C1A0D10CF006F2F87 /* SystemConfiguration.framework */ = {isa = PBXFileReference; lastKnownFileType = wrapper.framework; name = SystemConfiguration.framework; path = System/Library/Frameworks/SystemConfiguration.framework; sourceTree = SDKROOT; };
		6C0A915E1A0D10DD006F2F87 /* libc++.dylib */ = {isa = PBXFileReference; lastKnownFileType = "compiled.mach-o.dylib"; name = "libc++.dylib"; path = "usr/lib/libc++.dylib"; sourceTree = SDKROOT; };
		6C0A91601A0D10EA006F2F87 /* libz.dylib */ = {isa = PBXFileReference; lastKnownFileType = "compiled.mach-o.dylib"; name = libz.dylib; path = usr/lib/libz.dylib; sourceTree = SDKROOT; };
		6C0B1A5E1A9D03BD00C49D77 /* fr */ = {isa = PBXFileReference; lastKnownFileType = text.plist.strings; name = fr; path = fr.lproj/Localizable.strings; sourceTree = "<group>"; };
		6C0B1A5F1A9D03BD00C49D77 /* fr */ = {isa = PBXFileReference; lastKnownFileType = text.plist.strings; name = fr; path = fr.lproj/InfoPlist.strings; sourceTree = "<group>"; };
		6C0B1A601A9D03BD00C49D77 /* fr */ = {isa = PBXFileReference; lastKnownFileType = text.plist.strings; name = fr; path = fr.lproj/Main.strings; sourceTree = "<group>"; };
		6C0B1A621A9D03DA00C49D77 /* ja */ = {isa = PBXFileReference; lastKnownFileType = text.plist.strings; name = ja; path = ja.lproj/Localizable.strings; sourceTree = "<group>"; };
		6C0B1A631A9D03DA00C49D77 /* ja */ = {isa = PBXFileReference; lastKnownFileType = text.plist.strings; name = ja; path = ja.lproj/InfoPlist.strings; sourceTree = "<group>"; };
		6C0B1A641A9D03DA00C49D77 /* ja */ = {isa = PBXFileReference; lastKnownFileType = text.plist.strings; name = ja; path = ja.lproj/Main.strings; sourceTree = "<group>"; };
		6C0B1A661A9D03ED00C49D77 /* zh-CN */ = {isa = PBXFileReference; lastKnownFileType = text.plist.strings; name = "zh-CN"; path = "zh-CN.lproj/Localizable.strings"; sourceTree = "<group>"; };
		6C0B1A671A9D03ED00C49D77 /* zh-CN */ = {isa = PBXFileReference; lastKnownFileType = text.plist.strings; name = "zh-CN"; path = "zh-CN.lproj/InfoPlist.strings"; sourceTree = "<group>"; };
		6C0B1A681A9D03EE00C49D77 /* zh-CN */ = {isa = PBXFileReference; lastKnownFileType = text.plist.strings; name = "zh-CN"; path = "zh-CN.lproj/Main.strings"; sourceTree = "<group>"; };
		6C11D3591A5200670024AAAA /* Feedback.h */ = {isa = PBXFileReference; fileEncoding = 4; lastKnownFileType = sourcecode.c.h; path = Feedback.h; sourceTree = "<group>"; };
		6C11D35A1A5200670024AAAA /* Feedback.m */ = {isa = PBXFileReference; fileEncoding = 4; lastKnownFileType = sourcecode.c.objc; path = Feedback.m; sourceTree = "<group>"; };
		6C11D3621A5200FD0024AAAA /* Feedback+Mapping.h */ = {isa = PBXFileReference; fileEncoding = 4; lastKnownFileType = sourcecode.c.h; path = "Feedback+Mapping.h"; sourceTree = "<group>"; };
		6C11D3631A5200FD0024AAAA /* Feedback+Mapping.m */ = {isa = PBXFileReference; fileEncoding = 4; lastKnownFileType = sourcecode.c.objc; path = "Feedback+Mapping.m"; sourceTree = "<group>"; };
		6C11D3651A521F490024AAAA /* SettingsIcons.h */ = {isa = PBXFileReference; fileEncoding = 4; lastKnownFileType = sourcecode.c.h; path = SettingsIcons.h; sourceTree = "<group>"; };
		6C11D3661A521F490024AAAA /* SettingsIcons.m */ = {isa = PBXFileReference; fileEncoding = 4; lastKnownFileType = sourcecode.c.objc; path = SettingsIcons.m; sourceTree = "<group>"; };
		6C17594E1AA3BA5100A0CE0D /* trivit.entitlements */ = {isa = PBXFileReference; lastKnownFileType = text.xml; path = trivit.entitlements; sourceTree = "<group>"; };
		6C17595F1AA3BAA700A0CE0D /* TrivitWatchApp.entitlements */ = {isa = PBXFileReference; lastKnownFileType = text.xml; path = TrivitWatchApp.entitlements; sourceTree = "<group>"; };
		6C1C91B319FEF2DF00447874 /* TutChildViewController.h */ = {isa = PBXFileReference; fileEncoding = 4; lastKnownFileType = sourcecode.c.h; path = TutChildViewController.h; sourceTree = "<group>"; };
		6C1C91B419FEF2DF00447874 /* TutChildViewController.m */ = {isa = PBXFileReference; fileEncoding = 4; lastKnownFileType = sourcecode.c.objc; path = TutChildViewController.m; sourceTree = "<group>"; };
		6C1C91B619FEF2FF00447874 /* TutMasterViewController.h */ = {isa = PBXFileReference; fileEncoding = 4; lastKnownFileType = sourcecode.c.h; path = TutMasterViewController.h; sourceTree = "<group>"; };
		6C1C91B719FEF2FF00447874 /* TutMasterViewController.m */ = {isa = PBXFileReference; fileEncoding = 4; lastKnownFileType = sourcecode.c.objc; path = TutMasterViewController.m; sourceTree = "<group>"; };
		6C36CF491ACAB86700020384 /* Version.h */ = {isa = PBXFileReference; fileEncoding = 4; lastKnownFileType = sourcecode.c.h; path = Version.h; sourceTree = "<group>"; };
		6C36CF4A1ACAB86700020384 /* Version.m */ = {isa = PBXFileReference; fileEncoding = 4; lastKnownFileType = sourcecode.c.objc; path = Version.m; sourceTree = "<group>"; };
		6C41254B1A435FB800C2D4CA /* TallyModel.h */ = {isa = PBXFileReference; fileEncoding = 4; lastKnownFileType = sourcecode.c.h; path = TallyModel.h; sourceTree = "<group>"; };
		6C41254C1A435FB800C2D4CA /* TallyModel.m */ = {isa = PBXFileReference; fileEncoding = 4; lastKnownFileType = sourcecode.c.objc; path = TallyModel.m; sourceTree = "<group>"; };
		6C4171A71A60813300CBC0CD /* ru */ = {isa = PBXFileReference; lastKnownFileType = text.plist.strings; name = ru; path = ru.lproj/InfoPlist.strings; sourceTree = "<group>"; };
		6C5742811A6C140700F2B72D /* cellBackground.h */ = {isa = PBXFileReference; fileEncoding = 4; lastKnownFileType = sourcecode.c.h; name = cellBackground.h; path = ../cellBackground.h; sourceTree = "<group>"; };
		6C5742821A6C140700F2B72D /* cellBackground.m */ = {isa = PBXFileReference; fileEncoding = 4; lastKnownFileType = sourcecode.c.objc; name = cellBackground.m; path = ../cellBackground.m; sourceTree = "<group>"; };
		6C5C4B971A61579300C87401 /* ru */ = {isa = PBXFileReference; lastKnownFileType = text.plist.strings; name = ru; path = ru.lproj/Localizable.strings; sourceTree = "<group>"; };
		6C5C4B991A61579300C87401 /* ru */ = {isa = PBXFileReference; lastKnownFileType = text.plist.strings; name = ru; path = ru.lproj/Main.strings; sourceTree = "<group>"; };
		6C5C4B9D1A61579400C87401 /* ru */ = {isa = PBXFileReference; lastKnownFileType = text.plist.strings; name = ru; path = ru.lproj/InfoPlist.strings; sourceTree = "<group>"; };
		6C5C4B9F1A61579F00C87401 /* nl */ = {isa = PBXFileReference; lastKnownFileType = text.plist.strings; name = nl; path = nl.lproj/Localizable.strings; sourceTree = "<group>"; };
		6C5C4BA01A61579F00C87401 /* nl */ = {isa = PBXFileReference; lastKnownFileType = text.plist.strings; name = nl; path = nl.lproj/Main.strings; sourceTree = "<group>"; };
		6C5C4BA11A61579F00C87401 /* nl */ = {isa = PBXFileReference; lastKnownFileType = text.plist.strings; name = nl; path = nl.lproj/InfoPlist.strings; sourceTree = "<group>"; };
		6C5C4BA51A61605000C87401 /* Base */ = {isa = PBXFileReference; lastKnownFileType = text.plist.strings; name = Base; path = Base.lproj/Localizable.strings; sourceTree = "<group>"; };
		6C5C4BA61A61605700C87401 /* Base */ = {isa = PBXFileReference; lastKnownFileType = text.plist.strings; name = Base; path = Base.lproj/InfoPlist.strings; sourceTree = "<group>"; };
		6C69C099195B6F4E002A3F53 /* trivit.app */ = {isa = PBXFileReference; explicitFileType = wrapper.application; includeInIndex = 0; path = trivit.app; sourceTree = BUILT_PRODUCTS_DIR; };
		6C69C09D195B6F4E002A3F53 /* Info.plist */ = {isa = PBXFileReference; lastKnownFileType = text.plist.xml; path = Info.plist; sourceTree = "<group>"; };
		6C69C09E195B6F4E002A3F53 /* main.m */ = {isa = PBXFileReference; lastKnownFileType = sourcecode.c.objc; path = main.m; sourceTree = "<group>"; };
		6C69C0A0195B6F4E002A3F53 /* AppDelegate.h */ = {isa = PBXFileReference; lastKnownFileType = sourcecode.c.h; path = AppDelegate.h; sourceTree = "<group>"; };
		6C69C0A1195B6F4E002A3F53 /* AppDelegate.m */ = {isa = PBXFileReference; lastKnownFileType = sourcecode.c.objc; path = AppDelegate.m; sourceTree = "<group>"; };
		6C69C0A7195B6F4E002A3F53 /* Base */ = {isa = PBXFileReference; lastKnownFileType = file.storyboard; name = Base; path = Base.lproj/Main.storyboard; sourceTree = "<group>"; };
		6C69C0A9195B6F4E002A3F53 /* Images.xcassets */ = {isa = PBXFileReference; lastKnownFileType = folder.assetcatalog; path = Images.xcassets; sourceTree = "<group>"; };
		6C69C0AF195B6F4E002A3F53 /* trivitTests.xctest */ = {isa = PBXFileReference; explicitFileType = wrapper.cfbundle; includeInIndex = 0; path = trivitTests.xctest; sourceTree = BUILT_PRODUCTS_DIR; };
		6C7697491BC9BBBC00C0CEDC /* es */ = {isa = PBXFileReference; lastKnownFileType = text.plist.strings; name = es; path = es.lproj/Main.strings; sourceTree = "<group>"; };
		6C76974A1BC9BBBC00C0CEDC /* es */ = {isa = PBXFileReference; lastKnownFileType = text.plist.strings; name = es; path = es.lproj/InfoPlist.strings; sourceTree = "<group>"; };
		6C76974B1BC9BBBC00C0CEDC /* es */ = {isa = PBXFileReference; lastKnownFileType = text.plist.strings; name = es; path = es.lproj/Localizable.strings; sourceTree = "<group>"; };
		6C76974F1BC9BBBC00C0CEDC /* es */ = {isa = PBXFileReference; lastKnownFileType = text.plist.strings; name = es; path = es.lproj/InfoPlist.strings; sourceTree = "<group>"; };
		6C7697541BC9BBE500C0CEDC /* ja */ = {isa = PBXFileReference; lastKnownFileType = text.plist.strings; name = ja; path = ja.lproj/InfoPlist.strings; sourceTree = "<group>"; };
		6C79EB091E1B13B0008350FD /* GoogleService-Info.plist */ = {isa = PBXFileReference; fileEncoding = 4; lastKnownFileType = text.plist.xml; path = "GoogleService-Info.plist"; sourceTree = "<group>"; };
		6C7CE6341A4F6889004EE27D /* SettingButtonCell.h */ = {isa = PBXFileReference; fileEncoding = 4; lastKnownFileType = sourcecode.c.h; path = SettingButtonCell.h; sourceTree = "<group>"; };
		6C7CE6351A4F6889004EE27D /* SettingButtonCell.m */ = {isa = PBXFileReference; fileEncoding = 4; lastKnownFileType = sourcecode.c.objc; path = SettingButtonCell.m; sourceTree = "<group>"; };
		6C8263B01A5F29AC002A9941 /* nl */ = {isa = PBXFileReference; lastKnownFileType = text.plist.strings; name = nl; path = nl.lproj/InfoPlist.strings; sourceTree = "<group>"; };
		6C8263BC1A5F29B8002A9941 /* en */ = {isa = PBXFileReference; lastKnownFileType = text.plist.strings; name = en; path = en.lproj/InfoPlist.strings; sourceTree = "<group>"; };
		6C8FBB4E1978610400C1D381 /* MainListViewController.h */ = {isa = PBXFileReference; fileEncoding = 4; lastKnownFileType = sourcecode.c.h; path = MainListViewController.h; sourceTree = "<group>"; };
		6C8FBB4F1978610400C1D381 /* MainListViewController.m */ = {isa = PBXFileReference; fileEncoding = 4; lastKnownFileType = sourcecode.c.objc; path = MainListViewController.m; sourceTree = "<group>"; };
		6C8FBB511978627F00C1D381 /* TrivitTableViewCell.h */ = {isa = PBXFileReference; fileEncoding = 4; lastKnownFileType = sourcecode.c.h; path = TrivitTableViewCell.h; sourceTree = "<group>"; };
		6C8FBB521978627F00C1D381 /* TrivitTableViewCell.m */ = {isa = PBXFileReference; fileEncoding = 4; lastKnownFileType = sourcecode.c.objc; path = TrivitTableViewCell.m; sourceTree = "<group>"; };
		6C9025BA1984588300BB11FC /* Settings.h */ = {isa = PBXFileReference; fileEncoding = 4; lastKnownFileType = sourcecode.c.h; path = Settings.h; sourceTree = "<group>"; };
		6C9025BB1984588300BB11FC /* Settings.m */ = {isa = PBXFileReference; fileEncoding = 4; lastKnownFileType = sourcecode.c.objc; path = Settings.m; sourceTree = "<group>"; };
		6C9025BD198458A500BB11FC /* SettingsViewController.h */ = {isa = PBXFileReference; fileEncoding = 4; lastKnownFileType = sourcecode.c.h; path = SettingsViewController.h; sourceTree = "<group>"; };
		6C9025BE198458A500BB11FC /* SettingsViewController.m */ = {isa = PBXFileReference; fileEncoding = 4; lastKnownFileType = sourcecode.c.objc; path = SettingsViewController.m; sourceTree = "<group>"; };
		6C923EB4198C645D00833188 /* trivits.xcdatamodel */ = {isa = PBXFileReference; lastKnownFileType = wrapper.xcdatamodel; path = trivits.xcdatamodel; sourceTree = "<group>"; };
		6C98EEAE1A4771A500E12E25 /* FeedbackViewController.h */ = {isa = PBXFileReference; fileEncoding = 4; lastKnownFileType = sourcecode.c.h; path = FeedbackViewController.h; sourceTree = "<group>"; };
		6C98EEAF1A4771A500E12E25 /* FeedbackViewController.m */ = {isa = PBXFileReference; fileEncoding = 4; lastKnownFileType = sourcecode.c.objc; path = FeedbackViewController.m; sourceTree = "<group>"; };
		6CA449391980D8E00049F34D /* Colors.h */ = {isa = PBXFileReference; fileEncoding = 4; lastKnownFileType = sourcecode.c.h; path = Colors.h; sourceTree = "<group>"; };
		6CA4493A1980D8E00049F34D /* Colors.m */ = {isa = PBXFileReference; fileEncoding = 4; lastKnownFileType = sourcecode.c.objc; path = Colors.m; sourceTree = "<group>"; };
		6CBD73621FB0ECD700E31454 /* Launch Screen.storyboard */ = {isa = PBXFileReference; lastKnownFileType = file.storyboard; path = "Launch Screen.storyboard"; sourceTree = "<group>"; };
		6CCA7B941A60244000115A74 /* fr */ = {isa = PBXFileReference; lastKnownFileType = text.plist.strings; name = fr; path = fr.lproj/InfoPlist.strings; sourceTree = "<group>"; };
		6CCA7B981A60244C00115A74 /* zh-CN */ = {isa = PBXFileReference; lastKnownFileType = text.plist.strings; name = "zh-CN"; path = "zh-CN.lproj/InfoPlist.strings"; sourceTree = "<group>"; };
		6CE4BBD21A1D609C005E9BCD /* WatchKit.framework */ = {isa = PBXFileReference; lastKnownFileType = wrapper.framework; name = WatchKit.framework; path = System/Library/Frameworks/WatchKit.framework; sourceTree = SDKROOT; };
		6CE4BBE21A1D609D005E9BCD /* trivit Watch App.app */ = {isa = PBXFileReference; explicitFileType = wrapper.application; includeInIndex = 0; path = "trivit Watch App.app"; sourceTree = BUILT_PRODUCTS_DIR; };
		6CE4BBE81A1D609D005E9BCD /* Info.plist */ = {isa = PBXFileReference; lastKnownFileType = text.plist.xml; path = Info.plist; sourceTree = "<group>"; };
		6CE4BBE91A1D609D005E9BCD /* Interface.storyboard */ = {isa = PBXFileReference; lastKnownFileType = file.storyboard; path = Interface.storyboard; sourceTree = "<group>"; };
		6CE4BBEB1A1D609D005E9BCD /* Images.xcassets */ = {isa = PBXFileReference; lastKnownFileType = folder.assetcatalog; path = Images.xcassets; sourceTree = "<group>"; };
		6CF1A23C195B762D00B83A6F /* Tally.h */ = {isa = PBXFileReference; fileEncoding = 4; lastKnownFileType = sourcecode.c.h; path = Tally.h; sourceTree = "<group>"; };
		6CF1A23D195B762D00B83A6F /* Tally.m */ = {isa = PBXFileReference; fileEncoding = 4; lastKnownFileType = sourcecode.c.objc; path = Tally.m; sourceTree = "<group>"; };
		6D12F4D9B5384B66BEE67F05 /* HapticsService.swift */ = {isa = PBXFileReference; lastKnownFileType = sourcecode.swift; name = HapticsService.swift; path = Services/HapticsService.swift; sourceTree = "<group>"; };
		960178E687454B60B630FE7F /* TrivitRowView.swift */ = {isa = PBXFileReference; lastKnownFileType = sourcecode.swift; name = TrivitRowView.swift; path = Views/TrivitRowView.swift; sourceTree = "<group>"; };
		C1257B60204E4CF2966F2FCD /* EasterEggs.swift */ = {isa = PBXFileReference; lastKnownFileType = sourcecode.swift; name = EasterEggs.swift; path = Utilities/EasterEggs.swift; sourceTree = "<group>"; };
		D6734FAFC868495CB79E2C28 /* TrivitApp.swift */ = {isa = PBXFileReference; lastKnownFileType = sourcecode.swift; path = TrivitApp.swift; sourceTree = "<group>"; };
		E80AFB5A5D0E40089867C69A /* Trivit.swift */ = {isa = PBXFileReference; lastKnownFileType = sourcecode.swift; name = Trivit.swift; path = Models/Trivit.swift; sourceTree = "<group>"; };
		EC7940CD1A40A8B8003A40C9 /* FeedbackManager.h */ = {isa = PBXFileReference; fileEncoding = 4; lastKnownFileType = sourcecode.c.h; path = FeedbackManager.h; sourceTree = "<group>"; };
		EC7940CE1A40A8B8003A40C9 /* FeedbackManager.m */ = {isa = PBXFileReference; fileEncoding = 4; lastKnownFileType = sourcecode.c.objc; path = FeedbackManager.m; sourceTree = "<group>"; };
		FEEC6BA344F84757A2FE226B /* SettingsView.swift */ = {isa = PBXFileReference; lastKnownFileType = sourcecode.swift; name = SettingsView.swift; path = Views/SettingsView.swift; sourceTree = "<group>"; };
/* End PBXFileReference section */

/* Begin PBXFrameworksBuildPhase section */
		6C69C096195B6F4E002A3F53 /* Frameworks */ = {
			isa = PBXFrameworksBuildPhase;
			buildActionMask = 2147483647;
			files = (
				6C0A91611A0D10EA006F2F87 /* libz.dylib in Frameworks */,
				6C0A915F1A0D10DD006F2F87 /* libc++.dylib in Frameworks */,
				6C0A915D1A0D10CF006F2F87 /* SystemConfiguration.framework in Frameworks */,
				6C0A91591A0D10B4006F2F87 /* CoreTelephony.framework in Frameworks */,
			);
			runOnlyForDeploymentPostprocessing = 0;
		};
		WATCH006001 /* Frameworks */ = {
			isa = PBXFrameworksBuildPhase;
			buildActionMask = 2147483647;
			files = (
			);
			runOnlyForDeploymentPostprocessing = 0;
		};
		6C69C0AC195B6F4E002A3F53 /* Frameworks */ = {
			isa = PBXFrameworksBuildPhase;
			buildActionMask = 2147483647;
			files = (
			);
			runOnlyForDeploymentPostprocessing = 0;
		};
/* End PBXFrameworksBuildPhase section */

/* Begin PBXGroup section */
		6C11D3681A521F520024AAAA /* bezierImages */ = {
			isa = PBXGroup;
			children = (
				6C11D3651A521F490024AAAA /* SettingsIcons.h */,
				6C11D3661A521F490024AAAA /* SettingsIcons.m */,
			);
			name = bezierImages;
			sourceTree = "<group>";
		};
		6C1C91B219FEF2A700447874 /* tutorial */ = {
			isa = PBXGroup;
			children = (
				6C1C91B319FEF2DF00447874 /* TutChildViewController.h */,
				6C1C91B419FEF2DF00447874 /* TutChildViewController.m */,
				6C1C91B619FEF2FF00447874 /* TutMasterViewController.h */,
				6C1C91B719FEF2FF00447874 /* TutMasterViewController.m */,
				6C02C88D1A616DBE00547584 /* TutContainerViewController.h */,
				6C02C88E1A616DBE00547584 /* TutContainerViewController.m */,
			);
			name = tutorial;
			sourceTree = "<group>";
		};
		6C69C090195B6F4E002A3F53 = {
			isa = PBXGroup;
			children = (
				6C69C09B195B6F4E002A3F53 /* trivit */,
				6CE4BBE61A1D609D005E9BCD /* trivit Watch App */,
				6CE4BBD11A1D609C005E9BCD /* Frameworks */,
				6C69C09A195B6F4E002A3F53 /* Products */,
			);
			sourceTree = "<group>";
		};
		6C69C09A195B6F4E002A3F53 /* Products */ = {
			isa = PBXGroup;
			children = (
				6C69C099195B6F4E002A3F53 /* trivit.app */,
				6C69C0AF195B6F4E002A3F53 /* trivitTests.xctest */,
				6CE4BBE21A1D609D005E9BCD /* trivit Watch App.app */,
			);
			name = Products;
			sourceTree = "<group>";
		};
		6C69C09B195B6F4E002A3F53 /* trivit */ = {
			isa = PBXGroup;
			children = (
				D6734FAFC868495CB79E2C28 /* TrivitApp.swift */,
				E80AFB5A5D0E40089867C69A /* Trivit.swift */,
				6653E9E2B68144D9809E8CCC /* TrivitColors.swift */,
				960178E687454B60B630FE7F /* TrivitRowView.swift */,
				02F0F18442924A47886B0E41 /* TrivitListView.swift */,
				FEEC6BA344F84757A2FE226B /* SettingsView.swift */,
				6D12F4D9B5384B66BEE67F05 /* HapticsService.swift */,
				100D3E60F3724B27BF178183 /* TrivitRepository.swift */,
				C1257B60204E4CF2966F2FCD /* EasterEggs.swift */,
				6C17594E1AA3BA5100A0CE0D /* trivit.entitlements */,
				6CF1A23F195B765600B83A6F /* Model */,
				6C1C91B219FEF2A700447874 /* tutorial */,
				6C8E3C231A01AE5E0001616E /* Cells: TableView */,
				6C92EC061A06D3E100D2A8DC /* Main */,
				6C8E3C211A01AE0B0001616E /* Settings view */,
				6C69C0A9195B6F4E002A3F53 /* Images.xcassets */,
				6CBD73621FB0ECD700E31454 /* Launch Screen.storyboard */,
				6C8E3C221A01AE2C0001616E /* AppDelegate */,
				6C69C09C195B6F4E002A3F53 /* Supporting Files */,
			);
			path = trivit;
			sourceTree = "<group>";
		};
		6C69C09C195B6F4E002A3F53 /* Supporting Files */ = {
			isa = PBXGroup;
			children = (
				6C79EB091E1B13B0008350FD /* GoogleService-Info.plist */,
				6C5C4B9E1A61579400C87401 /* InfoPlist.strings */,
				6C5C4B981A61579300C87401 /* Localizable.strings */,
				6C69C09D195B6F4E002A3F53 /* Info.plist */,
				6C69C09E195B6F4E002A3F53 /* main.m */,
			);
			name = "Supporting Files";
			sourceTree = "<group>";
		};
		6C8E3C211A01AE0B0001616E /* Settings view */ = {
			isa = PBXGroup;
			children = (
				6C11D3681A521F520024AAAA /* bezierImages */,
				6C9025BD198458A500BB11FC /* SettingsViewController.h */,
				6C9025BE198458A500BB11FC /* SettingsViewController.m */,
				6C7CE6341A4F6889004EE27D /* SettingButtonCell.h */,
				6C7CE6351A4F6889004EE27D /* SettingButtonCell.m */,
				6C98EEAE1A4771A500E12E25 /* FeedbackViewController.h */,
				6C98EEAF1A4771A500E12E25 /* FeedbackViewController.m */,
			);
			name = "Settings view";
			sourceTree = "<group>";
		};
		6C8E3C221A01AE2C0001616E /* AppDelegate */ = {
			isa = PBXGroup;
			children = (
				6C69C0A0195B6F4E002A3F53 /* AppDelegate.h */,
				6C69C0A1195B6F4E002A3F53 /* AppDelegate.m */,
			);
			name = AppDelegate;
			sourceTree = "<group>";
		};
		6C8E3C231A01AE5E0001616E /* Cells: TableView */ = {
			isa = PBXGroup;
			children = (
				6C8FBB511978627F00C1D381 /* TrivitTableViewCell.h */,
				6C8FBB521978627F00C1D381 /* TrivitTableViewCell.m */,
				6C5742811A6C140700F2B72D /* cellBackground.h */,
				6C5742821A6C140700F2B72D /* cellBackground.m */,
			);
			name = "Cells: TableView";
			sourceTree = "<group>";
		};
		6C92EC061A06D3E100D2A8DC /* Main */ = {
			isa = PBXGroup;
			children = (
				6C69C0A6195B6F4E002A3F53 /* Main.storyboard */,
				6C8FBB4E1978610400C1D381 /* MainListViewController.h */,
				6C8FBB4F1978610400C1D381 /* MainListViewController.m */,
			);
			name = Main;
			sourceTree = "<group>";
		};
		6CE4BBD11A1D609C005E9BCD /* Frameworks */ = {
			isa = PBXGroup;
			children = (
				6C0A91601A0D10EA006F2F87 /* libz.dylib */,
				6C0A915E1A0D10DD006F2F87 /* libc++.dylib */,
				6C0A915C1A0D10CF006F2F87 /* SystemConfiguration.framework */,
				6C0A915A1A0D10BD006F2F87 /* UIKit.framework */,
				6C0A91581A0D10B4006F2F87 /* CoreTelephony.framework */,
				6CE4BBD21A1D609C005E9BCD /* WatchKit.framework */,
			);
			name = Frameworks;
			sourceTree = "<group>";
		};
		6CE4BBE61A1D609D005E9BCD /* trivit Watch App */ = {
			isa = PBXGroup;
			children = (
				WATCH002001 /* TrivitWatchApp.swift */,
				6C17595F1AA3BAA700A0CE0D /* TrivitWatchApp.entitlements */,
				WATCH007004 /* Models */,
				WATCH007001 /* Views */,
				WATCH007002 /* Services */,
				WATCH007003 /* Theme */,
				6CE4BBEB1A1D609D005E9BCD /* Images.xcassets */,
				6CE4BBE71A1D609D005E9BCD /* Supporting Files */,
			);
			path = "trivit Watch App";
			sourceTree = "<group>";
		};
		WATCH007001 /* Views */ = {
			isa = PBXGroup;
			children = (
				WATCH002002 /* ContentView.swift */,
				WATCH002003 /* TrivitRowView.swift */,
				WATCH002004 /* TrivitDetailView.swift */,
			);
			path = Views;
			sourceTree = "<group>";
		};
		WATCH007002 /* Services */ = {
			isa = PBXGroup;
			children = (
				WATCH002005 /* SyncService.swift */,
			);
			path = Services;
			sourceTree = "<group>";
		};
		WATCH007003 /* Theme */ = {
			isa = PBXGroup;
			children = (
				WATCH002006 /* TrivitColors.swift */,
			);
			path = Theme;
			sourceTree = "<group>";
		};
		WATCH007004 /* Models */ = {
			isa = PBXGroup;
			children = (
				WATCH002007 /* Trivit.swift */,
			);
			path = Models;
			sourceTree = "<group>";
		};
		6CE4BBE71A1D609D005E9BCD /* Supporting Files */ = {
			isa = PBXGroup;
			children = (
				6C8263B11A5F29AC002A9941 /* InfoPlist.strings */,
				6CE4BBE81A1D609D005E9BCD /* Info.plist */,
			);
			name = "Supporting Files";
			sourceTree = "<group>";
		};
		6CF1A23F195B765600B83A6F /* Model */ = {
			isa = PBXGroup;
			children = (
				6C36CF491ACAB86700020384 /* Version.h */,
				6C36CF4A1ACAB86700020384 /* Version.m */,
				6CF1A23C195B762D00B83A6F /* Tally.h */,
				6CF1A23D195B762D00B83A6F /* Tally.m */,
				6CA449391980D8E00049F34D /* Colors.h */,
				6CA4493A1980D8E00049F34D /* Colors.m */,
				6C41254B1A435FB800C2D4CA /* TallyModel.h */,
				6C41254C1A435FB800C2D4CA /* TallyModel.m */,
				6C9025BA1984588300BB11FC /* Settings.h */,
				6C9025BB1984588300BB11FC /* Settings.m */,
				6C923EB3198C645D00833188 /* trivits.xcdatamodeld */,
				6C11D3591A5200670024AAAA /* Feedback.h */,
				6C11D35A1A5200670024AAAA /* Feedback.m */,
				6C11D3621A5200FD0024AAAA /* Feedback+Mapping.h */,
				6C11D3631A5200FD0024AAAA /* Feedback+Mapping.m */,
				EC7940CD1A40A8B8003A40C9 /* FeedbackManager.h */,
				EC7940CE1A40A8B8003A40C9 /* FeedbackManager.m */,
			);
			name = Model;
			sourceTree = "<group>";
		};
/* End PBXGroup section */

/* Begin PBXHeadersBuildPhase section */
/* End PBXHeadersBuildPhase section */

/* Begin PBXNativeTarget section */
		6C69C098195B6F4E002A3F53 /* trivit */ = {
			isa = PBXNativeTarget;
			buildConfigurationList = 6C69C0B9195B6F4E002A3F53 /* Build configuration list for PBXNativeTarget "trivit" */;
			buildPhases = (
				6C69C095195B6F4E002A3F53 /* Sources */,
				6C69C096195B6F4E002A3F53 /* Frameworks */,
				6C69C097195B6F4E002A3F53 /* Resources */,
				WATCH005001 /* Embed Watch Content */,
			);
			buildRules = (
			);
			dependencies = (
				WATCH008001 /* PBXTargetDependency */,
			);
			name = trivit;
			productName = trivit;
			productReference = 6C69C099195B6F4E002A3F53 /* trivit.app */;
			productType = "com.apple.product-type.application";
		};
		WATCH004001 /* trivit Watch App */ = {
			isa = PBXNativeTarget;
			buildConfigurationList = WATCH009001 /* Build configuration list for PBXNativeTarget "trivit Watch App" */;
			buildPhases = (
				WATCH006002 /* Sources */,
				WATCH006001 /* Frameworks */,
				WATCH006003 /* Resources */,
			);
			buildRules = (
			);
			dependencies = (
			);
			name = "trivit Watch App";
			productName = "trivit Watch App";
			productReference = 6CE4BBE21A1D609D005E9BCD /* trivit Watch App.app */;
			productType = "com.apple.product-type.application";
		};
		6C69C0AE195B6F4E002A3F53 /* trivitTests */ = {
			isa = PBXNativeTarget;
			buildConfigurationList = 6C69C0BC195B6F4E002A3F53 /* Build configuration list for PBXNativeTarget "trivitTests" */;
			buildPhases = (
				6C69C0AB195B6F4E002A3F53 /* Sources */,
				6C69C0AC195B6F4E002A3F53 /* Frameworks */,
				6C69C0AD195B6F4E002A3F53 /* Resources */,
			);
			buildRules = (
			);
			dependencies = (
				6C69C0B1195B6F4E002A3F53 /* PBXTargetDependency */,
			);
			name = trivitTests;
			productName = trivitTests;
			productReference = 6C69C0AF195B6F4E002A3F53 /* trivitTests.xctest */;
			productType = "com.apple.product-type.bundle.unit-test";
		};
/* End PBXNativeTarget section */

/* Begin PBXProject section */
		6C69C091195B6F4E002A3F53 /* Project object */ = {
			isa = PBXProject;
			attributes = {
				LastUpgradeCheck = 0910;
				ORGANIZATIONNAME = "Balloon Inc.";
				TargetAttributes = {
					6C69C098195B6F4E002A3F53 = {
						CreatedOnToolsVersion = 6.0;
						DevelopmentTeam = N324UX8D9M;
						SystemCapabilities = {
							com.apple.ApplicationGroups.iOS = {
								enabled = 1;
							};
							com.apple.SafariKeychain = {
								enabled = 0;
							};
						};
					};
					6C69C0AE195B6F4E002A3F53 = {
						CreatedOnToolsVersion = 6.0;
						DevelopmentTeam = FM9J48C757;
						TestTargetID = 6C69C098195B6F4E002A3F53;
					};
					WATCH004001 = {
						CreatedOnToolsVersion = 15.0;
						DevelopmentTeam = N324UX8D9M;
						ProvisioningStyle = Automatic;
						SystemCapabilities = {
							com.apple.ApplicationGroups.iOS = {
								enabled = 1;
							};
						};
					};
				};
			};
			buildConfigurationList = 6C69C094195B6F4E002A3F53 /* Build configuration list for PBXProject "Trivit" */;
			compatibilityVersion = "Xcode 3.2";
			developmentRegion = English;
			hasScannedForEncodings = 0;
			knownRegions = (
				English,
				en,
				Base,
				es,
				nl,
				fr,
				"zh-CN",
				ru,
				ja,
			);
			mainGroup = 6C69C090195B6F4E002A3F53;
			productRefGroup = 6C69C09A195B6F4E002A3F53 /* Products */;
			projectDirPath = "";
			projectRoot = "";
			targets = (
				6C69C098195B6F4E002A3F53 /* trivit */,
				WATCH004001 /* trivit Watch App */,
				6C69C0AE195B6F4E002A3F53 /* trivitTests */,
			);
		};
/* End PBXProject section */

/* Begin PBXResourcesBuildPhase section */
		6C69C097195B6F4E002A3F53 /* Resources */ = {
			isa = PBXResourcesBuildPhase;
			buildActionMask = 2147483647;
			files = (
				6C09B8EA1BD8212700CA3D7E /* trivit.entitlements in Resources */,
				6C69C0A8195B6F4E002A3F53 /* Main.storyboard in Resources */,
				6C5C4B9C1A61579400C87401 /* InfoPlist.strings in Resources */,
				6C5C4B961A61579300C87401 /* Localizable.strings in Resources */,
				6C69C0AA195B6F4E002A3F53 /* Images.xcassets in Resources */,
				6C79EB0A1E1B13B0008350FD /* GoogleService-Info.plist in Resources */,
				6CBD73631FB0ECD700E31454 /* Launch Screen.storyboard in Resources */,
			);
			runOnlyForDeploymentPostprocessing = 0;
		};
		WATCH006003 /* Resources */ = {
			isa = PBXResourcesBuildPhase;
			buildActionMask = 2147483647;
			files = (
				WATCH001007 /* Images.xcassets in Resources */,
			);
			runOnlyForDeploymentPostprocessing = 0;
		};
		6C69C0AD195B6F4E002A3F53 /* Resources */ = {
			isa = PBXResourcesBuildPhase;
			buildActionMask = 2147483647;
			files = (
			);
			runOnlyForDeploymentPostprocessing = 0;
		};
/* End PBXResourcesBuildPhase section */

/* Begin PBXSourcesBuildPhase section */
		6C69C095195B6F4E002A3F53 /* Sources */ = {
			isa = PBXSourcesBuildPhase;
			buildActionMask = 2147483647;
			files = (
				84E9DC656D014E6E9D28840C /* TrivitApp.swift in Sources */,
				D7517A2AB6FD446184FF17B6 /* Trivit.swift in Sources */,
				F00D2A9FF0BB41EEAEDE4341 /* TrivitColors.swift in Sources */,
				DDEB85484EFB49B2A88EDEB5 /* TrivitRowView.swift in Sources */,
				2F31C97537394F14B657E399 /* TrivitListView.swift in Sources */,
				EB362C3CD06A446AAC4FFBDE /* SettingsView.swift in Sources */,
				EB3D4B137D954426A8474080 /* HapticsService.swift in Sources */,
				2BF55E58102048ADB6F20C2A /* TrivitRepository.swift in Sources */,
				A37CBBE5467442D99DC8ECDF /* EasterEggs.swift in Sources */,
			);
			runOnlyForDeploymentPostprocessing = 0;
		};
		WATCH006002 /* Sources */ = {
			isa = PBXSourcesBuildPhase;
			buildActionMask = 2147483647;
			files = (
				WATCH001001 /* TrivitWatchApp.swift in Sources */,
				WATCH001009 /* Trivit.swift in Sources */,
				WATCH001002 /* ContentView.swift in Sources */,
				WATCH001003 /* TrivitRowView.swift in Sources */,
				WATCH001004 /* TrivitDetailView.swift in Sources */,
				WATCH001005 /* SyncService.swift in Sources */,
				WATCH001006 /* TrivitColors.swift in Sources */,
			);
			runOnlyForDeploymentPostprocessing = 0;
		};
		6C69C0AB195B6F4E002A3F53 /* Sources */ = {
			isa = PBXSourcesBuildPhase;
			buildActionMask = 2147483647;
			files = (
			);
			runOnlyForDeploymentPostprocessing = 0;
		};
/* End PBXSourcesBuildPhase section */

/* Begin PBXTargetDependency section */
		6C69C0B1195B6F4E002A3F53 /* PBXTargetDependency */ = {
			isa = PBXTargetDependency;
			target = 6C69C098195B6F4E002A3F53 /* trivit */;
			targetProxy = 6C69C0B0195B6F4E002A3F53 /* PBXContainerItemProxy */;
		};
		WATCH008001 /* PBXTargetDependency */ = {
			isa = PBXTargetDependency;
			target = WATCH004001 /* trivit Watch App */;
			targetProxy = WATCH003001 /* PBXContainerItemProxy */;
		};
/* End PBXTargetDependency section */

/* Begin PBXVariantGroup section */
		6C5C4B981A61579300C87401 /* Localizable.strings */ = {
			isa = PBXVariantGroup;
			children = (
				6C5C4B971A61579300C87401 /* ru */,
				6C5C4B9F1A61579F00C87401 /* nl */,
				6C5C4BA51A61605000C87401 /* Base */,
				6C0B1A5E1A9D03BD00C49D77 /* fr */,
				6C0B1A621A9D03DA00C49D77 /* ja */,
				6C0B1A661A9D03ED00C49D77 /* zh-CN */,
				6C76974B1BC9BBBC00C0CEDC /* es */,
			);
			name = Localizable.strings;
			sourceTree = "<group>";
		};
		6C5C4B9E1A61579400C87401 /* InfoPlist.strings */ = {
			isa = PBXVariantGroup;
			children = (
				6C5C4B9D1A61579400C87401 /* ru */,
				6C5C4BA11A61579F00C87401 /* nl */,
				6C5C4BA61A61605700C87401 /* Base */,
				6C0B1A5F1A9D03BD00C49D77 /* fr */,
				6C0B1A631A9D03DA00C49D77 /* ja */,
				6C0B1A671A9D03ED00C49D77 /* zh-CN */,
				6C76974A1BC9BBBC00C0CEDC /* es */,
			);
			name = InfoPlist.strings;
			sourceTree = "<group>";
		};
		6C69C0A6195B6F4E002A3F53 /* Main.storyboard */ = {
			isa = PBXVariantGroup;
			children = (
				6C69C0A7195B6F4E002A3F53 /* Base */,
				6C5C4B991A61579300C87401 /* ru */,
				6C5C4BA01A61579F00C87401 /* nl */,
				6C0B1A601A9D03BD00C49D77 /* fr */,
				6C0B1A641A9D03DA00C49D77 /* ja */,
				6C0B1A681A9D03EE00C49D77 /* zh-CN */,
				6C7697491BC9BBBC00C0CEDC /* es */,
			);
			name = Main.storyboard;
			sourceTree = "<group>";
		};
		6C8263B11A5F29AC002A9941 /* InfoPlist.strings */ = {
			isa = PBXVariantGroup;
			children = (
				6C8263B01A5F29AC002A9941 /* nl */,
				6C8263BC1A5F29B8002A9941 /* en */,
				6CCA7B941A60244000115A74 /* fr */,
				6CCA7B981A60244C00115A74 /* zh-CN */,
				6C4171A71A60813300CBC0CD /* ru */,
				6C76974F1BC9BBBC00C0CEDC /* es */,
				6C7697541BC9BBE500C0CEDC /* ja */,
			);
			name = InfoPlist.strings;
			sourceTree = "<group>";
		};
/* End PBXVariantGroup section */

/* Begin XCBuildConfiguration section */
		6C69C0B7195B6F4E002A3F53 /* Debug */ = {
			isa = XCBuildConfiguration;
			buildSettings = {
				ALWAYS_SEARCH_USER_PATHS = NO;
				CLANG_ANALYZER_LOCALIZABILITY_NONLOCALIZED = YES;
				CLANG_CXX_LANGUAGE_STANDARD = "gnu++0x";
				CLANG_CXX_LIBRARY = "libc++";
				CLANG_ENABLE_MODULES = YES;
				CLANG_ENABLE_OBJC_ARC = YES;
				CLANG_WARN_BLOCK_CAPTURE_AUTORELEASING = YES;
				CLANG_WARN_BOOL_CONVERSION = YES;
				CLANG_WARN_COMMA = YES;
				CLANG_WARN_CONSTANT_CONVERSION = YES;
				CLANG_WARN_DIRECT_OBJC_ISA_USAGE = YES_ERROR;
				CLANG_WARN_EMPTY_BODY = YES;
				CLANG_WARN_ENUM_CONVERSION = YES;
				CLANG_WARN_INFINITE_RECURSION = YES;
				CLANG_WARN_INT_CONVERSION = YES;
				CLANG_WARN_NON_LITERAL_NULL_CONVERSION = YES;
				CLANG_WARN_OBJC_LITERAL_CONVERSION = YES;
				CLANG_WARN_OBJC_ROOT_CLASS = YES_ERROR;
				CLANG_WARN_RANGE_LOOP_ANALYSIS = YES;
				CLANG_WARN_STRICT_PROTOTYPES = YES;
				CLANG_WARN_SUSPICIOUS_MOVE = YES;
				CLANG_WARN_UNREACHABLE_CODE = YES;
				CLANG_WARN__DUPLICATE_METHOD_MATCH = YES;
				"CODE_SIGN_IDENTITY[sdk=iphoneos*]" = "iPhone Developer";
				COPY_PHASE_STRIP = NO;
				ENABLE_STRICT_OBJC_MSGSEND = YES;
				ENABLE_TESTABILITY = YES;
				GCC_C_LANGUAGE_STANDARD = gnu99;
				GCC_DYNAMIC_NO_PIC = NO;
				GCC_NO_COMMON_BLOCKS = YES;
				GCC_OPTIMIZATION_LEVEL = 0;
				GCC_PREPROCESSOR_DEFINITIONS = (
					"DEBUG=1",
					"$(inherited)",
				);
				GCC_SYMBOLS_PRIVATE_EXTERN = NO;
				GCC_WARN_64_TO_32_BIT_CONVERSION = YES;
				GCC_WARN_ABOUT_RETURN_TYPE = YES_ERROR;
				GCC_WARN_UNDECLARED_SELECTOR = YES;
				GCC_WARN_UNINITIALIZED_AUTOS = YES_AGGRESSIVE;
				GCC_WARN_UNUSED_FUNCTION = YES;
				GCC_WARN_UNUSED_VARIABLE = YES;
				IPHONEOS_DEPLOYMENT_TARGET = 17.0;
				METAL_ENABLE_DEBUG_INFO = YES;
				ONLY_ACTIVE_ARCH = YES;
				SDKROOT = iphoneos;
				SWIFT_VERSION = 5.0;
			};
			name = Debug;
		};
		6C69C0B8195B6F4E002A3F53 /* Release */ = {
			isa = XCBuildConfiguration;
			buildSettings = {
				ALWAYS_SEARCH_USER_PATHS = NO;
				CLANG_ANALYZER_LOCALIZABILITY_NONLOCALIZED = YES;
				CLANG_CXX_LANGUAGE_STANDARD = "gnu++0x";
				CLANG_CXX_LIBRARY = "libc++";
				CLANG_ENABLE_MODULES = YES;
				CLANG_ENABLE_OBJC_ARC = YES;
				CLANG_WARN_BLOCK_CAPTURE_AUTORELEASING = YES;
				CLANG_WARN_BOOL_CONVERSION = YES;
				CLANG_WARN_COMMA = YES;
				CLANG_WARN_CONSTANT_CONVERSION = YES;
				CLANG_WARN_DIRECT_OBJC_ISA_USAGE = YES_ERROR;
				CLANG_WARN_EMPTY_BODY = YES;
				CLANG_WARN_ENUM_CONVERSION = YES;
				CLANG_WARN_INFINITE_RECURSION = YES;
				CLANG_WARN_INT_CONVERSION = YES;
				CLANG_WARN_NON_LITERAL_NULL_CONVERSION = YES;
				CLANG_WARN_OBJC_LITERAL_CONVERSION = YES;
				CLANG_WARN_OBJC_ROOT_CLASS = YES_ERROR;
				CLANG_WARN_RANGE_LOOP_ANALYSIS = YES;
				CLANG_WARN_STRICT_PROTOTYPES = YES;
				CLANG_WARN_SUSPICIOUS_MOVE = YES;
				CLANG_WARN_UNREACHABLE_CODE = YES;
				CLANG_WARN__DUPLICATE_METHOD_MATCH = YES;
				"CODE_SIGN_IDENTITY[sdk=iphoneos*]" = "iPhone Developer";
				COPY_PHASE_STRIP = YES;
				ENABLE_NS_ASSERTIONS = NO;
				ENABLE_STRICT_OBJC_MSGSEND = YES;
				GCC_C_LANGUAGE_STANDARD = gnu99;
				GCC_NO_COMMON_BLOCKS = YES;
				GCC_WARN_64_TO_32_BIT_CONVERSION = YES;
				GCC_WARN_ABOUT_RETURN_TYPE = YES_ERROR;
				GCC_WARN_UNDECLARED_SELECTOR = YES;
				GCC_WARN_UNINITIALIZED_AUTOS = YES_AGGRESSIVE;
				GCC_WARN_UNUSED_FUNCTION = YES;
				GCC_WARN_UNUSED_VARIABLE = YES;
				IPHONEOS_DEPLOYMENT_TARGET = 17.0;
				METAL_ENABLE_DEBUG_INFO = NO;
				SDKROOT = iphoneos;
				SWIFT_VERSION = 5.0;
				VALIDATE_PRODUCT = YES;
			};
			name = Release;
		};
		6C69C0BA195B6F4E002A3F53 /* Debug */ = {
			isa = XCBuildConfiguration;
			buildSettings = {
				ASSETCATALOG_COMPILER_APPICON_NAME = AppIcon;
				CODE_SIGN_ENTITLEMENTS = trivit/trivit.entitlements;
				CODE_SIGN_IDENTITY = "iPhone Developer";
				"CODE_SIGN_IDENTITY[sdk=iphoneos*]" = "iPhone Developer";
				DEVELOPMENT_TEAM = N324UX8D9M;
				ENABLE_BITCODE = YES;
				FRAMEWORK_SEARCH_PATHS = (
					"$(inherited)",
					"$(PROJECT_DIR)/trivit",
					"$(PROJECT_DIR)",
				);
				GCC_PREFIX_HEADER = "";
				GCC_WARN_UNUSED_LABEL = YES;
				GCC_WARN_UNUSED_PARAMETER = NO;
				HEADER_SEARCH_PATHS = (
					"\"${PODS_ROOT}/Headers/Public\"",
					"\"${PODS_ROOT}/Headers/Public/AFNetworking\"",
					"\"${PODS_ROOT}/Headers/Public/RestKit\"",
					"\"${PODS_ROOT}/Headers/Public/RestKit/RestKit\"",
					"\"${PODS_ROOT}/Headers/Public/RestKit/RestKit/CoreData\"",
					"\"${PODS_ROOT}/Headers/Public/RestKit/RestKit/Network\"",
					"\"${PODS_ROOT}/Headers/Public/RestKit/RestKit/ObjectMapping\"",
					"\"${PODS_ROOT}/Headers/Public/RestKit/RestKit/Support\"",
					"\"${PODS_ROOT}/Headers/Public/SOCKit\"",
					"\"${PODS_ROOT}/Headers/Public/TransitionKit\"",
					"\"$(BUILT_PRODUCTS_DIR)/../../Headers\"",
				);
				INFOPLIST_FILE = trivit/Info.plist;
				IPHONEOS_DEPLOYMENT_TARGET = 17.0;
				LD_RUNPATH_SEARCH_PATHS = "$(inherited) @executable_path/Frameworks";
				PRODUCT_BUNDLE_IDENTIFIER = com.wouterdevriendt.trivit;
				PRODUCT_NAME = "$(TARGET_NAME)";
				PROVISIONING_PROFILE = "";
				TARGETED_DEVICE_FAMILY = "1,2";
			};
			name = Debug;
		};
		6C69C0BB195B6F4E002A3F53 /* Release */ = {
			isa = XCBuildConfiguration;
			buildSettings = {
				ASSETCATALOG_COMPILER_APPICON_NAME = AppIcon;
				CODE_SIGN_ENTITLEMENTS = trivit/trivit.entitlements;
				CODE_SIGN_IDENTITY = "iPhone Developer";
				"CODE_SIGN_IDENTITY[sdk=iphoneos*]" = "iPhone Developer";
				DEVELOPMENT_TEAM = N324UX8D9M;
				ENABLE_BITCODE = YES;
				FRAMEWORK_SEARCH_PATHS = (
					"$(inherited)",
					"$(PROJECT_DIR)/trivit",
					"$(PROJECT_DIR)",
				);
				GCC_PREFIX_HEADER = "";
				GCC_WARN_UNUSED_LABEL = YES;
				GCC_WARN_UNUSED_PARAMETER = NO;
				HEADER_SEARCH_PATHS = (
					"\"${PODS_ROOT}/Headers/Public\"",
					"\"${PODS_ROOT}/Headers/Public/AFNetworking\"",
					"\"${PODS_ROOT}/Headers/Public/RestKit\"",
					"\"${PODS_ROOT}/Headers/Public/RestKit/RestKit\"",
					"\"${PODS_ROOT}/Headers/Public/RestKit/RestKit/CoreData\"",
					"\"${PODS_ROOT}/Headers/Public/RestKit/RestKit/Network\"",
					"\"${PODS_ROOT}/Headers/Public/RestKit/RestKit/ObjectMapping\"",
					"\"${PODS_ROOT}/Headers/Public/RestKit/RestKit/Support\"",
					"\"${PODS_ROOT}/Headers/Public/SOCKit\"",
					"\"${PODS_ROOT}/Headers/Public/TransitionKit\"",
					"\"$(BUILT_PRODUCTS_DIR)/../../Headers\"",
				);
				INFOPLIST_FILE = trivit/Info.plist;
				IPHONEOS_DEPLOYMENT_TARGET = 17.0;
				LD_RUNPATH_SEARCH_PATHS = "$(inherited) @executable_path/Frameworks";
				PRODUCT_BUNDLE_IDENTIFIER = com.wouterdevriendt.trivit;
				PRODUCT_NAME = "$(TARGET_NAME)";
				PROVISIONING_PROFILE = "";
				TARGETED_DEVICE_FAMILY = "1,2";
			};
			name = Release;
		};
		6C69C0BD195B6F4E002A3F53 /* Debug */ = {
			isa = XCBuildConfiguration;
			buildSettings = {
				BUNDLE_LOADER = "$(BUILT_PRODUCTS_DIR)/trivit.app/trivit";
				FRAMEWORK_SEARCH_PATHS = (
					"$(SDKROOT)/Developer/Library/Frameworks",
					"$(inherited)",
				);
				GCC_PREPROCESSOR_DEFINITIONS = (
					"DEBUG=1",
					"$(inherited)",
				);
				INFOPLIST_FILE = trivitTests/Info.plist;
				LD_RUNPATH_SEARCH_PATHS = "$(inherited) @executable_path/Frameworks @loader_path/Frameworks";
				METAL_ENABLE_DEBUG_INFO = YES;
				PRODUCT_BUNDLE_IDENTIFIER = "ballooninc.${PRODUCT_NAME:rfc1034identifier}";
				PRODUCT_NAME = "$(TARGET_NAME)";
				TEST_HOST = "$(BUNDLE_LOADER)";
			};
			name = Debug;
		};
		6C69C0BE195B6F4E002A3F53 /* Release */ = {
			isa = XCBuildConfiguration;
			buildSettings = {
				BUNDLE_LOADER = "$(BUILT_PRODUCTS_DIR)/trivit.app/trivit";
				FRAMEWORK_SEARCH_PATHS = (
					"$(SDKROOT)/Developer/Library/Frameworks",
					"$(inherited)",
				);
				INFOPLIST_FILE = trivitTests/Info.plist;
				LD_RUNPATH_SEARCH_PATHS = "$(inherited) @executable_path/Frameworks @loader_path/Frameworks";
				METAL_ENABLE_DEBUG_INFO = NO;
				PRODUCT_BUNDLE_IDENTIFIER = "ballooninc.${PRODUCT_NAME:rfc1034identifier}";
				PRODUCT_NAME = "$(TARGET_NAME)";
				TEST_HOST = "$(BUNDLE_LOADER)";
			};
			name = Release;
		};
		WATCH010001 /* Debug */ = {
			isa = XCBuildConfiguration;
			buildSettings = {
				ASSETCATALOG_COMPILER_APPICON_NAME = AppIcon;
				CODE_SIGN_ENTITLEMENTS = "trivit Watch App/TrivitWatchApp.entitlements";
				CODE_SIGN_IDENTITY = "Apple Development";
				CODE_SIGN_STYLE = Automatic;
				CURRENT_PROJECT_VERSION = 1;
				DEVELOPMENT_TEAM = N324UX8D9M;
				ENABLE_PREVIEWS = YES;
				GENERATE_INFOPLIST_FILE = NO;
				INFOPLIST_FILE = "trivit Watch App/Info.plist";
				INFOPLIST_KEY_CFBundleDisplayName = Trivit;
				INFOPLIST_KEY_UISupportedInterfaceOrientations = "UIInterfaceOrientationPortrait UIInterfaceOrientationPortraitUpsideDown";
				INFOPLIST_KEY_WKCompanionAppBundleIdentifier = com.wouterdevriendt.trivit;
				LD_RUNPATH_SEARCH_PATHS = "$(inherited) @executable_path/Frameworks";
				MARKETING_VERSION = 1.0;
				PRODUCT_BUNDLE_IDENTIFIER = com.wouterdevriendt.trivit.watchkitapp;
				PRODUCT_NAME = "$(TARGET_NAME)";
				SDKROOT = watchos;
				SKIP_INSTALL = YES;
				SWIFT_EMIT_LOC_STRINGS = YES;
				SWIFT_VERSION = 5.0;
				TARGETED_DEVICE_FAMILY = 4;
				WATCHOS_DEPLOYMENT_TARGET = 10.0;
			};
			name = Debug;
		};
		WATCH010002 /* Release */ = {
			isa = XCBuildConfiguration;
			buildSettings = {
				ASSETCATALOG_COMPILER_APPICON_NAME = AppIcon;
				CODE_SIGN_ENTITLEMENTS = "trivit Watch App/TrivitWatchApp.entitlements";
				CODE_SIGN_IDENTITY = "Apple Development";
				CODE_SIGN_STYLE = Automatic;
				CURRENT_PROJECT_VERSION = 1;
				DEVELOPMENT_TEAM = N324UX8D9M;
				ENABLE_PREVIEWS = YES;
				GENERATE_INFOPLIST_FILE = NO;
				INFOPLIST_FILE = "trivit Watch App/Info.plist";
				INFOPLIST_KEY_CFBundleDisplayName = Trivit;
				INFOPLIST_KEY_UISupportedInterfaceOrientations = "UIInterfaceOrientationPortrait UIInterfaceOrientationPortraitUpsideDown";
				INFOPLIST_KEY_WKCompanionAppBundleIdentifier = com.wouterdevriendt.trivit;
				LD_RUNPATH_SEARCH_PATHS = "$(inherited) @executable_path/Frameworks";
				MARKETING_VERSION = 1.0;
				PRODUCT_BUNDLE_IDENTIFIER = com.wouterdevriendt.trivit.watchkitapp;
				PRODUCT_NAME = "$(TARGET_NAME)";
				SDKROOT = watchos;
				SKIP_INSTALL = YES;
				SWIFT_EMIT_LOC_STRINGS = YES;
				SWIFT_VERSION = 5.0;
				TARGETED_DEVICE_FAMILY = 4;
				WATCHOS_DEPLOYMENT_TARGET = 10.0;
			};
			name = Release;
		};
/* End XCBuildConfiguration section */

/* Begin XCConfigurationList section */
		6C69C094195B6F4E002A3F53 /* Build configuration list for PBXProject "Trivit" */ = {
			isa = XCConfigurationList;
			buildConfigurations = (
				6C69C0B7195B6F4E002A3F53 /* Debug */,
				6C69C0B8195B6F4E002A3F53 /* Release */,
			);
			defaultConfigurationIsVisible = 0;
			defaultConfigurationName = Release;
		};
		6C69C0B9195B6F4E002A3F53 /* Build configuration list for PBXNativeTarget "trivit" */ = {
			isa = XCConfigurationList;
			buildConfigurations = (
				6C69C0BA195B6F4E002A3F53 /* Debug */,
				6C69C0BB195B6F4E002A3F53 /* Release */,
			);
			defaultConfigurationIsVisible = 0;
			defaultConfigurationName = Release;
		};
		6C69C0BC195B6F4E002A3F53 /* Build configuration list for PBXNativeTarget "trivitTests" */ = {
			isa = XCConfigurationList;
			buildConfigurations = (
				6C69C0BD195B6F4E002A3F53 /* Debug */,
				6C69C0BE195B6F4E002A3F53 /* Release */,
			);
			defaultConfigurationIsVisible = 0;
			defaultConfigurationName = Release;
		};
		WATCH009001 /* Build configuration list for PBXNativeTarget "trivit Watch App" */ = {
			isa = XCConfigurationList;
			buildConfigurations = (
				WATCH010001 /* Debug */,
				WATCH010002 /* Release */,
			);
			defaultConfigurationIsVisible = 0;
			defaultConfigurationName = Release;
		};
/* End XCConfigurationList section */

/* Begin XCVersionGroup section */
		6C923EB3198C645D00833188 /* trivits.xcdatamodeld */ = {
			isa = XCVersionGroup;
			children = (
				6C0908E51ACCAEE500F01033 /* trivits2.xcdatamodel */,
				6C923EB4198C645D00833188 /* trivits.xcdatamodel */,
			);
			currentVersion = 6C0908E51ACCAEE500F01033 /* trivits2.xcdatamodel */;
			path = trivits.xcdatamodeld;
			sourceTree = "<group>";
			versionGroupType = wrapper.xcdatamodel;
		};
/* End XCVersionGroup section */
	};
	rootObject = 6C69C091195B6F4E002A3F53 /* Project object */;
}
