// !$*UTF8*$!
{
	archiveVersion = 1;
	classes = {
	};
	objectVersion = 46;
	objects = {

/* Begin PBXBuildFile section */
		1E1CC032CAC5713DD485F0E3 /* libPods.a in Frameworks */ = {isa = PBXBuildFile; fileRef = 4D6C2AF5C61A5B5B25CD7983 /* libPods.a */; };
		6C02C88F1A616DBE00547584 /* TutContainerViewController.m in Sources */ = {isa = PBXBuildFile; fileRef = 6C02C88E1A616DBE00547584 /* TutContainerViewController.m */; };
		6C0A91571A0D0FE0006F2F87 /* NewRelicAgent.framework in Frameworks */ = {isa = PBXBuildFile; fileRef = 6C0A91561A0D0FE0006F2F87 /* NewRelicAgent.framework */; };
		6C0A91591A0D10B4006F2F87 /* CoreTelephony.framework in Frameworks */ = {isa = PBXBuildFile; fileRef = 6C0A91581A0D10B4006F2F87 /* CoreTelephony.framework */; };
		6C0A915D1A0D10CF006F2F87 /* SystemConfiguration.framework in Frameworks */ = {isa = PBXBuildFile; fileRef = 6C0A915C1A0D10CF006F2F87 /* SystemConfiguration.framework */; };
		6C0A915F1A0D10DD006F2F87 /* libc++.dylib in Frameworks */ = {isa = PBXBuildFile; fileRef = 6C0A915E1A0D10DD006F2F87 /* libc++.dylib */; };
		6C0A91611A0D10EA006F2F87 /* libz.dylib in Frameworks */ = {isa = PBXBuildFile; fileRef = 6C0A91601A0D10EA006F2F87 /* libz.dylib */; };
		6C11D35B1A5200670024AAAA /* Feedback.m in Sources */ = {isa = PBXBuildFile; fileRef = 6C11D35A1A5200670024AAAA /* Feedback.m */; };
		6C11D3641A5200FD0024AAAA /* Feedback+Mapping.m in Sources */ = {isa = PBXBuildFile; fileRef = 6C11D3631A5200FD0024AAAA /* Feedback+Mapping.m */; };
		6C11D3671A521F490024AAAA /* SettingsIcons.m in Sources */ = {isa = PBXBuildFile; fileRef = 6C11D3661A521F490024AAAA /* SettingsIcons.m */; };
		6C1C91B519FEF2DF00447874 /* TutChildViewController.m in Sources */ = {isa = PBXBuildFile; fileRef = 6C1C91B419FEF2DF00447874 /* TutChildViewController.m */; };
		6C1C91B819FEF2FF00447874 /* TutMasterViewController.m in Sources */ = {isa = PBXBuildFile; fileRef = 6C1C91B719FEF2FF00447874 /* TutMasterViewController.m */; };
		6C3980CB1A1D759700B43888 /* WKTableVIewRowController.m in Sources */ = {isa = PBXBuildFile; fileRef = 6C3980CA1A1D759700B43888 /* WKTableVIewRowController.m */; };
		6C41254D1A435FB800C2D4CA /* TallyModel.m in Sources */ = {isa = PBXBuildFile; fileRef = 6C41254C1A435FB800C2D4CA /* TallyModel.m */; };
		6C5742831A6C140700F2B72D /* cellBackground.m in Sources */ = {isa = PBXBuildFile; fileRef = 6C5742821A6C140700F2B72D /* cellBackground.m */; };
		6C5C4B961A61579300C87401 /* Localizable.strings in Resources */ = {isa = PBXBuildFile; fileRef = 6C5C4B981A61579300C87401 /* Localizable.strings */; };
		6C5C4B9C1A61579400C87401 /* InfoPlist.strings in Resources */ = {isa = PBXBuildFile; fileRef = 6C5C4B9E1A61579400C87401 /* InfoPlist.strings */; };
		6C69C09F195B6F4E002A3F53 /* main.m in Sources */ = {isa = PBXBuildFile; fileRef = 6C69C09E195B6F4E002A3F53 /* main.m */; };
		6C69C0A2195B6F4E002A3F53 /* AppDelegate.m in Sources */ = {isa = PBXBuildFile; fileRef = 6C69C0A1195B6F4E002A3F53 /* AppDelegate.m */; };
		6C69C0A8195B6F4E002A3F53 /* Main.storyboard in Resources */ = {isa = PBXBuildFile; fileRef = 6C69C0A6195B6F4E002A3F53 /* Main.storyboard */; };
		6C69C0AA195B6F4E002A3F53 /* Images.xcassets in Resources */ = {isa = PBXBuildFile; fileRef = 6C69C0A9195B6F4E002A3F53 /* Images.xcassets */; };
		6C69C0B6195B6F4E002A3F53 /* trivitTests.m in Sources */ = {isa = PBXBuildFile; fileRef = 6C69C0B5195B6F4E002A3F53 /* trivitTests.m */; };
		6C727E421A840E4A001B9A4E /* DetailInterfaceController.m in Sources */ = {isa = PBXBuildFile; fileRef = 6C727E411A840E4A001B9A4E /* DetailInterfaceController.m */; };
		6C7CE6361A4F6889004EE27D /* SettingButtonCell.m in Sources */ = {isa = PBXBuildFile; fileRef = 6C7CE6351A4F6889004EE27D /* SettingButtonCell.m */; };
		6C8263AF1A5F29AC002A9941 /* InfoPlist.strings in Resources */ = {isa = PBXBuildFile; fileRef = 6C8263B11A5F29AC002A9941 /* InfoPlist.strings */; };
		6C8263B41A5F29AC002A9941 /* Localizable.strings in Resources */ = {isa = PBXBuildFile; fileRef = 6C8263B61A5F29AC002A9941 /* Localizable.strings */; };
		6C8263B91A5F29AC002A9941 /* InfoPlist.strings in Resources */ = {isa = PBXBuildFile; fileRef = 6C8263BB1A5F29AC002A9941 /* InfoPlist.strings */; };
		6C8FBB501978610400C1D381 /* MainListViewController.m in Sources */ = {isa = PBXBuildFile; fileRef = 6C8FBB4F1978610400C1D381 /* MainListViewController.m */; };
		6C8FBB531978627F00C1D381 /* TrivitTableViewCell.m in Sources */ = {isa = PBXBuildFile; fileRef = 6C8FBB521978627F00C1D381 /* TrivitTableViewCell.m */; };
		6C9025BC1984588300BB11FC /* Settings.m in Sources */ = {isa = PBXBuildFile; fileRef = 6C9025BB1984588300BB11FC /* Settings.m */; };
		6C9025BF198458A500BB11FC /* SettingsViewController.m in Sources */ = {isa = PBXBuildFile; fileRef = 6C9025BE198458A500BB11FC /* SettingsViewController.m */; };
		6C923EB5198C645D00833188 /* trivits.xcdatamodeld in Sources */ = {isa = PBXBuildFile; fileRef = 6C923EB3198C645D00833188 /* trivits.xcdatamodeld */; };
		6C92EC171A07629F00D2A8DC /* InfoPlist.strings in Resources */ = {isa = PBXBuildFile; fileRef = 6C92EC191A07629F00D2A8DC /* InfoPlist.strings */; };
		6C98EEB01A4771A500E12E25 /* FeedbackViewController.m in Sources */ = {isa = PBXBuildFile; fileRef = 6C98EEAF1A4771A500E12E25 /* FeedbackViewController.m */; };
		6CA4493B1980D8E00049F34D /* Colors.m in Sources */ = {isa = PBXBuildFile; fileRef = 6CA4493A1980D8E00049F34D /* Colors.m */; };
		6CCA04AD1A93CCC4000BBDE9 /* DataKit.h in Headers */ = {isa = PBXBuildFile; fileRef = 6CCA04AC1A93CCC4000BBDE9 /* DataKit.h */; settings = {ATTRIBUTES = (Public, ); }; };
		6CCA04B31A93CCC4000BBDE9 /* DataKit.framework in Frameworks */ = {isa = PBXBuildFile; fileRef = 6CCA04A81A93CCC4000BBDE9 /* DataKit.framework */; };
		6CCA04BC1A93CCC4000BBDE9 /* DataKitTests.m in Sources */ = {isa = PBXBuildFile; fileRef = 6CCA04BB1A93CCC4000BBDE9 /* DataKitTests.m */; };
		6CCA04BF1A93CCC4000BBDE9 /* DataKit.framework in Frameworks */ = {isa = PBXBuildFile; fileRef = 6CCA04A81A93CCC4000BBDE9 /* DataKit.framework */; };
		6CCA04C01A93CCC4000BBDE9 /* DataKit.framework in Embed Frameworks */ = {isa = PBXBuildFile; fileRef = 6CCA04A81A93CCC4000BBDE9 /* DataKit.framework */; settings = {ATTRIBUTES = (CodeSignOnCopy, RemoveHeadersOnCopy, ); }; };
		6CCA04CA1A93CD44000BBDE9 /* DataAccess.h in Headers */ = {isa = PBXBuildFile; fileRef = 6CCA04C81A93CD44000BBDE9 /* DataAccess.h */; };
		6CCA04CB1A93CD44000BBDE9 /* DataAccess.m in Sources */ = {isa = PBXBuildFile; fileRef = 6CCA04C91A93CD44000BBDE9 /* DataAccess.m */; };
		6CE4BBD31A1D609C005E9BCD /* WatchKit.framework in Frameworks */ = {isa = PBXBuildFile; fileRef = 6CE4BBD21A1D609C005E9BCD /* WatchKit.framework */; };
		6CE4BBDA1A1D609C005E9BCD /* InterfaceController.m in Sources */ = {isa = PBXBuildFile; fileRef = 6CE4BBD91A1D609C005E9BCD /* InterfaceController.m */; };
		6CE4BBDD1A1D609C005E9BCD /* NotificationController.m in Sources */ = {isa = PBXBuildFile; fileRef = 6CE4BBDC1A1D609C005E9BCD /* NotificationController.m */; };
		6CE4BBDF1A1D609C005E9BCD /* Images.xcassets in Resources */ = {isa = PBXBuildFile; fileRef = 6CE4BBDE1A1D609C005E9BCD /* Images.xcassets */; };
		6CE4BBE31A1D609D005E9BCD /* trivit Watch App.app in Resources */ = {isa = PBXBuildFile; fileRef = 6CE4BBE21A1D609D005E9BCD /* trivit Watch App.app */; };
		6CE4BBEA1A1D609D005E9BCD /* Interface.storyboard in Resources */ = {isa = PBXBuildFile; fileRef = 6CE4BBE91A1D609D005E9BCD /* Interface.storyboard */; };
		6CE4BBEC1A1D609D005E9BCD /* Images.xcassets in Resources */ = {isa = PBXBuildFile; fileRef = 6CE4BBEB1A1D609D005E9BCD /* Images.xcassets */; };
		6CE4BBEF1A1D609D005E9BCD /* trivit WatchKit Extension.appex in Embed App Extensions */ = {isa = PBXBuildFile; fileRef = 6CE4BBD01A1D609B005E9BCD /* trivit WatchKit Extension.appex */; settings = {ATTRIBUTES = (RemoveHeadersOnCopy, ); }; };
		6CF1A23E195B762D00B83A6F /* Tally.m in Sources */ = {isa = PBXBuildFile; fileRef = 6CF1A23D195B762D00B83A6F /* Tally.m */; };
		EC7940CF1A40A8B8003A40C9 /* FeedbackManager.m in Sources */ = {isa = PBXBuildFile; fileRef = EC7940CE1A40A8B8003A40C9 /* FeedbackManager.m */; };
/* End PBXBuildFile section */

/* Begin PBXContainerItemProxy section */
		6C69C0B0195B6F4E002A3F53 /* PBXContainerItemProxy */ = {
			isa = PBXContainerItemProxy;
			containerPortal = 6C69C091195B6F4E002A3F53 /* Project object */;
			proxyType = 1;
			remoteGlobalIDString = 6C69C098195B6F4E002A3F53;
			remoteInfo = trivit;
		};
		6CCA04B41A93CCC4000BBDE9 /* PBXContainerItemProxy */ = {
			isa = PBXContainerItemProxy;
			containerPortal = 6C69C091195B6F4E002A3F53 /* Project object */;
			proxyType = 1;
			remoteGlobalIDString = 6CCA04A71A93CCC4000BBDE9;
			remoteInfo = DataKit;
		};
		6CCA04B61A93CCC4000BBDE9 /* PBXContainerItemProxy */ = {
			isa = PBXContainerItemProxy;
			containerPortal = 6C69C091195B6F4E002A3F53 /* Project object */;
			proxyType = 1;
			remoteGlobalIDString = 6C69C098195B6F4E002A3F53;
			remoteInfo = trivit;
		};
		6CCA04BD1A93CCC4000BBDE9 /* PBXContainerItemProxy */ = {
			isa = PBXContainerItemProxy;
			containerPortal = 6C69C091195B6F4E002A3F53 /* Project object */;
			proxyType = 1;
			remoteGlobalIDString = 6CCA04A71A93CCC4000BBDE9;
			remoteInfo = DataKit;
		};
		6CE4BBE41A1D609D005E9BCD /* PBXContainerItemProxy */ = {
			isa = PBXContainerItemProxy;
			containerPortal = 6C69C091195B6F4E002A3F53 /* Project object */;
			proxyType = 1;
			remoteGlobalIDString = 6CE4BBE11A1D609D005E9BCD;
			remoteInfo = "trivit Watch App";
		};
		6CE4BBED1A1D609D005E9BCD /* PBXContainerItemProxy */ = {
			isa = PBXContainerItemProxy;
			containerPortal = 6C69C091195B6F4E002A3F53 /* Project object */;
			proxyType = 1;
			remoteGlobalIDString = 6CE4BBCF1A1D609B005E9BCD;
			remoteInfo = "trivit WatchKit Extension";
		};
/* End PBXContainerItemProxy section */

/* Begin PBXCopyFilesBuildPhase section */
		6CCA04C61A93CCC5000BBDE9 /* Embed Frameworks */ = {
			isa = PBXCopyFilesBuildPhase;
			buildActionMask = 2147483647;
			dstPath = "";
			dstSubfolderSpec = 10;
			files = (
				6CCA04C01A93CCC4000BBDE9 /* DataKit.framework in Embed Frameworks */,
			);
			name = "Embed Frameworks";
			runOnlyForDeploymentPostprocessing = 0;
		};
		6CE4BBF61A1D609E005E9BCD /* Embed App Extensions */ = {
			isa = PBXCopyFilesBuildPhase;
			buildActionMask = 2147483647;
			dstPath = "";
			dstSubfolderSpec = 13;
			files = (
				6CE4BBEF1A1D609D005E9BCD /* trivit WatchKit Extension.appex in Embed App Extensions */,
			);
			name = "Embed App Extensions";
			runOnlyForDeploymentPostprocessing = 0;
		};
/* End PBXCopyFilesBuildPhase section */

/* Begin PBXFileReference section */
		4D6C2AF5C61A5B5B25CD7983 /* libPods.a */ = {isa = PBXFileReference; explicitFileType = archive.ar; includeInIndex = 0; path = libPods.a; sourceTree = BUILT_PRODUCTS_DIR; };
		6C02C88D1A616DBE00547584 /* TutContainerViewController.h */ = {isa = PBXFileReference; fileEncoding = 4; lastKnownFileType = sourcecode.c.h; path = TutContainerViewController.h; sourceTree = "<group>"; };
		6C02C88E1A616DBE00547584 /* TutContainerViewController.m */ = {isa = PBXFileReference; fileEncoding = 4; lastKnownFileType = sourcecode.c.objc; path = TutContainerViewController.m; sourceTree = "<group>"; };
		6C0A91561A0D0FE0006F2F87 /* NewRelicAgent.framework */ = {isa = PBXFileReference; lastKnownFileType = wrapper.framework; name = NewRelicAgent.framework; path = trivit/NewRelicAgent.framework; sourceTree = "<group>"; };
		6C0A91581A0D10B4006F2F87 /* CoreTelephony.framework */ = {isa = PBXFileReference; lastKnownFileType = wrapper.framework; name = CoreTelephony.framework; path = System/Library/Frameworks/CoreTelephony.framework; sourceTree = SDKROOT; };
		6C0A915A1A0D10BD006F2F87 /* UIKit.framework */ = {isa = PBXFileReference; lastKnownFileType = wrapper.framework; name = UIKit.framework; path = System/Library/Frameworks/UIKit.framework; sourceTree = SDKROOT; };
		6C0A915C1A0D10CF006F2F87 /* SystemConfiguration.framework */ = {isa = PBXFileReference; lastKnownFileType = wrapper.framework; name = SystemConfiguration.framework; path = System/Library/Frameworks/SystemConfiguration.framework; sourceTree = SDKROOT; };
		6C0A915E1A0D10DD006F2F87 /* libc++.dylib */ = {isa = PBXFileReference; lastKnownFileType = "compiled.mach-o.dylib"; name = "libc++.dylib"; path = "usr/lib/libc++.dylib"; sourceTree = SDKROOT; };
		6C0A91601A0D10EA006F2F87 /* libz.dylib */ = {isa = PBXFileReference; lastKnownFileType = "compiled.mach-o.dylib"; name = libz.dylib; path = usr/lib/libz.dylib; sourceTree = SDKROOT; };
		6C0B1A5E1A9D03BD00C49D77 /* fr */ = {isa = PBXFileReference; lastKnownFileType = text.plist.strings; name = fr; path = fr.lproj/Localizable.strings; sourceTree = "<group>"; };
		6C0B1A5F1A9D03BD00C49D77 /* fr */ = {isa = PBXFileReference; lastKnownFileType = text.plist.strings; name = fr; path = fr.lproj/InfoPlist.strings; sourceTree = "<group>"; };
		6C0B1A601A9D03BD00C49D77 /* fr */ = {isa = PBXFileReference; lastKnownFileType = text.plist.strings; name = fr; path = fr.lproj/Main.strings; sourceTree = "<group>"; };
		6C0B1A611A9D03BD00C49D77 /* fr */ = {isa = PBXFileReference; lastKnownFileType = text.plist.strings; name = fr; path = fr.lproj/InfoPlist.strings; sourceTree = "<group>"; };
		6C0B1A621A9D03DA00C49D77 /* ja */ = {isa = PBXFileReference; lastKnownFileType = text.plist.strings; name = ja; path = ja.lproj/Localizable.strings; sourceTree = "<group>"; };
		6C0B1A631A9D03DA00C49D77 /* ja */ = {isa = PBXFileReference; lastKnownFileType = text.plist.strings; name = ja; path = ja.lproj/InfoPlist.strings; sourceTree = "<group>"; };
		6C0B1A641A9D03DA00C49D77 /* ja */ = {isa = PBXFileReference; lastKnownFileType = text.plist.strings; name = ja; path = ja.lproj/Main.strings; sourceTree = "<group>"; };
		6C0B1A651A9D03DA00C49D77 /* ja */ = {isa = PBXFileReference; lastKnownFileType = text.plist.strings; name = ja; path = ja.lproj/InfoPlist.strings; sourceTree = "<group>"; };
		6C0B1A661A9D03ED00C49D77 /* zh-CN */ = {isa = PBXFileReference; lastKnownFileType = text.plist.strings; name = "zh-CN"; path = "zh-CN.lproj/Localizable.strings"; sourceTree = "<group>"; };
		6C0B1A671A9D03ED00C49D77 /* zh-CN */ = {isa = PBXFileReference; lastKnownFileType = text.plist.strings; name = "zh-CN"; path = "zh-CN.lproj/InfoPlist.strings"; sourceTree = "<group>"; };
		6C0B1A681A9D03EE00C49D77 /* zh-CN */ = {isa = PBXFileReference; lastKnownFileType = text.plist.strings; name = "zh-CN"; path = "zh-CN.lproj/Main.strings"; sourceTree = "<group>"; };
		6C0B1A691A9D03EE00C49D77 /* zh-CN */ = {isa = PBXFileReference; lastKnownFileType = text.plist.strings; name = "zh-CN"; path = "zh-CN.lproj/InfoPlist.strings"; sourceTree = "<group>"; };
		6C11D3591A5200670024AAAA /* Feedback.h */ = {isa = PBXFileReference; fileEncoding = 4; lastKnownFileType = sourcecode.c.h; path = Feedback.h; sourceTree = "<group>"; };
		6C11D35A1A5200670024AAAA /* Feedback.m */ = {isa = PBXFileReference; fileEncoding = 4; lastKnownFileType = sourcecode.c.objc; path = Feedback.m; sourceTree = "<group>"; };
		6C11D3621A5200FD0024AAAA /* Feedback+Mapping.h */ = {isa = PBXFileReference; fileEncoding = 4; lastKnownFileType = sourcecode.c.h; path = "Feedback+Mapping.h"; sourceTree = "<group>"; };
		6C11D3631A5200FD0024AAAA /* Feedback+Mapping.m */ = {isa = PBXFileReference; fileEncoding = 4; lastKnownFileType = sourcecode.c.objc; path = "Feedback+Mapping.m"; sourceTree = "<group>"; };
		6C11D3651A521F490024AAAA /* SettingsIcons.h */ = {isa = PBXFileReference; fileEncoding = 4; lastKnownFileType = sourcecode.c.h; path = SettingsIcons.h; sourceTree = "<group>"; };
		6C11D3661A521F490024AAAA /* SettingsIcons.m */ = {isa = PBXFileReference; fileEncoding = 4; lastKnownFileType = sourcecode.c.objc; path = SettingsIcons.m; sourceTree = "<group>"; };
		6C1C91B319FEF2DF00447874 /* TutChildViewController.h */ = {isa = PBXFileReference; fileEncoding = 4; lastKnownFileType = sourcecode.c.h; path = TutChildViewController.h; sourceTree = "<group>"; };
		6C1C91B419FEF2DF00447874 /* TutChildViewController.m */ = {isa = PBXFileReference; fileEncoding = 4; lastKnownFileType = sourcecode.c.objc; path = TutChildViewController.m; sourceTree = "<group>"; };
		6C1C91B619FEF2FF00447874 /* TutMasterViewController.h */ = {isa = PBXFileReference; fileEncoding = 4; lastKnownFileType = sourcecode.c.h; path = TutMasterViewController.h; sourceTree = "<group>"; };
		6C1C91B719FEF2FF00447874 /* TutMasterViewController.m */ = {isa = PBXFileReference; fileEncoding = 4; lastKnownFileType = sourcecode.c.objc; path = TutMasterViewController.m; sourceTree = "<group>"; };
		6C3980C91A1D759700B43888 /* WKTableVIewRowController.h */ = {isa = PBXFileReference; fileEncoding = 4; lastKnownFileType = sourcecode.c.h; path = WKTableVIewRowController.h; sourceTree = "<group>"; };
		6C3980CA1A1D759700B43888 /* WKTableVIewRowController.m */ = {isa = PBXFileReference; fileEncoding = 4; lastKnownFileType = sourcecode.c.objc; path = WKTableVIewRowController.m; sourceTree = "<group>"; };
		6C41254B1A435FB800C2D4CA /* TallyModel.h */ = {isa = PBXFileReference; fileEncoding = 4; lastKnownFileType = sourcecode.c.h; path = TallyModel.h; sourceTree = "<group>"; };
		6C41254C1A435FB800C2D4CA /* TallyModel.m */ = {isa = PBXFileReference; fileEncoding = 4; lastKnownFileType = sourcecode.c.objc; path = TallyModel.m; sourceTree = "<group>"; };
		6C4171A71A60813300CBC0CD /* ru */ = {isa = PBXFileReference; lastKnownFileType = text.plist.strings; name = ru; path = ru.lproj/InfoPlist.strings; sourceTree = "<group>"; };
		6C4171A81A60813300CBC0CD /* ru */ = {isa = PBXFileReference; lastKnownFileType = text.plist.strings; name = ru; path = ru.lproj/InfoPlist.strings; sourceTree = "<group>"; };
		6C4171A91A60813300CBC0CD /* ru */ = {isa = PBXFileReference; lastKnownFileType = text.plist.strings; name = ru; path = ru.lproj/Localizable.strings; sourceTree = "<group>"; };
		6C5742811A6C140700F2B72D /* cellBackground.h */ = {isa = PBXFileReference; fileEncoding = 4; lastKnownFileType = sourcecode.c.h; name = cellBackground.h; path = ../cellBackground.h; sourceTree = "<group>"; };
		6C5742821A6C140700F2B72D /* cellBackground.m */ = {isa = PBXFileReference; fileEncoding = 4; lastKnownFileType = sourcecode.c.objc; name = cellBackground.m; path = ../cellBackground.m; sourceTree = "<group>"; };
		6C5C4B971A61579300C87401 /* ru */ = {isa = PBXFileReference; lastKnownFileType = text.plist.strings; name = ru; path = ru.lproj/Localizable.strings; sourceTree = "<group>"; };
		6C5C4B991A61579300C87401 /* ru */ = {isa = PBXFileReference; lastKnownFileType = text.plist.strings; name = ru; path = ru.lproj/Main.strings; sourceTree = "<group>"; };
		6C5C4B9D1A61579400C87401 /* ru */ = {isa = PBXFileReference; lastKnownFileType = text.plist.strings; name = ru; path = ru.lproj/InfoPlist.strings; sourceTree = "<group>"; };
		6C5C4B9F1A61579F00C87401 /* nl */ = {isa = PBXFileReference; lastKnownFileType = text.plist.strings; name = nl; path = nl.lproj/Localizable.strings; sourceTree = "<group>"; };
		6C5C4BA01A61579F00C87401 /* nl */ = {isa = PBXFileReference; lastKnownFileType = text.plist.strings; name = nl; path = nl.lproj/Main.strings; sourceTree = "<group>"; };
		6C5C4BA11A61579F00C87401 /* nl */ = {isa = PBXFileReference; lastKnownFileType = text.plist.strings; name = nl; path = nl.lproj/InfoPlist.strings; sourceTree = "<group>"; };
		6C5C4BA51A61605000C87401 /* Base */ = {isa = PBXFileReference; lastKnownFileType = text.plist.strings; name = Base; path = Base.lproj/Localizable.strings; sourceTree = "<group>"; };
		6C5C4BA61A61605700C87401 /* Base */ = {isa = PBXFileReference; lastKnownFileType = text.plist.strings; name = Base; path = Base.lproj/InfoPlist.strings; sourceTree = "<group>"; };
		6C69C099195B6F4E002A3F53 /* trivit.app */ = {isa = PBXFileReference; explicitFileType = wrapper.application; includeInIndex = 0; path = trivit.app; sourceTree = BUILT_PRODUCTS_DIR; };
		6C69C09D195B6F4E002A3F53 /* Info.plist */ = {isa = PBXFileReference; lastKnownFileType = text.plist.xml; path = Info.plist; sourceTree = "<group>"; };
		6C69C09E195B6F4E002A3F53 /* main.m */ = {isa = PBXFileReference; lastKnownFileType = sourcecode.c.objc; path = main.m; sourceTree = "<group>"; };
		6C69C0A0195B6F4E002A3F53 /* AppDelegate.h */ = {isa = PBXFileReference; lastKnownFileType = sourcecode.c.h; path = AppDelegate.h; sourceTree = "<group>"; };
		6C69C0A1195B6F4E002A3F53 /* AppDelegate.m */ = {isa = PBXFileReference; lastKnownFileType = sourcecode.c.objc; path = AppDelegate.m; sourceTree = "<group>"; };
		6C69C0A7195B6F4E002A3F53 /* Base */ = {isa = PBXFileReference; lastKnownFileType = file.storyboard; name = Base; path = Base.lproj/Main.storyboard; sourceTree = "<group>"; };
		6C69C0A9195B6F4E002A3F53 /* Images.xcassets */ = {isa = PBXFileReference; lastKnownFileType = folder.assetcatalog; path = Images.xcassets; sourceTree = "<group>"; };
		6C69C0AF195B6F4E002A3F53 /* trivitTests.xctest */ = {isa = PBXFileReference; explicitFileType = wrapper.cfbundle; includeInIndex = 0; path = trivitTests.xctest; sourceTree = BUILT_PRODUCTS_DIR; };
		6C69C0B4195B6F4E002A3F53 /* Info.plist */ = {isa = PBXFileReference; lastKnownFileType = text.plist.xml; path = Info.plist; sourceTree = "<group>"; };
		6C69C0B5195B6F4E002A3F53 /* trivitTests.m */ = {isa = PBXFileReference; lastKnownFileType = sourcecode.c.objc; path = trivitTests.m; sourceTree = "<group>"; };
		6C727E401A840E4A001B9A4E /* DetailInterfaceController.h */ = {isa = PBXFileReference; fileEncoding = 4; lastKnownFileType = sourcecode.c.h; path = DetailInterfaceController.h; sourceTree = "<group>"; };
		6C727E411A840E4A001B9A4E /* DetailInterfaceController.m */ = {isa = PBXFileReference; fileEncoding = 4; lastKnownFileType = sourcecode.c.objc; path = DetailInterfaceController.m; sourceTree = "<group>"; };
		6C7CE6341A4F6889004EE27D /* SettingButtonCell.h */ = {isa = PBXFileReference; fileEncoding = 4; lastKnownFileType = sourcecode.c.h; path = SettingButtonCell.h; sourceTree = "<group>"; };
		6C7CE6351A4F6889004EE27D /* SettingButtonCell.m */ = {isa = PBXFileReference; fileEncoding = 4; lastKnownFileType = sourcecode.c.objc; path = SettingButtonCell.m; sourceTree = "<group>"; };
		6C8263B01A5F29AC002A9941 /* nl */ = {isa = PBXFileReference; lastKnownFileType = text.plist.strings; name = nl; path = nl.lproj/InfoPlist.strings; sourceTree = "<group>"; };
		6C8263B51A5F29AC002A9941 /* nl */ = {isa = PBXFileReference; lastKnownFileType = text.plist.strings; name = nl; path = nl.lproj/Localizable.strings; sourceTree = "<group>"; };
		6C8263BA1A5F29AC002A9941 /* nl */ = {isa = PBXFileReference; lastKnownFileType = text.plist.strings; name = nl; path = nl.lproj/InfoPlist.strings; sourceTree = "<group>"; };
		6C8263BC1A5F29B8002A9941 /* en */ = {isa = PBXFileReference; lastKnownFileType = text.plist.strings; name = en; path = en.lproj/InfoPlist.strings; sourceTree = "<group>"; };
		6C8263BD1A5F29B8002A9941 /* en */ = {isa = PBXFileReference; lastKnownFileType = text.plist.strings; name = en; path = en.lproj/Localizable.strings; sourceTree = "<group>"; };
		6C8263BE1A5F29B8002A9941 /* en */ = {isa = PBXFileReference; lastKnownFileType = text.plist.strings; name = en; path = en.lproj/InfoPlist.strings; sourceTree = "<group>"; };
		6C8263BF1A5F29B8002A9941 /* en */ = {isa = PBXFileReference; lastKnownFileType = text.plist.strings; name = en; path = en.lproj/InfoPlist.strings; sourceTree = "<group>"; };
		6C89B0D51A0ABD7F00CCE22C /* ru */ = {isa = PBXFileReference; lastKnownFileType = text.plist.strings; name = ru; path = ru.lproj/InfoPlist.strings; sourceTree = "<group>"; };
		6C8FBB4E1978610400C1D381 /* MainListViewController.h */ = {isa = PBXFileReference; fileEncoding = 4; lastKnownFileType = sourcecode.c.h; path = MainListViewController.h; sourceTree = "<group>"; };
		6C8FBB4F1978610400C1D381 /* MainListViewController.m */ = {isa = PBXFileReference; fileEncoding = 4; lastKnownFileType = sourcecode.c.objc; path = MainListViewController.m; sourceTree = "<group>"; };
		6C8FBB511978627F00C1D381 /* TrivitTableViewCell.h */ = {isa = PBXFileReference; fileEncoding = 4; lastKnownFileType = sourcecode.c.h; path = TrivitTableViewCell.h; sourceTree = "<group>"; };
		6C8FBB521978627F00C1D381 /* TrivitTableViewCell.m */ = {isa = PBXFileReference; fileEncoding = 4; lastKnownFileType = sourcecode.c.objc; path = TrivitTableViewCell.m; sourceTree = "<group>"; };
		6C9025BA1984588300BB11FC /* Settings.h */ = {isa = PBXFileReference; fileEncoding = 4; lastKnownFileType = sourcecode.c.h; path = Settings.h; sourceTree = "<group>"; };
		6C9025BB1984588300BB11FC /* Settings.m */ = {isa = PBXFileReference; fileEncoding = 4; lastKnownFileType = sourcecode.c.objc; path = Settings.m; sourceTree = "<group>"; };
		6C9025BD198458A500BB11FC /* SettingsViewController.h */ = {isa = PBXFileReference; fileEncoding = 4; lastKnownFileType = sourcecode.c.h; path = SettingsViewController.h; sourceTree = "<group>"; };
		6C9025BE198458A500BB11FC /* SettingsViewController.m */ = {isa = PBXFileReference; fileEncoding = 4; lastKnownFileType = sourcecode.c.objc; path = SettingsViewController.m; sourceTree = "<group>"; };
		6C923EB4198C645D00833188 /* trivits.xcdatamodel */ = {isa = PBXFileReference; lastKnownFileType = wrapper.xcdatamodel; path = trivits.xcdatamodel; sourceTree = "<group>"; };
		6C92EC231A09A50600D2A8DC /* nl */ = {isa = PBXFileReference; lastKnownFileType = text.plist.strings; name = nl; path = nl.lproj/InfoPlist.strings; sourceTree = "<group>"; };
		6C98EEAE1A4771A500E12E25 /* FeedbackViewController.h */ = {isa = PBXFileReference; fileEncoding = 4; lastKnownFileType = sourcecode.c.h; path = FeedbackViewController.h; sourceTree = "<group>"; };
		6C98EEAF1A4771A500E12E25 /* FeedbackViewController.m */ = {isa = PBXFileReference; fileEncoding = 4; lastKnownFileType = sourcecode.c.objc; path = FeedbackViewController.m; sourceTree = "<group>"; };
		6CA449391980D8E00049F34D /* Colors.h */ = {isa = PBXFileReference; fileEncoding = 4; lastKnownFileType = sourcecode.c.h; path = Colors.h; sourceTree = "<group>"; };
		6CA4493A1980D8E00049F34D /* Colors.m */ = {isa = PBXFileReference; fileEncoding = 4; lastKnownFileType = sourcecode.c.objc; path = Colors.m; sourceTree = "<group>"; };
		6CCA04A81A93CCC4000BBDE9 /* DataKit.framework */ = {isa = PBXFileReference; explicitFileType = wrapper.framework; includeInIndex = 0; path = DataKit.framework; sourceTree = BUILT_PRODUCTS_DIR; };
		6CCA04AB1A93CCC4000BBDE9 /* Info.plist */ = {isa = PBXFileReference; lastKnownFileType = text.plist.xml; path = Info.plist; sourceTree = "<group>"; };
		6CCA04AC1A93CCC4000BBDE9 /* DataKit.h */ = {isa = PBXFileReference; lastKnownFileType = sourcecode.c.h; path = DataKit.h; sourceTree = "<group>"; };
		6CCA04B21A93CCC4000BBDE9 /* DataKitTests.xctest */ = {isa = PBXFileReference; explicitFileType = wrapper.cfbundle; includeInIndex = 0; path = DataKitTests.xctest; sourceTree = BUILT_PRODUCTS_DIR; };
		6CCA04BA1A93CCC4000BBDE9 /* Info.plist */ = {isa = PBXFileReference; lastKnownFileType = text.plist.xml; path = Info.plist; sourceTree = "<group>"; };
		6CCA04BB1A93CCC4000BBDE9 /* DataKitTests.m */ = {isa = PBXFileReference; lastKnownFileType = sourcecode.c.objc; path = DataKitTests.m; sourceTree = "<group>"; };
		6CCA04C81A93CD44000BBDE9 /* DataAccess.h */ = {isa = PBXFileReference; fileEncoding = 4; lastKnownFileType = sourcecode.c.h; path = DataAccess.h; sourceTree = "<group>"; };
		6CCA04C91A93CD44000BBDE9 /* DataAccess.m */ = {isa = PBXFileReference; fileEncoding = 4; lastKnownFileType = sourcecode.c.objc; path = DataAccess.m; sourceTree = "<group>"; };
		6CCA7B941A60244000115A74 /* fr */ = {isa = PBXFileReference; lastKnownFileType = text.plist.strings; name = fr; path = fr.lproj/InfoPlist.strings; sourceTree = "<group>"; };
		6CCA7B951A60244000115A74 /* fr */ = {isa = PBXFileReference; lastKnownFileType = text.plist.strings; name = fr; path = fr.lproj/InfoPlist.strings; sourceTree = "<group>"; };
		6CCA7B961A60244000115A74 /* fr */ = {isa = PBXFileReference; lastKnownFileType = text.plist.strings; name = fr; path = fr.lproj/Localizable.strings; sourceTree = "<group>"; };
		6CCA7B981A60244C00115A74 /* zh-CN */ = {isa = PBXFileReference; lastKnownFileType = text.plist.strings; name = "zh-CN"; path = "zh-CN.lproj/InfoPlist.strings"; sourceTree = "<group>"; };
		6CCA7B991A60244C00115A74 /* zh-CN */ = {isa = PBXFileReference; lastKnownFileType = text.plist.strings; name = "zh-CN"; path = "zh-CN.lproj/InfoPlist.strings"; sourceTree = "<group>"; };
		6CCA7B9B1A60244C00115A74 /* zh-CN */ = {isa = PBXFileReference; lastKnownFileType = text.plist.strings; name = "zh-CN"; path = "zh-CN.lproj/Localizable.strings"; sourceTree = "<group>"; };
		6CE4BBD01A1D609B005E9BCD /* trivit WatchKit Extension.appex */ = {isa = PBXFileReference; explicitFileType = "wrapper.app-extension"; includeInIndex = 0; path = "trivit WatchKit Extension.appex"; sourceTree = BUILT_PRODUCTS_DIR; };
		6CE4BBD21A1D609C005E9BCD /* WatchKit.framework */ = {isa = PBXFileReference; lastKnownFileType = wrapper.framework; name = WatchKit.framework; path = System/Library/Frameworks/WatchKit.framework; sourceTree = SDKROOT; };
		6CE4BBD61A1D609C005E9BCD /* Info.plist */ = {isa = PBXFileReference; lastKnownFileType = text.plist.xml; path = Info.plist; sourceTree = "<group>"; };
		6CE4BBD71A1D609C005E9BCD /* PushNotificationPayload.json */ = {isa = PBXFileReference; lastKnownFileType = text.json; path = PushNotificationPayload.json; sourceTree = "<group>"; };
		6CE4BBD81A1D609C005E9BCD /* InterfaceController.h */ = {isa = PBXFileReference; lastKnownFileType = sourcecode.c.h; path = InterfaceController.h; sourceTree = "<group>"; };
		6CE4BBD91A1D609C005E9BCD /* InterfaceController.m */ = {isa = PBXFileReference; lastKnownFileType = sourcecode.c.objc; path = InterfaceController.m; sourceTree = "<group>"; };
		6CE4BBDB1A1D609C005E9BCD /* NotificationController.h */ = {isa = PBXFileReference; lastKnownFileType = sourcecode.c.h; path = NotificationController.h; sourceTree = "<group>"; };
		6CE4BBDC1A1D609C005E9BCD /* NotificationController.m */ = {isa = PBXFileReference; lastKnownFileType = sourcecode.c.objc; path = NotificationController.m; sourceTree = "<group>"; };
		6CE4BBDE1A1D609C005E9BCD /* Images.xcassets */ = {isa = PBXFileReference; lastKnownFileType = folder.assetcatalog; path = Images.xcassets; sourceTree = "<group>"; };
		6CE4BBE21A1D609D005E9BCD /* trivit Watch App.app */ = {isa = PBXFileReference; explicitFileType = wrapper.application; includeInIndex = 0; path = "trivit Watch App.app"; sourceTree = BUILT_PRODUCTS_DIR; };
		6CE4BBE81A1D609D005E9BCD /* Info.plist */ = {isa = PBXFileReference; lastKnownFileType = text.plist.xml; path = Info.plist; sourceTree = "<group>"; };
		6CE4BBE91A1D609D005E9BCD /* Interface.storyboard */ = {isa = PBXFileReference; lastKnownFileType = file.storyboard; path = Interface.storyboard; sourceTree = "<group>"; };
		6CE4BBEB1A1D609D005E9BCD /* Images.xcassets */ = {isa = PBXFileReference; lastKnownFileType = folder.assetcatalog; path = Images.xcassets; sourceTree = "<group>"; };
		6CF1A23C195B762D00B83A6F /* Tally.h */ = {isa = PBXFileReference; fileEncoding = 4; lastKnownFileType = sourcecode.c.h; path = Tally.h; sourceTree = "<group>"; };
		6CF1A23D195B762D00B83A6F /* Tally.m */ = {isa = PBXFileReference; fileEncoding = 4; lastKnownFileType = sourcecode.c.objc; path = Tally.m; sourceTree = "<group>"; };
		92B594CAFC2090EBDD9428A5 /* Pods.release.xcconfig */ = {isa = PBXFileReference; includeInIndex = 1; lastKnownFileType = text.xcconfig; name = Pods.release.xcconfig; path = "Pods/Target Support Files/Pods/Pods.release.xcconfig"; sourceTree = "<group>"; };
		C1E1D957F7A3337F9AB4C252 /* Pods.debug.xcconfig */ = {isa = PBXFileReference; includeInIndex = 1; lastKnownFileType = text.xcconfig; name = Pods.debug.xcconfig; path = "Pods/Target Support Files/Pods/Pods.debug.xcconfig"; sourceTree = "<group>"; };
		EC7940CD1A40A8B8003A40C9 /* FeedbackManager.h */ = {isa = PBXFileReference; fileEncoding = 4; lastKnownFileType = sourcecode.c.h; path = FeedbackManager.h; sourceTree = "<group>"; };
		EC7940CE1A40A8B8003A40C9 /* FeedbackManager.m */ = {isa = PBXFileReference; fileEncoding = 4; lastKnownFileType = sourcecode.c.objc; path = FeedbackManager.m; sourceTree = "<group>"; };
/* End PBXFileReference section */

/* Begin PBXFrameworksBuildPhase section */
		6C69C096195B6F4E002A3F53 /* Frameworks */ = {
			isa = PBXFrameworksBuildPhase;
			buildActionMask = 2147483647;
			files = (
				6C0A91611A0D10EA006F2F87 /* libz.dylib in Frameworks */,
				6C0A915F1A0D10DD006F2F87 /* libc++.dylib in Frameworks */,
				6CCA04BF1A93CCC4000BBDE9 /* DataKit.framework in Frameworks */,
				6C0A915D1A0D10CF006F2F87 /* SystemConfiguration.framework in Frameworks */,
				6C0A91591A0D10B4006F2F87 /* CoreTelephony.framework in Frameworks */,
				6C0A91571A0D0FE0006F2F87 /* NewRelicAgent.framework in Frameworks */,
				1E1CC032CAC5713DD485F0E3 /* libPods.a in Frameworks */,
			);
			runOnlyForDeploymentPostprocessing = 0;
		};
		6C69C0AC195B6F4E002A3F53 /* Frameworks */ = {
			isa = PBXFrameworksBuildPhase;
			buildActionMask = 2147483647;
			files = (
			);
			runOnlyForDeploymentPostprocessing = 0;
		};
		6CCA04A41A93CCC4000BBDE9 /* Frameworks */ = {
			isa = PBXFrameworksBuildPhase;
			buildActionMask = 2147483647;
			files = (
			);
			runOnlyForDeploymentPostprocessing = 0;
		};
		6CCA04AF1A93CCC4000BBDE9 /* Frameworks */ = {
			isa = PBXFrameworksBuildPhase;
			buildActionMask = 2147483647;
			files = (
				6CCA04B31A93CCC4000BBDE9 /* DataKit.framework in Frameworks */,
			);
			runOnlyForDeploymentPostprocessing = 0;
		};
		6CE4BBCD1A1D609B005E9BCD /* Frameworks */ = {
			isa = PBXFrameworksBuildPhase;
			buildActionMask = 2147483647;
			files = (
				6CE4BBD31A1D609C005E9BCD /* WatchKit.framework in Frameworks */,
			);
			runOnlyForDeploymentPostprocessing = 0;
		};
/* End PBXFrameworksBuildPhase section */

/* Begin PBXGroup section */
		6C11D3681A521F520024AAAA /* bezierImages */ = {
			isa = PBXGroup;
			children = (
				6C11D3651A521F490024AAAA /* SettingsIcons.h */,
				6C11D3661A521F490024AAAA /* SettingsIcons.m */,
			);
			name = bezierImages;
			sourceTree = "<group>";
		};
		6C1C91B219FEF2A700447874 /* tutorial */ = {
			isa = PBXGroup;
			children = (
				6C1C91B319FEF2DF00447874 /* TutChildViewController.h */,
				6C1C91B419FEF2DF00447874 /* TutChildViewController.m */,
				6C1C91B619FEF2FF00447874 /* TutMasterViewController.h */,
				6C1C91B719FEF2FF00447874 /* TutMasterViewController.m */,
				6C02C88D1A616DBE00547584 /* TutContainerViewController.h */,
				6C02C88E1A616DBE00547584 /* TutContainerViewController.m */,
			);
			name = tutorial;
			sourceTree = "<group>";
		};
		6C69C090195B6F4E002A3F53 = {
			isa = PBXGroup;
			children = (
				6C69C09B195B6F4E002A3F53 /* trivit */,
				6C69C0B2195B6F4E002A3F53 /* trivitTests */,
				6CE4BBD41A1D609C005E9BCD /* trivit WatchKit Extension */,
				6CE4BBE61A1D609D005E9BCD /* trivit Watch App */,
				6CCA04A91A93CCC4000BBDE9 /* DataKit */,
				6CCA04B81A93CCC4000BBDE9 /* DataKitTests */,
				6CE4BBD11A1D609C005E9BCD /* Frameworks */,
				6C69C09A195B6F4E002A3F53 /* Products */,
				7917BB946B05BB8BB619F87F /* Pods */,
			);
			sourceTree = "<group>";
		};
		6C69C09A195B6F4E002A3F53 /* Products */ = {
			isa = PBXGroup;
			children = (
				6C69C099195B6F4E002A3F53 /* trivit.app */,
				6C69C0AF195B6F4E002A3F53 /* trivitTests.xctest */,
				6CE4BBD01A1D609B005E9BCD /* trivit WatchKit Extension.appex */,
				6CE4BBE21A1D609D005E9BCD /* trivit Watch App.app */,
				6CCA04A81A93CCC4000BBDE9 /* DataKit.framework */,
				6CCA04B21A93CCC4000BBDE9 /* DataKitTests.xctest */,
			);
			name = Products;
			sourceTree = "<group>";
		};
		6C69C09B195B6F4E002A3F53 /* trivit */ = {
			isa = PBXGroup;
			children = (
				6CF1A23F195B765600B83A6F /* Model */,
				6C1C91B219FEF2A700447874 /* tutorial */,
				6C8E3C231A01AE5E0001616E /* Cells: TableView */,
				6C92EC061A06D3E100D2A8DC /* Main */,
				6C8E3C211A01AE0B0001616E /* Settings view */,
				6C69C0A9195B6F4E002A3F53 /* Images.xcassets */,
				6C8E3C221A01AE2C0001616E /* AppDelegate */,
				6C69C09C195B6F4E002A3F53 /* Supporting Files */,
			);
			path = trivit;
			sourceTree = "<group>";
		};
		6C69C09C195B6F4E002A3F53 /* Supporting Files */ = {
			isa = PBXGroup;
			children = (
				6C5C4B9E1A61579400C87401 /* InfoPlist.strings */,
				6C5C4B981A61579300C87401 /* Localizable.strings */,
				6C69C09D195B6F4E002A3F53 /* Info.plist */,
				6C69C09E195B6F4E002A3F53 /* main.m */,
			);
			name = "Supporting Files";
			sourceTree = "<group>";
		};
		6C69C0B2195B6F4E002A3F53 /* trivitTests */ = {
			isa = PBXGroup;
			children = (
				6C69C0B5195B6F4E002A3F53 /* trivitTests.m */,
				6C69C0B3195B6F4E002A3F53 /* Supporting Files */,
			);
			path = trivitTests;
			sourceTree = "<group>";
		};
		6C69C0B3195B6F4E002A3F53 /* Supporting Files */ = {
			isa = PBXGroup;
			children = (
				6C92EC191A07629F00D2A8DC /* InfoPlist.strings */,
				6C69C0B4195B6F4E002A3F53 /* Info.plist */,
			);
			name = "Supporting Files";
			sourceTree = "<group>";
		};
		6C8E3C211A01AE0B0001616E /* Settings view */ = {
			isa = PBXGroup;
			children = (
				6C11D3681A521F520024AAAA /* bezierImages */,
				6C9025BD198458A500BB11FC /* SettingsViewController.h */,
				6C9025BE198458A500BB11FC /* SettingsViewController.m */,
				6C7CE6341A4F6889004EE27D /* SettingButtonCell.h */,
				6C7CE6351A4F6889004EE27D /* SettingButtonCell.m */,
				6C98EEAE1A4771A500E12E25 /* FeedbackViewController.h */,
				6C98EEAF1A4771A500E12E25 /* FeedbackViewController.m */,
			);
			name = "Settings view";
			sourceTree = "<group>";
		};
		6C8E3C221A01AE2C0001616E /* AppDelegate */ = {
			isa = PBXGroup;
			children = (
				6C69C0A0195B6F4E002A3F53 /* AppDelegate.h */,
				6C69C0A1195B6F4E002A3F53 /* AppDelegate.m */,
			);
			name = AppDelegate;
			sourceTree = "<group>";
		};
		6C8E3C231A01AE5E0001616E /* Cells: TableView */ = {
			isa = PBXGroup;
			children = (
				6C8FBB511978627F00C1D381 /* TrivitTableViewCell.h */,
				6C8FBB521978627F00C1D381 /* TrivitTableViewCell.m */,
				6C5742811A6C140700F2B72D /* cellBackground.h */,
				6C5742821A6C140700F2B72D /* cellBackground.m */,
			);
			name = "Cells: TableView";
			sourceTree = "<group>";
		};
		6C92EC061A06D3E100D2A8DC /* Main */ = {
			isa = PBXGroup;
			children = (
				6C69C0A6195B6F4E002A3F53 /* Main.storyboard */,
				6C8FBB4E1978610400C1D381 /* MainListViewController.h */,
				6C8FBB4F1978610400C1D381 /* MainListViewController.m */,
			);
			name = Main;
			sourceTree = "<group>";
		};
		6CCA04A91A93CCC4000BBDE9 /* DataKit */ = {
			isa = PBXGroup;
			children = (
				6CCA04AC1A93CCC4000BBDE9 /* DataKit.h */,
				6CCA04AA1A93CCC4000BBDE9 /* Supporting Files */,
				6CCA04C81A93CD44000BBDE9 /* DataAccess.h */,
				6CCA04C91A93CD44000BBDE9 /* DataAccess.m */,
			);
			path = DataKit;
			sourceTree = "<group>";
		};
		6CCA04AA1A93CCC4000BBDE9 /* Supporting Files */ = {
			isa = PBXGroup;
			children = (
				6CCA04AB1A93CCC4000BBDE9 /* Info.plist */,
			);
			name = "Supporting Files";
			sourceTree = "<group>";
		};
		6CCA04B81A93CCC4000BBDE9 /* DataKitTests */ = {
			isa = PBXGroup;
			children = (
				6CCA04BB1A93CCC4000BBDE9 /* DataKitTests.m */,
				6CCA04B91A93CCC4000BBDE9 /* Supporting Files */,
			);
			path = DataKitTests;
			sourceTree = "<group>";
		};
		6CCA04B91A93CCC4000BBDE9 /* Supporting Files */ = {
			isa = PBXGroup;
			children = (
				6CCA04BA1A93CCC4000BBDE9 /* Info.plist */,
			);
			name = "Supporting Files";
			sourceTree = "<group>";
		};
		6CE4BBD11A1D609C005E9BCD /* Frameworks */ = {
			isa = PBXGroup;
			children = (
				6C0A91601A0D10EA006F2F87 /* libz.dylib */,
				6C0A915E1A0D10DD006F2F87 /* libc++.dylib */,
				6C0A915C1A0D10CF006F2F87 /* SystemConfiguration.framework */,
				6C0A915A1A0D10BD006F2F87 /* UIKit.framework */,
				6C0A91581A0D10B4006F2F87 /* CoreTelephony.framework */,
				6C0A91561A0D0FE0006F2F87 /* NewRelicAgent.framework */,
				6CE4BBD21A1D609C005E9BCD /* WatchKit.framework */,
				4D6C2AF5C61A5B5B25CD7983 /* libPods.a */,
			);
			name = Frameworks;
			sourceTree = "<group>";
		};
		6CE4BBD41A1D609C005E9BCD /* trivit WatchKit Extension */ = {
			isa = PBXGroup;
			children = (
				6CE4BBD81A1D609C005E9BCD /* InterfaceController.h */,
				6CE4BBD91A1D609C005E9BCD /* InterfaceController.m */,
				6C727E401A840E4A001B9A4E /* DetailInterfaceController.h */,
				6C727E411A840E4A001B9A4E /* DetailInterfaceController.m */,
				6CE4BBDB1A1D609C005E9BCD /* NotificationController.h */,
				6CE4BBDC1A1D609C005E9BCD /* NotificationController.m */,
				6CE4BBDE1A1D609C005E9BCD /* Images.xcassets */,
				6C3980C91A1D759700B43888 /* WKTableVIewRowController.h */,
				6C3980CA1A1D759700B43888 /* WKTableVIewRowController.m */,
				6CE4BBD51A1D609C005E9BCD /* Supporting Files */,
			);
			path = "trivit WatchKit Extension";
			sourceTree = "<group>";
		};
		6CE4BBD51A1D609C005E9BCD /* Supporting Files */ = {
			isa = PBXGroup;
			children = (
				6C8263BB1A5F29AC002A9941 /* InfoPlist.strings */,
				6C8263B61A5F29AC002A9941 /* Localizable.strings */,
				6CE4BBD61A1D609C005E9BCD /* Info.plist */,
				6CE4BBD71A1D609C005E9BCD /* PushNotificationPayload.json */,
			);
			name = "Supporting Files";
			sourceTree = "<group>";
		};
		6CE4BBE61A1D609D005E9BCD /* trivit Watch App */ = {
			isa = PBXGroup;
			children = (
				6CE4BBE91A1D609D005E9BCD /* Interface.storyboard */,
				6CE4BBEB1A1D609D005E9BCD /* Images.xcassets */,
				6CE4BBE71A1D609D005E9BCD /* Supporting Files */,
			);
			path = "trivit Watch App";
			sourceTree = "<group>";
		};
		6CE4BBE71A1D609D005E9BCD /* Supporting Files */ = {
			isa = PBXGroup;
			children = (
				6C8263B11A5F29AC002A9941 /* InfoPlist.strings */,
				6CE4BBE81A1D609D005E9BCD /* Info.plist */,
			);
			name = "Supporting Files";
			sourceTree = "<group>";
		};
		6CF1A23F195B765600B83A6F /* Model */ = {
			isa = PBXGroup;
			children = (
				6CF1A23C195B762D00B83A6F /* Tally.h */,
				6CF1A23D195B762D00B83A6F /* Tally.m */,
				6CA449391980D8E00049F34D /* Colors.h */,
				6CA4493A1980D8E00049F34D /* Colors.m */,
				6C41254B1A435FB800C2D4CA /* TallyModel.h */,
				6C41254C1A435FB800C2D4CA /* TallyModel.m */,
				6C9025BA1984588300BB11FC /* Settings.h */,
				6C9025BB1984588300BB11FC /* Settings.m */,
				6C923EB3198C645D00833188 /* trivits.xcdatamodeld */,
				6C11D3591A5200670024AAAA /* Feedback.h */,
				6C11D35A1A5200670024AAAA /* Feedback.m */,
				6C11D3621A5200FD0024AAAA /* Feedback+Mapping.h */,
				6C11D3631A5200FD0024AAAA /* Feedback+Mapping.m */,
				EC7940CD1A40A8B8003A40C9 /* FeedbackManager.h */,
				EC7940CE1A40A8B8003A40C9 /* FeedbackManager.m */,
			);
			name = Model;
			sourceTree = "<group>";
		};
		7917BB946B05BB8BB619F87F /* Pods */ = {
			isa = PBXGroup;
			children = (
				C1E1D957F7A3337F9AB4C252 /* Pods.debug.xcconfig */,
				92B594CAFC2090EBDD9428A5 /* Pods.release.xcconfig */,
			);
			name = Pods;
			sourceTree = "<group>";
		};
/* End PBXGroup section */

/* Begin PBXHeadersBuildPhase section */
		6CCA04A51A93CCC4000BBDE9 /* Headers */ = {
			isa = PBXHeadersBuildPhase;
			buildActionMask = 2147483647;
			files = (
				6CCA04CA1A93CD44000BBDE9 /* DataAccess.h in Headers */,
				6CCA04AD1A93CCC4000BBDE9 /* DataKit.h in Headers */,
			);
			runOnlyForDeploymentPostprocessing = 0;
		};
/* End PBXHeadersBuildPhase section */

/* Begin PBXNativeTarget section */
		6C69C098195B6F4E002A3F53 /* trivit */ = {
			isa = PBXNativeTarget;
			buildConfigurationList = 6C69C0B9195B6F4E002A3F53 /* Build configuration list for PBXNativeTarget "trivit" */;
			buildPhases = (
				3CB2913BF429DC23D4A713D0 /* Check Pods Manifest.lock */,
				6C69C095195B6F4E002A3F53 /* Sources */,
				6C69C096195B6F4E002A3F53 /* Frameworks */,
				6C69C097195B6F4E002A3F53 /* Resources */,
				6C0A91631A0D193D006F2F87 /* ShellScript */,
				6CE4BBF61A1D609E005E9BCD /* Embed App Extensions */,
				60A83E13815D5585EFF94F48 /* Copy Pods Resources */,
				6CCA04C61A93CCC5000BBDE9 /* Embed Frameworks */,
			);
			buildRules = (
			);
			dependencies = (
				6CE4BBEE1A1D609D005E9BCD /* PBXTargetDependency */,
				6CCA04BE1A93CCC4000BBDE9 /* PBXTargetDependency */,
			);
			name = trivit;
			productName = trivit;
			productReference = 6C69C099195B6F4E002A3F53 /* trivit.app */;
			productType = "com.apple.product-type.application";
		};
		6C69C0AE195B6F4E002A3F53 /* trivitTests */ = {
			isa = PBXNativeTarget;
			buildConfigurationList = 6C69C0BC195B6F4E002A3F53 /* Build configuration list for PBXNativeTarget "trivitTests" */;
			buildPhases = (
				6C69C0AB195B6F4E002A3F53 /* Sources */,
				6C69C0AC195B6F4E002A3F53 /* Frameworks */,
				6C69C0AD195B6F4E002A3F53 /* Resources */,
			);
			buildRules = (
			);
			dependencies = (
				6C69C0B1195B6F4E002A3F53 /* PBXTargetDependency */,
			);
			name = trivitTests;
			productName = trivitTests;
			productReference = 6C69C0AF195B6F4E002A3F53 /* trivitTests.xctest */;
			productType = "com.apple.product-type.bundle.unit-test";
		};
		6CCA04A71A93CCC4000BBDE9 /* DataKit */ = {
			isa = PBXNativeTarget;
			buildConfigurationList = 6CCA04C51A93CCC5000BBDE9 /* Build configuration list for PBXNativeTarget "DataKit" */;
			buildPhases = (
				6CCA04A31A93CCC4000BBDE9 /* Sources */,
				6CCA04A41A93CCC4000BBDE9 /* Frameworks */,
				6CCA04A51A93CCC4000BBDE9 /* Headers */,
				6CCA04A61A93CCC4000BBDE9 /* Resources */,
			);
			buildRules = (
			);
			dependencies = (
			);
			name = DataKit;
			productName = DataKit;
			productReference = 6CCA04A81A93CCC4000BBDE9 /* DataKit.framework */;
			productType = "com.apple.product-type.framework";
		};
		6CCA04B11A93CCC4000BBDE9 /* DataKitTests */ = {
			isa = PBXNativeTarget;
			buildConfigurationList = 6CCA04C71A93CCC5000BBDE9 /* Build configuration list for PBXNativeTarget "DataKitTests" */;
			buildPhases = (
				6CCA04AE1A93CCC4000BBDE9 /* Sources */,
				6CCA04AF1A93CCC4000BBDE9 /* Frameworks */,
				6CCA04B01A93CCC4000BBDE9 /* Resources */,
			);
			buildRules = (
			);
			dependencies = (
				6CCA04B51A93CCC4000BBDE9 /* PBXTargetDependency */,
				6CCA04B71A93CCC4000BBDE9 /* PBXTargetDependency */,
			);
			name = DataKitTests;
			productName = DataKitTests;
			productReference = 6CCA04B21A93CCC4000BBDE9 /* DataKitTests.xctest */;
			productType = "com.apple.product-type.bundle.unit-test";
		};
		6CE4BBCF1A1D609B005E9BCD /* trivit WatchKit Extension */ = {
			isa = PBXNativeTarget;
			buildConfigurationList = 6CE4BBF31A1D609E005E9BCD /* Build configuration list for PBXNativeTarget "trivit WatchKit Extension" */;
			buildPhases = (
				6CE4BBCC1A1D609B005E9BCD /* Sources */,
				6CE4BBCD1A1D609B005E9BCD /* Frameworks */,
				6CE4BBCE1A1D609B005E9BCD /* Resources */,
			);
			buildRules = (
			);
			dependencies = (
				6CE4BBE51A1D609D005E9BCD /* PBXTargetDependency */,
			);
			name = "trivit WatchKit Extension";
			productName = "trivit WatchKit Extension";
			productReference = 6CE4BBD01A1D609B005E9BCD /* trivit WatchKit Extension.appex */;
			productType = "com.apple.product-type.watchkit-extension";
		};
		6CE4BBE11A1D609D005E9BCD /* trivit Watch App */ = {
			isa = PBXNativeTarget;
			buildConfigurationList = 6CE4BBF01A1D609E005E9BCD /* Build configuration list for PBXNativeTarget "trivit Watch App" */;
			buildPhases = (
				6CE4BBE01A1D609D005E9BCD /* Resources */,
			);
			buildRules = (
			);
			dependencies = (
			);
			name = "trivit Watch App";
			productName = "trivit Watch App";
			productReference = 6CE4BBE21A1D609D005E9BCD /* trivit Watch App.app */;
			productType = "com.apple.product-type.application.watchapp";
		};
/* End PBXNativeTarget section */

/* Begin PBXProject section */
		6C69C091195B6F4E002A3F53 /* Project object */ = {
			isa = PBXProject;
			attributes = {
				LastUpgradeCheck = 0600;
				ORGANIZATIONNAME = "Balloon Inc.";
				TargetAttributes = {
					6C69C098195B6F4E002A3F53 = {
						CreatedOnToolsVersion = 6.0;
						DevelopmentTeam = JRS568U6JT;
					};
					6C69C0AE195B6F4E002A3F53 = {
						CreatedOnToolsVersion = 6.0;
						DevelopmentTeam = FM9J48C757;
						TestTargetID = 6C69C098195B6F4E002A3F53;
					};
					6CCA04A71A93CCC4000BBDE9 = {
						CreatedOnToolsVersion = 6.2;
						DevelopmentTeam = JRS568U6JT;
					};
					6CCA04B11A93CCC4000BBDE9 = {
						CreatedOnToolsVersion = 6.2;
						DevelopmentTeam = JRS568U6JT;
						TestTargetID = 6C69C098195B6F4E002A3F53;
					};
					6CE4BBCF1A1D609B005E9BCD = {
						CreatedOnToolsVersion = 6.2;
						DevelopmentTeam = JRS568U6JT;
					};
					6CE4BBE11A1D609D005E9BCD = {
						CreatedOnToolsVersion = 6.2;
						DevelopmentTeam = JRS568U6JT;
					};
				};
			};
			buildConfigurationList = 6C69C094195B6F4E002A3F53 /* Build configuration list for PBXProject "trivit" */;
			compatibilityVersion = "Xcode 3.2";
			developmentRegion = English;
			hasScannedForEncodings = 0;
			knownRegions = (
				en,
				Base,
			);
			mainGroup = 6C69C090195B6F4E002A3F53;
			productRefGroup = 6C69C09A195B6F4E002A3F53 /* Products */;
			projectDirPath = "";
			projectRoot = "";
			targets = (
				6C69C098195B6F4E002A3F53 /* trivit */,
				6C69C0AE195B6F4E002A3F53 /* trivitTests */,
				6CE4BBCF1A1D609B005E9BCD /* trivit WatchKit Extension */,
				6CE4BBE11A1D609D005E9BCD /* trivit Watch App */,
				6CCA04A71A93CCC4000BBDE9 /* DataKit */,
				6CCA04B11A93CCC4000BBDE9 /* DataKitTests */,
			);
		};
/* End PBXProject section */

/* Begin PBXResourcesBuildPhase section */
		6C69C097195B6F4E002A3F53 /* Resources */ = {
			isa = PBXResourcesBuildPhase;
			buildActionMask = 2147483647;
			files = (
				6C69C0A8195B6F4E002A3F53 /* Main.storyboard in Resources */,
				6C5C4B9C1A61579400C87401 /* InfoPlist.strings in Resources */,
				6C5C4B961A61579300C87401 /* Localizable.strings in Resources */,
				6C69C0AA195B6F4E002A3F53 /* Images.xcassets in Resources */,
			);
			runOnlyForDeploymentPostprocessing = 0;
		};
		6C69C0AD195B6F4E002A3F53 /* Resources */ = {
			isa = PBXResourcesBuildPhase;
			buildActionMask = 2147483647;
			files = (
				6C92EC171A07629F00D2A8DC /* InfoPlist.strings in Resources */,
			);
			runOnlyForDeploymentPostprocessing = 0;
		};
		6CCA04A61A93CCC4000BBDE9 /* Resources */ = {
			isa = PBXResourcesBuildPhase;
			buildActionMask = 2147483647;
			files = (
			);
			runOnlyForDeploymentPostprocessing = 0;
		};
		6CCA04B01A93CCC4000BBDE9 /* Resources */ = {
			isa = PBXResourcesBuildPhase;
			buildActionMask = 2147483647;
			files = (
			);
			runOnlyForDeploymentPostprocessing = 0;
		};
		6CE4BBCE1A1D609B005E9BCD /* Resources */ = {
			isa = PBXResourcesBuildPhase;
			buildActionMask = 2147483647;
			files = (
				6CE4BBDF1A1D609C005E9BCD /* Images.xcassets in Resources */,
				6C8263B91A5F29AC002A9941 /* InfoPlist.strings in Resources */,
				6C8263B41A5F29AC002A9941 /* Localizable.strings in Resources */,
				6CE4BBE31A1D609D005E9BCD /* trivit Watch App.app in Resources */,
			);
			runOnlyForDeploymentPostprocessing = 0;
		};
		6CE4BBE01A1D609D005E9BCD /* Resources */ = {
			isa = PBXResourcesBuildPhase;
			buildActionMask = 2147483647;
			files = (
				6CE4BBEA1A1D609D005E9BCD /* Interface.storyboard in Resources */,
				6C8263AF1A5F29AC002A9941 /* InfoPlist.strings in Resources */,
				6CE4BBEC1A1D609D005E9BCD /* Images.xcassets in Resources */,
			);
			runOnlyForDeploymentPostprocessing = 0;
		};
/* End PBXResourcesBuildPhase section */

/* Begin PBXShellScriptBuildPhase section */
		3CB2913BF429DC23D4A713D0 /* Check Pods Manifest.lock */ = {
			isa = PBXShellScriptBuildPhase;
			buildActionMask = 2147483647;
			files = (
			);
			inputPaths = (
			);
			name = "Check Pods Manifest.lock";
			outputPaths = (
			);
			runOnlyForDeploymentPostprocessing = 0;
			shellPath = /bin/sh;
			shellScript = "diff \"${PODS_ROOT}/../Podfile.lock\" \"${PODS_ROOT}/Manifest.lock\" > /dev/null\nif [[ $? != 0 ]] ; then\n    cat << EOM\nerror: The sandbox is not in sync with the Podfile.lock. Run 'pod install' or update your CocoaPods installation.\nEOM\n    exit 1\nfi\n";
			showEnvVarsInLog = 0;
		};
		60A83E13815D5585EFF94F48 /* Copy Pods Resources */ = {
			isa = PBXShellScriptBuildPhase;
			buildActionMask = 2147483647;
			files = (
			);
			inputPaths = (
			);
			name = "Copy Pods Resources";
			outputPaths = (
			);
			runOnlyForDeploymentPostprocessing = 0;
			shellPath = /bin/sh;
			shellScript = "\"${SRCROOT}/Pods/Target Support Files/Pods/Pods-resources.sh\"\n";
			showEnvVarsInLog = 0;
		};
		6C0A91631A0D193D006F2F87 /* ShellScript */ = {
			isa = PBXShellScriptBuildPhase;
			buildActionMask = 2147483647;
			files = (
			);
			inputPaths = (
			);
			outputPaths = (
			);
			runOnlyForDeploymentPostprocessing = 0;
			shellPath = /bin/sh;
			shellScript = "SCRIPT=`/usr/bin/find \"${SRCROOT}\" -name newrelic_postbuild.sh | head -n 1`\n/bin/sh \"${SCRIPT}\" \"AA43b587cebdfd56414d8d452c9b4b034a0f7f300a\"";
		};
/* End PBXShellScriptBuildPhase section */

/* Begin PBXSourcesBuildPhase section */
		6C69C095195B6F4E002A3F53 /* Sources */ = {
			isa = PBXSourcesBuildPhase;
			buildActionMask = 2147483647;
			files = (
				EC7940CF1A40A8B8003A40C9 /* FeedbackManager.m in Sources */,
				6C1C91B519FEF2DF00447874 /* TutChildViewController.m in Sources */,
				6CF1A23E195B762D00B83A6F /* Tally.m in Sources */,
				6C11D3641A5200FD0024AAAA /* Feedback+Mapping.m in Sources */,
				6C923EB5198C645D00833188 /* trivits.xcdatamodeld in Sources */,
				6C8FBB501978610400C1D381 /* MainListViewController.m in Sources */,
				6C98EEB01A4771A500E12E25 /* FeedbackViewController.m in Sources */,
				6CA4493B1980D8E00049F34D /* Colors.m in Sources */,
				6C7CE6361A4F6889004EE27D /* SettingButtonCell.m in Sources */,
				6C11D35B1A5200670024AAAA /* Feedback.m in Sources */,
				6C9025BF198458A500BB11FC /* SettingsViewController.m in Sources */,
				6C69C0A2195B6F4E002A3F53 /* AppDelegate.m in Sources */,
				6C8FBB531978627F00C1D381 /* TrivitTableViewCell.m in Sources */,
				6C1C91B819FEF2FF00447874 /* TutMasterViewController.m in Sources */,
				6C69C09F195B6F4E002A3F53 /* main.m in Sources */,
				6C5742831A6C140700F2B72D /* cellBackground.m in Sources */,
				6C41254D1A435FB800C2D4CA /* TallyModel.m in Sources */,
				6C9025BC1984588300BB11FC /* Settings.m in Sources */,
				6C11D3671A521F490024AAAA /* SettingsIcons.m in Sources */,
				6C02C88F1A616DBE00547584 /* TutContainerViewController.m in Sources */,
			);
			runOnlyForDeploymentPostprocessing = 0;
		};
		6C69C0AB195B6F4E002A3F53 /* Sources */ = {
			isa = PBXSourcesBuildPhase;
			buildActionMask = 2147483647;
			files = (
				6C69C0B6195B6F4E002A3F53 /* trivitTests.m in Sources */,
			);
			runOnlyForDeploymentPostprocessing = 0;
		};
		6CCA04A31A93CCC4000BBDE9 /* Sources */ = {
			isa = PBXSourcesBuildPhase;
			buildActionMask = 2147483647;
			files = (
				6CCA04CB1A93CD44000BBDE9 /* DataAccess.m in Sources */,
			);
			runOnlyForDeploymentPostprocessing = 0;
		};
		6CCA04AE1A93CCC4000BBDE9 /* Sources */ = {
			isa = PBXSourcesBuildPhase;
			buildActionMask = 2147483647;
			files = (
				6CCA04BC1A93CCC4000BBDE9 /* DataKitTests.m in Sources */,
			);
			runOnlyForDeploymentPostprocessing = 0;
		};
		6CE4BBCC1A1D609B005E9BCD /* Sources */ = {
			isa = PBXSourcesBuildPhase;
			buildActionMask = 2147483647;
			files = (
				6C3980CB1A1D759700B43888 /* WKTableVIewRowController.m in Sources */,
				6CE4BBDD1A1D609C005E9BCD /* NotificationController.m in Sources */,
				6C727E421A840E4A001B9A4E /* DetailInterfaceController.m in Sources */,
				6CE4BBDA1A1D609C005E9BCD /* InterfaceController.m in Sources */,
			);
			runOnlyForDeploymentPostprocessing = 0;
		};
/* End PBXSourcesBuildPhase section */

/* Begin PBXTargetDependency section */
		6C69C0B1195B6F4E002A3F53 /* PBXTargetDependency */ = {
			isa = PBXTargetDependency;
			target = 6C69C098195B6F4E002A3F53 /* trivit */;
			targetProxy = 6C69C0B0195B6F4E002A3F53 /* PBXContainerItemProxy */;
		};
		6CCA04B51A93CCC4000BBDE9 /* PBXTargetDependency */ = {
			isa = PBXTargetDependency;
			target = 6CCA04A71A93CCC4000BBDE9 /* DataKit */;
			targetProxy = 6CCA04B41A93CCC4000BBDE9 /* PBXContainerItemProxy */;
		};
		6CCA04B71A93CCC4000BBDE9 /* PBXTargetDependency */ = {
			isa = PBXTargetDependency;
			target = 6C69C098195B6F4E002A3F53 /* trivit */;
			targetProxy = 6CCA04B61A93CCC4000BBDE9 /* PBXContainerItemProxy */;
		};
		6CCA04BE1A93CCC4000BBDE9 /* PBXTargetDependency */ = {
			isa = PBXTargetDependency;
			target = 6CCA04A71A93CCC4000BBDE9 /* DataKit */;
			targetProxy = 6CCA04BD1A93CCC4000BBDE9 /* PBXContainerItemProxy */;
		};
		6CE4BBE51A1D609D005E9BCD /* PBXTargetDependency */ = {
			isa = PBXTargetDependency;
			target = 6CE4BBE11A1D609D005E9BCD /* trivit Watch App */;
			targetProxy = 6CE4BBE41A1D609D005E9BCD /* PBXContainerItemProxy */;
		};
		6CE4BBEE1A1D609D005E9BCD /* PBXTargetDependency */ = {
			isa = PBXTargetDependency;
			target = 6CE4BBCF1A1D609B005E9BCD /* trivit WatchKit Extension */;
			targetProxy = 6CE4BBED1A1D609D005E9BCD /* PBXContainerItemProxy */;
		};
/* End PBXTargetDependency section */

/* Begin PBXVariantGroup section */
		6C5C4B981A61579300C87401 /* Localizable.strings */ = {
			isa = PBXVariantGroup;
			children = (
				6C5C4B971A61579300C87401 /* ru */,
				6C5C4B9F1A61579F00C87401 /* nl */,
				6C5C4BA51A61605000C87401 /* Base */,
				6C0B1A5E1A9D03BD00C49D77 /* fr */,
				6C0B1A621A9D03DA00C49D77 /* ja */,
				6C0B1A661A9D03ED00C49D77 /* zh-CN */,
			);
			name = Localizable.strings;
			sourceTree = "<group>";
		};
		6C5C4B9E1A61579400C87401 /* InfoPlist.strings */ = {
			isa = PBXVariantGroup;
			children = (
				6C5C4B9D1A61579400C87401 /* ru */,
				6C5C4BA11A61579F00C87401 /* nl */,
				6C5C4BA61A61605700C87401 /* Base */,
				6C0B1A5F1A9D03BD00C49D77 /* fr */,
				6C0B1A631A9D03DA00C49D77 /* ja */,
				6C0B1A671A9D03ED00C49D77 /* zh-CN */,
			);
			name = InfoPlist.strings;
			sourceTree = "<group>";
		};
		6C69C0A6195B6F4E002A3F53 /* Main.storyboard */ = {
			isa = PBXVariantGroup;
			children = (
				6C69C0A7195B6F4E002A3F53 /* Base */,
				6C5C4B991A61579300C87401 /* ru */,
				6C5C4BA01A61579F00C87401 /* nl */,
				6C0B1A601A9D03BD00C49D77 /* fr */,
				6C0B1A641A9D03DA00C49D77 /* ja */,
				6C0B1A681A9D03EE00C49D77 /* zh-CN */,
			);
			name = Main.storyboard;
			sourceTree = "<group>";
		};
		6C8263B11A5F29AC002A9941 /* InfoPlist.strings */ = {
			isa = PBXVariantGroup;
			children = (
				6C8263B01A5F29AC002A9941 /* nl */,
				6C8263BC1A5F29B8002A9941 /* en */,
				6CCA7B941A60244000115A74 /* fr */,
				6CCA7B981A60244C00115A74 /* zh-CN */,
				6C4171A71A60813300CBC0CD /* ru */,
			);
			name = InfoPlist.strings;
			sourceTree = "<group>";
		};
		6C8263B61A5F29AC002A9941 /* Localizable.strings */ = {
			isa = PBXVariantGroup;
			children = (
				6C8263B51A5F29AC002A9941 /* nl */,
				6C8263BD1A5F29B8002A9941 /* en */,
				6CCA7B961A60244000115A74 /* fr */,
				6CCA7B9B1A60244C00115A74 /* zh-CN */,
				6C4171A91A60813300CBC0CD /* ru */,
			);
			name = Localizable.strings;
			sourceTree = "<group>";
		};
		6C8263BB1A5F29AC002A9941 /* InfoPlist.strings */ = {
			isa = PBXVariantGroup;
			children = (
				6C8263BA1A5F29AC002A9941 /* nl */,
				6C8263BE1A5F29B8002A9941 /* en */,
				6CCA7B951A60244000115A74 /* fr */,
				6CCA7B991A60244C00115A74 /* zh-CN */,
				6C4171A81A60813300CBC0CD /* ru */,
			);
			name = InfoPlist.strings;
			sourceTree = "<group>";
		};
		6C92EC191A07629F00D2A8DC /* InfoPlist.strings */ = {
			isa = PBXVariantGroup;
			children = (
				6C92EC231A09A50600D2A8DC /* nl */,
				6C89B0D51A0ABD7F00CCE22C /* ru */,
				6C8263BF1A5F29B8002A9941 /* en */,
				6C0B1A611A9D03BD00C49D77 /* fr */,
				6C0B1A651A9D03DA00C49D77 /* ja */,
				6C0B1A691A9D03EE00C49D77 /* zh-CN */,
			);
			name = InfoPlist.strings;
			sourceTree = "<group>";
		};
/* End PBXVariantGroup section */

/* Begin XCBuildConfiguration section */
		6C69C0B7195B6F4E002A3F53 /* Debug */ = {
			isa = XCBuildConfiguration;
			buildSettings = {
				ALWAYS_SEARCH_USER_PATHS = NO;
				CLANG_CXX_LANGUAGE_STANDARD = "gnu++0x";
				CLANG_CXX_LIBRARY = "libc++";
				CLANG_ENABLE_MODULES = YES;
				CLANG_ENABLE_OBJC_ARC = YES;
				CLANG_WARN_BOOL_CONVERSION = YES;
				CLANG_WARN_CONSTANT_CONVERSION = YES;
				CLANG_WARN_DIRECT_OBJC_ISA_USAGE = YES_ERROR;
				CLANG_WARN_EMPTY_BODY = YES;
				CLANG_WARN_ENUM_CONVERSION = YES;
				CLANG_WARN_INT_CONVERSION = YES;
				CLANG_WARN_OBJC_ROOT_CLASS = YES_ERROR;
				CLANG_WARN_UNREACHABLE_CODE = YES;
				CLANG_WARN__DUPLICATE_METHOD_MATCH = YES;
				"CODE_SIGN_IDENTITY[sdk=iphoneos*]" = "iPhone Developer";
				COPY_PHASE_STRIP = NO;
				ENABLE_STRICT_OBJC_MSGSEND = YES;
				GCC_C_LANGUAGE_STANDARD = gnu99;
				GCC_DYNAMIC_NO_PIC = NO;
				GCC_OPTIMIZATION_LEVEL = 0;
				GCC_PREPROCESSOR_DEFINITIONS = (
					"DEBUG=1",
					"$(inherited)",
				);
				GCC_SYMBOLS_PRIVATE_EXTERN = NO;
				GCC_WARN_64_TO_32_BIT_CONVERSION = YES;
				GCC_WARN_ABOUT_RETURN_TYPE = YES_ERROR;
				GCC_WARN_UNDECLARED_SELECTOR = YES;
				GCC_WARN_UNINITIALIZED_AUTOS = YES_AGGRESSIVE;
				GCC_WARN_UNUSED_FUNCTION = YES;
				GCC_WARN_UNUSED_VARIABLE = YES;
				IPHONEOS_DEPLOYMENT_TARGET = 8.0;
				METAL_ENABLE_DEBUG_INFO = YES;
				ONLY_ACTIVE_ARCH = YES;
				SDKROOT = iphoneos;
			};
			name = Debug;
		};
		6C69C0B8195B6F4E002A3F53 /* Release */ = {
			isa = XCBuildConfiguration;
			buildSettings = {
				ALWAYS_SEARCH_USER_PATHS = NO;
				CLANG_CXX_LANGUAGE_STANDARD = "gnu++0x";
				CLANG_CXX_LIBRARY = "libc++";
				CLANG_ENABLE_MODULES = YES;
				CLANG_ENABLE_OBJC_ARC = YES;
				CLANG_WARN_BOOL_CONVERSION = YES;
				CLANG_WARN_CONSTANT_CONVERSION = YES;
				CLANG_WARN_DIRECT_OBJC_ISA_USAGE = YES_ERROR;
				CLANG_WARN_EMPTY_BODY = YES;
				CLANG_WARN_ENUM_CONVERSION = YES;
				CLANG_WARN_INT_CONVERSION = YES;
				CLANG_WARN_OBJC_ROOT_CLASS = YES_ERROR;
				CLANG_WARN_UNREACHABLE_CODE = YES;
				CLANG_WARN__DUPLICATE_METHOD_MATCH = YES;
				"CODE_SIGN_IDENTITY[sdk=iphoneos*]" = "iPhone Developer";
				COPY_PHASE_STRIP = YES;
				ENABLE_NS_ASSERTIONS = NO;
				ENABLE_STRICT_OBJC_MSGSEND = YES;
				GCC_C_LANGUAGE_STANDARD = gnu99;
				GCC_WARN_64_TO_32_BIT_CONVERSION = YES;
				GCC_WARN_ABOUT_RETURN_TYPE = YES_ERROR;
				GCC_WARN_UNDECLARED_SELECTOR = YES;
				GCC_WARN_UNINITIALIZED_AUTOS = YES_AGGRESSIVE;
				GCC_WARN_UNUSED_FUNCTION = YES;
				GCC_WARN_UNUSED_VARIABLE = YES;
				IPHONEOS_DEPLOYMENT_TARGET = 8.0;
				METAL_ENABLE_DEBUG_INFO = NO;
				SDKROOT = iphoneos;
				VALIDATE_PRODUCT = YES;
			};
			name = Release;
		};
		6C69C0BA195B6F4E002A3F53 /* Debug */ = {
			isa = XCBuildConfiguration;
			baseConfigurationReference = C1E1D957F7A3337F9AB4C252 /* Pods.debug.xcconfig */;
			buildSettings = {
				ASSETCATALOG_COMPILER_APPICON_NAME = AppIcon;
				ASSETCATALOG_COMPILER_LAUNCHIMAGE_NAME = LaunchImage;
				CODE_SIGN_IDENTITY = "iPhone Developer";
				"CODE_SIGN_IDENTITY[sdk=iphoneos*]" = "iPhone Developer";
				FRAMEWORK_SEARCH_PATHS = (
					"$(inherited)",
					"$(PROJECT_DIR)/trivit",
				);
				GCC_PREFIX_HEADER = "";
				GCC_WARN_UNUSED_LABEL = YES;
				GCC_WARN_UNUSED_PARAMETER = NO;
				HEADER_SEARCH_PATHS = (
					"\"${PODS_ROOT}/Headers/Public\"",
					"\"${PODS_ROOT}/Headers/Public/AFNetworking\"",
					"\"${PODS_ROOT}/Headers/Public/RestKit\"",
					"\"${PODS_ROOT}/Headers/Public/RestKit/RestKit\"",
					"\"${PODS_ROOT}/Headers/Public/RestKit/RestKit/CoreData\"",
					"\"${PODS_ROOT}/Headers/Public/RestKit/RestKit/Network\"",
					"\"${PODS_ROOT}/Headers/Public/RestKit/RestKit/ObjectMapping\"",
					"\"${PODS_ROOT}/Headers/Public/RestKit/RestKit/Support\"",
					"\"${PODS_ROOT}/Headers/Public/SOCKit\"",
					"\"${PODS_ROOT}/Headers/Public/TransitionKit\"",
					"\"$(BUILT_PRODUCTS_DIR)/../../Headers\"",
				);
				INFOPLIST_FILE = trivit/Info.plist;
				IPHONEOS_DEPLOYMENT_TARGET = 8.2;
				LD_RUNPATH_SEARCH_PATHS = "$(inherited) @executable_path/Frameworks";
				PRODUCT_NAME = "$(TARGET_NAME)";
				PROVISIONING_PROFILE = "";
				TARGETED_DEVICE_FAMILY = 1;
			};
			name = Debug;
		};
		6C69C0BB195B6F4E002A3F53 /* Release */ = {
			isa = XCBuildConfiguration;
			baseConfigurationReference = 92B594CAFC2090EBDD9428A5 /* Pods.release.xcconfig */;
			buildSettings = {
				ASSETCATALOG_COMPILER_APPICON_NAME = AppIcon;
				ASSETCATALOG_COMPILER_LAUNCHIMAGE_NAME = LaunchImage;
				CODE_SIGN_IDENTITY = "iPhone Developer";
				"CODE_SIGN_IDENTITY[sdk=iphoneos*]" = "iPhone Developer";
				FRAMEWORK_SEARCH_PATHS = (
					"$(inherited)",
					"$(PROJECT_DIR)/trivit",
				);
				GCC_PREFIX_HEADER = "";
				GCC_WARN_UNUSED_LABEL = YES;
				GCC_WARN_UNUSED_PARAMETER = NO;
				HEADER_SEARCH_PATHS = (
					"\"${PODS_ROOT}/Headers/Public\"",
					"\"${PODS_ROOT}/Headers/Public/AFNetworking\"",
					"\"${PODS_ROOT}/Headers/Public/RestKit\"",
					"\"${PODS_ROOT}/Headers/Public/RestKit/RestKit\"",
					"\"${PODS_ROOT}/Headers/Public/RestKit/RestKit/CoreData\"",
					"\"${PODS_ROOT}/Headers/Public/RestKit/RestKit/Network\"",
					"\"${PODS_ROOT}/Headers/Public/RestKit/RestKit/ObjectMapping\"",
					"\"${PODS_ROOT}/Headers/Public/RestKit/RestKit/Support\"",
					"\"${PODS_ROOT}/Headers/Public/SOCKit\"",
					"\"${PODS_ROOT}/Headers/Public/TransitionKit\"",
					"\"$(BUILT_PRODUCTS_DIR)/../../Headers\"",
				);
				INFOPLIST_FILE = trivit/Info.plist;
				IPHONEOS_DEPLOYMENT_TARGET = 8.2;
				LD_RUNPATH_SEARCH_PATHS = "$(inherited) @executable_path/Frameworks";
				PRODUCT_NAME = "$(TARGET_NAME)";
				PROVISIONING_PROFILE = "";
				TARGETED_DEVICE_FAMILY = 1;
			};
			name = Release;
		};
		6C69C0BD195B6F4E002A3F53 /* Debug */ = {
			isa = XCBuildConfiguration;
			buildSettings = {
				BUNDLE_LOADER = "$(BUILT_PRODUCTS_DIR)/trivit.app/trivit";
				FRAMEWORK_SEARCH_PATHS = (
					"$(SDKROOT)/Developer/Library/Frameworks",
					"$(inherited)",
				);
				GCC_PREPROCESSOR_DEFINITIONS = (
					"DEBUG=1",
					"$(inherited)",
				);
				INFOPLIST_FILE = trivitTests/Info.plist;
				LD_RUNPATH_SEARCH_PATHS = "$(inherited) @executable_path/Frameworks @loader_path/Frameworks";
				METAL_ENABLE_DEBUG_INFO = YES;
				PRODUCT_NAME = "$(TARGET_NAME)";
				TEST_HOST = "$(BUNDLE_LOADER)";
			};
			name = Debug;
		};
		6C69C0BE195B6F4E002A3F53 /* Release */ = {
			isa = XCBuildConfiguration;
			buildSettings = {
				BUNDLE_LOADER = "$(BUILT_PRODUCTS_DIR)/trivit.app/trivit";
				FRAMEWORK_SEARCH_PATHS = (
					"$(SDKROOT)/Developer/Library/Frameworks",
					"$(inherited)",
				);
				INFOPLIST_FILE = trivitTests/Info.plist;
				LD_RUNPATH_SEARCH_PATHS = "$(inherited) @executable_path/Frameworks @loader_path/Frameworks";
				METAL_ENABLE_DEBUG_INFO = NO;
				PRODUCT_NAME = "$(TARGET_NAME)";
				TEST_HOST = "$(BUNDLE_LOADER)";
			};
			name = Release;
		};
		6CCA04C11A93CCC5000BBDE9 /* Debug */ = {
			isa = XCBuildConfiguration;
			buildSettings = {
				CODE_SIGN_IDENTITY = "iPhone Developer";
				"CODE_SIGN_IDENTITY[sdk=iphoneos*]" = "iPhone Developer";
				CURRENT_PROJECT_VERSION = 1;
				DEFINES_MODULE = YES;
				DYLIB_COMPATIBILITY_VERSION = 1;
				DYLIB_CURRENT_VERSION = 1;
				DYLIB_INSTALL_NAME_BASE = "@rpath";
				GCC_PREPROCESSOR_DEFINITIONS = (
					"DEBUG=1",
					"$(inherited)",
				);
				INFOPLIST_FILE = DataKit/Info.plist;
				INSTALL_PATH = "$(LOCAL_LIBRARY_DIR)/Frameworks";
				IPHONEOS_DEPLOYMENT_TARGET = 8.2;
				LD_RUNPATH_SEARCH_PATHS = "$(inherited) @executable_path/Frameworks @loader_path/Frameworks";
				MTL_ENABLE_DEBUG_INFO = YES;
				PRODUCT_NAME = "$(TARGET_NAME)";
				SKIP_INSTALL = YES;
				TARGETED_DEVICE_FAMILY = "1,2";
				VERSIONING_SYSTEM = "apple-generic";
				VERSION_INFO_PREFIX = "";
			};
			name = Debug;
		};
		6CCA04C21A93CCC5000BBDE9 /* Release */ = {
			isa = XCBuildConfiguration;
			buildSettings = {
				CODE_SIGN_IDENTITY = "iPhone Developer";
				"CODE_SIGN_IDENTITY[sdk=iphoneos*]" = "iPhone Developer";
				COPY_PHASE_STRIP = NO;
				CURRENT_PROJECT_VERSION = 1;
				DEFINES_MODULE = YES;
				DYLIB_COMPATIBILITY_VERSION = 1;
				DYLIB_CURRENT_VERSION = 1;
				DYLIB_INSTALL_NAME_BASE = "@rpath";
				INFOPLIST_FILE = DataKit/Info.plist;
				INSTALL_PATH = "$(LOCAL_LIBRARY_DIR)/Frameworks";
				IPHONEOS_DEPLOYMENT_TARGET = 8.2;
				LD_RUNPATH_SEARCH_PATHS = "$(inherited) @executable_path/Frameworks @loader_path/Frameworks";
				MTL_ENABLE_DEBUG_INFO = NO;
				PRODUCT_NAME = "$(TARGET_NAME)";
				SKIP_INSTALL = YES;
				TARGETED_DEVICE_FAMILY = "1,2";
				VERSIONING_SYSTEM = "apple-generic";
				VERSION_INFO_PREFIX = "";
			};
			name = Release;
		};
		6CCA04C31A93CCC5000BBDE9 /* Debug */ = {
			isa = XCBuildConfiguration;
			buildSettings = {
				FRAMEWORK_SEARCH_PATHS = (
					"$(SDKROOT)/Developer/Library/Frameworks",
					"$(inherited)",
				);
				GCC_PREPROCESSOR_DEFINITIONS = (
					"DEBUG=1",
					"$(inherited)",
				);
				INFOPLIST_FILE = DataKitTests/Info.plist;
				IPHONEOS_DEPLOYMENT_TARGET = 8.2;
				LD_RUNPATH_SEARCH_PATHS = "$(inherited) @executable_path/Frameworks @loader_path/Frameworks";
				MTL_ENABLE_DEBUG_INFO = YES;
				PRODUCT_NAME = "$(TARGET_NAME)";
				TEST_HOST = "$(BUILT_PRODUCTS_DIR)/trivit.app/trivit";
			};
			name = Debug;
		};
		6CCA04C41A93CCC5000BBDE9 /* Release */ = {
			isa = XCBuildConfiguration;
			buildSettings = {
				COPY_PHASE_STRIP = NO;
				FRAMEWORK_SEARCH_PATHS = (
					"$(SDKROOT)/Developer/Library/Frameworks",
					"$(inherited)",
				);
				INFOPLIST_FILE = DataKitTests/Info.plist;
				IPHONEOS_DEPLOYMENT_TARGET = 8.2;
				LD_RUNPATH_SEARCH_PATHS = "$(inherited) @executable_path/Frameworks @loader_path/Frameworks";
				MTL_ENABLE_DEBUG_INFO = NO;
				PRODUCT_NAME = "$(TARGET_NAME)";
				TEST_HOST = "$(BUILT_PRODUCTS_DIR)/trivit.app/trivit";
			};
			name = Release;
		};
		6CE4BBF11A1D609E005E9BCD /* Debug */ = {
			isa = XCBuildConfiguration;
			buildSettings = {
				ASSETCATALOG_COMPILER_APPICON_NAME = AppIcon;
				ASSETCATALOG_COMPILER_LAUNCHIMAGE_NAME = LaunchImage;
				GCC_PREPROCESSOR_DEFINITIONS = (
					"DEBUG=1",
					"$(inherited)",
				);
				IBSC_MODULE = trivit_WatchKit_Extension;
				INFOPLIST_FILE = "trivit Watch App/Info.plist";
				IPHONEOS_DEPLOYMENT_TARGET = 8.2;
				MTL_ENABLE_DEBUG_INFO = YES;
				PRODUCT_NAME = "$(TARGET_NAME)";
				SKIP_INSTALL = YES;
				TARGETED_DEVICE_FAMILY = 4;
				"TARGETED_DEVICE_FAMILY[sdk=iphonesimulator*]" = "1,4";
			};
			name = Debug;
		};
		6CE4BBF21A1D609E005E9BCD /* Release */ = {
			isa = XCBuildConfiguration;
			buildSettings = {
				ASSETCATALOG_COMPILER_APPICON_NAME = AppIcon;
				ASSETCATALOG_COMPILER_LAUNCHIMAGE_NAME = LaunchImage;
				IBSC_MODULE = trivit_WatchKit_Extension;
				INFOPLIST_FILE = "trivit Watch App/Info.plist";
				IPHONEOS_DEPLOYMENT_TARGET = 8.2;
				MTL_ENABLE_DEBUG_INFO = NO;
				PRODUCT_NAME = "$(TARGET_NAME)";
				SKIP_INSTALL = YES;
				TARGETED_DEVICE_FAMILY = 4;
				"TARGETED_DEVICE_FAMILY[sdk=iphonesimulator*]" = "1,4";
			};
			name = Release;
		};
		6CE4BBF41A1D609E005E9BCD /* Debug */ = {
			isa = XCBuildConfiguration;
			buildSettings = {
				CODE_SIGN_IDENTITY = "iPhone Developer";
				"CODE_SIGN_IDENTITY[sdk=iphoneos*]" = "iPhone Developer";
				GCC_PREPROCESSOR_DEFINITIONS = (
					"DEBUG=1",
					"$(inherited)",
				);
				INFOPLIST_FILE = "trivit WatchKit Extension/Info.plist";
				IPHONEOS_DEPLOYMENT_TARGET = 8.2;
				LD_RUNPATH_SEARCH_PATHS = "$(inherited) @executable_path/Frameworks @executable_path/../../Frameworks";
				MTL_ENABLE_DEBUG_INFO = YES;
				PRODUCT_NAME = "${TARGET_NAME}";
				SKIP_INSTALL = YES;
			};
			name = Debug;
		};
		6CE4BBF51A1D609E005E9BCD /* Release */ = {
			isa = XCBuildConfiguration;
			buildSettings = {
				CODE_SIGN_IDENTITY = "iPhone Developer";
				"CODE_SIGN_IDENTITY[sdk=iphoneos*]" = "iPhone Developer";
				INFOPLIST_FILE = "trivit WatchKit Extension/Info.plist";
				IPHONEOS_DEPLOYMENT_TARGET = 8.2;
				LD_RUNPATH_SEARCH_PATHS = "$(inherited) @executable_path/Frameworks @executable_path/../../Frameworks";
				MTL_ENABLE_DEBUG_INFO = NO;
				PRODUCT_NAME = "${TARGET_NAME}";
				SKIP_INSTALL = YES;
			};
			name = Release;
		};
/* End XCBuildConfiguration section */

/* Begin XCConfigurationList section */
		6C69C094195B6F4E002A3F53 /* Build configuration list for PBXProject "trivit" */ = {
			isa = XCConfigurationList;
			buildConfigurations = (
				6C69C0B7195B6F4E002A3F53 /* Debug */,
				6C69C0B8195B6F4E002A3F53 /* Release */,
			);
			defaultConfigurationIsVisible = 0;
			defaultConfigurationName = Release;
		};
		6C69C0B9195B6F4E002A3F53 /* Build configuration list for PBXNativeTarget "trivit" */ = {
			isa = XCConfigurationList;
			buildConfigurations = (
				6C69C0BA195B6F4E002A3F53 /* Debug */,
				6C69C0BB195B6F4E002A3F53 /* Release */,
			);
			defaultConfigurationIsVisible = 0;
			defaultConfigurationName = Release;
		};
		6C69C0BC195B6F4E002A3F53 /* Build configuration list for PBXNativeTarget "trivitTests" */ = {
			isa = XCConfigurationList;
			buildConfigurations = (
				6C69C0BD195B6F4E002A3F53 /* Debug */,
				6C69C0BE195B6F4E002A3F53 /* Release */,
			);
			defaultConfigurationIsVisible = 0;
			defaultConfigurationName = Release;
		};
		6CCA04C51A93CCC5000BBDE9 /* Build configuration list for PBXNativeTarget "DataKit" */ = {
			isa = XCConfigurationList;
			buildConfigurations = (
				6CCA04C11A93CCC5000BBDE9 /* Debug */,
				6CCA04C21A93CCC5000BBDE9 /* Release */,
			);
			defaultConfigurationIsVisible = 0;
			defaultConfigurationName = Release;
		};
		6CCA04C71A93CCC5000BBDE9 /* Build configuration list for PBXNativeTarget "DataKitTests" */ = {
			isa = XCConfigurationList;
			buildConfigurations = (
				6CCA04C31A93CCC5000BBDE9 /* Debug */,
				6CCA04C41A93CCC5000BBDE9 /* Release */,
			);
			defaultConfigurationIsVisible = 0;
			defaultConfigurationName = Release;
		};
		6CE4BBF01A1D609E005E9BCD /* Build configuration list for PBXNativeTarget "trivit Watch App" */ = {
			isa = XCConfigurationList;
			buildConfigurations = (
				6CE4BBF11A1D609E005E9BCD /* Debug */,
				6CE4BBF21A1D609E005E9BCD /* Release */,
			);
			defaultConfigurationIsVisible = 0;
			defaultConfigurationName = Release;
		};
		6CE4BBF31A1D609E005E9BCD /* Build configuration list for PBXNativeTarget "trivit WatchKit Extension" */ = {
			isa = XCConfigurationList;
			buildConfigurations = (
				6CE4BBF41A1D609E005E9BCD /* Debug */,
				6CE4BBF51A1D609E005E9BCD /* Release */,
			);
			defaultConfigurationIsVisible = 0;
			defaultConfigurationName = Release;
		};
/* End XCConfigurationList section */

/* Begin XCVersionGroup section */
		6C923EB3198C645D00833188 /* trivits.xcdatamodeld */ = {
			isa = XCVersionGroup;
			children = (
				6C923EB4198C645D00833188 /* trivits.xcdatamodel */,
			);
			currentVersion = 6C923EB4198C645D00833188 /* trivits.xcdatamodel */;
			path = trivits.xcdatamodeld;
			sourceTree = "<group>";
			versionGroupType = wrapper.xcdatamodel;
		};
/* End XCVersionGroup section */
	};
	rootObject = 6C69C091195B6F4E002A3F53 /* Project object */;
}
